PODS:
  - AFNetworking (2.5.0):
    - AFNetworking/NSURLConnection (= 2.5.0)
    - AFNetworking/NSURLSession (= 2.5.0)
    - AFNetworking/Reachability (= 2.5.0)
    - AFNetworking/Security (= 2.5.0)
    - AFNetworking/Serialization (= 2.5.0)
    - AFNetworking/UIKit (= 2.5.0)
  - AFNetworking/NSURLConnection (2.5.0):
    - AFNetworking/Reachability
    - AFNetworking/Security
    - AFNetworking/Serialization
  - AFNetworking/NSURLSession (2.5.0):
    - AFNetworking/Reachability
    - AFNetworking/Security
    - AFNetworking/Serialization
  - AFNetworking/Reachability (2.5.0)
  - AFNetworking/Security (2.5.0)
  - AFNetworking/Serialization (2.5.0)
  - AFNetworking/UIKit (2.5.0):
    - AFNetworking/NSURLConnection
    - AFNetworking/NSURLSession
  - HexColors (2.2.1)
  - libPhoneNumber-iOS (0.7.5)
  - OBFileTransfer (0.5.4):
    - OBLogger
  - OBLogger (0.2.0)
  - RBBAnimation (0.3.0)
  - SDCAlertView (2.1):
    - RBBAnimation (~> 0.3)
    - SDCAutoLayout (~> 2.0)
  - SDCAutoLayout (2.0.2)
  - UIAlertView+Blocks (0.8.1)

DEPENDENCIES:
  - AFNetworking
  - HexColors
  - libPhoneNumber-iOS (~> 0.7)
  - OBFileTransfer
  - OBLogger (= 0.2.0)
  - SDCAlertView
  - SDCAutoLayout
  - UIAlertView+Blocks

SPEC CHECKSUMS:
  AFNetworking: 0f54cb5d16ce38c1b76948faffb8d5fb705021c7
  HexColors: 01384d2bbe8dc4ffa43c3b4135db6e976952d153
  libPhoneNumber-iOS: 16b9556d7fdf4819eabeb7b7356fea3373fa47f9
  OBFileTransfer: 5a10c5b85144f5186ccc4d2f73caa7bf3c7310f1
  OBLogger: 04f68b73a619f4444d5f7d7c7ff9bc3f05c619ae
  RBBAnimation: 243d73be1a526f1b51d266b182e4aa0cfe9cbf64
  SDCAlertView: a363910a3e851dc1863ee87e20f7762d6164a488
  SDCAutoLayout: 4a963629725ed2b7d665e789ca4d6cfcd7446822
  UIAlertView+Blocks: 0b749f1f7bd5131ff2233b30a406c1585a7171b2

COCOAPODS: 0.35.0
