<?xml version="1.0" encoding="UTF-8"?>
<!DOCTYPE plist PUBLIC "-//Apple//DTD PLIST 1.0//EN" "http://www.apple.com/DTDs/PropertyList-1.0.dtd">
<plist version="1.0">
<dict>
	<key>archiveVersion</key>
	<string>1</string>
	<key>classes</key>
	<dict/>
	<key>objectVersion</key>
	<string>46</string>
	<key>objects</key>
	<dict>
		<key>074DBFEFF2D176488120A3DB</key>
		<dict>
			<key>includeInIndex</key>
			<string>1</string>
			<key>isa</key>
			<string>PBXFileReference</string>
			<key>lastKnownFileType</key>
			<string>text.xcconfig</string>
			<key>name</key>
			<string>Pods.release.xcconfig</string>
			<key>path</key>
			<string>Pods/Target Support Files/Pods/Pods.release.xcconfig</string>
			<key>sourceTree</key>
			<string>&lt;group&gt;</string>
		</dict>
		<key>220207C8198878650013CE3B</key>
		<dict>
			<key>fileEncoding</key>
			<string>4</string>
			<key>isa</key>
			<string>PBXFileReference</string>
			<key>lastKnownFileType</key>
			<string>sourcecode.c.h</string>
			<key>path</key>
			<string>TBMRemoteStorageHandler.h</string>
			<key>sourceTree</key>
			<string>&lt;group&gt;</string>
		</dict>
		<key>220207C9198878650013CE3B</key>
		<dict>
			<key>fileEncoding</key>
			<string>4</string>
			<key>isa</key>
			<string>PBXFileReference</string>
			<key>lastKnownFileType</key>
			<string>sourcecode.c.objc</string>
			<key>path</key>
			<string>TBMRemoteStorageHandler.m</string>
			<key>sourceTree</key>
			<string>&lt;group&gt;</string>
		</dict>
		<key>220207CA198878650013CE3B</key>
		<dict>
			<key>fileRef</key>
			<string>220207C9198878650013CE3B</string>
			<key>isa</key>
			<string>PBXBuildFile</string>
		</dict>
		<key>2208E8A31A14195500150C35</key>
		<dict>
			<key>fileEncoding</key>
			<string>4</string>
			<key>isa</key>
			<string>PBXFileReference</string>
			<key>lastKnownFileType</key>
			<string>sourcecode.c.h</string>
			<key>path</key>
			<string>TBMContactsManager.h</string>
			<key>sourceTree</key>
			<string>&lt;group&gt;</string>
		</dict>
		<key>2208E8A41A14195500150C35</key>
		<dict>
			<key>fileEncoding</key>
			<string>4</string>
			<key>isa</key>
			<string>PBXFileReference</string>
			<key>lastKnownFileType</key>
			<string>sourcecode.c.objc</string>
			<key>path</key>
			<string>TBMContactsManager.m</string>
			<key>sourceTree</key>
			<string>&lt;group&gt;</string>
		</dict>
		<key>2208E8A51A14195500150C35</key>
		<dict>
			<key>fileRef</key>
			<string>2208E8A41A14195500150C35</string>
			<key>isa</key>
			<string>PBXBuildFile</string>
		</dict>
		<key>2208E8A61A1419D400150C35</key>
		<dict>
			<key>isa</key>
			<string>PBXFileReference</string>
			<key>lastKnownFileType</key>
			<string>wrapper.framework</string>
			<key>name</key>
			<string>AddressBook.framework</string>
			<key>path</key>
			<string>System/Library/Frameworks/AddressBook.framework</string>
			<key>sourceTree</key>
			<string>SDKROOT</string>
		</dict>
		<key>2208E8A71A1419D400150C35</key>
		<dict>
			<key>isa</key>
			<string>PBXFileReference</string>
			<key>lastKnownFileType</key>
			<string>wrapper.framework</string>
			<key>name</key>
			<string>AddressBookUI.framework</string>
			<key>path</key>
			<string>System/Library/Frameworks/AddressBookUI.framework</string>
			<key>sourceTree</key>
			<string>SDKROOT</string>
		</dict>
		<key>2208E8A81A1419D400150C35</key>
		<dict>
			<key>fileRef</key>
			<string>2208E8A61A1419D400150C35</string>
			<key>isa</key>
			<string>PBXBuildFile</string>
		</dict>
		<key>2208E8A91A1419D400150C35</key>
		<dict>
			<key>fileRef</key>
			<string>2208E8A71A1419D400150C35</string>
			<key>isa</key>
			<string>PBXBuildFile</string>
		</dict>
		<key>22093F19192590CE0021EB0C</key>
		<dict>
			<key>fileEncoding</key>
			<string>4</string>
			<key>isa</key>
			<string>PBXFileReference</string>
			<key>lastKnownFileType</key>
			<string>sourcecode.c.h</string>
			<key>path</key>
			<string>TBMSoundEffect.h</string>
			<key>sourceTree</key>
			<string>&lt;group&gt;</string>
		</dict>
		<key>22093F1A192590CE0021EB0C</key>
		<dict>
			<key>fileEncoding</key>
			<string>4</string>
			<key>isa</key>
			<string>PBXFileReference</string>
			<key>lastKnownFileType</key>
			<string>sourcecode.c.objc</string>
			<key>path</key>
			<string>TBMSoundEffect.m</string>
			<key>sourceTree</key>
			<string>&lt;group&gt;</string>
		</dict>
		<key>22093F1B192590CE0021EB0C</key>
		<dict>
			<key>fileRef</key>
			<string>22093F1A192590CE0021EB0C</string>
			<key>isa</key>
			<string>PBXBuildFile</string>
		</dict>
		<key>220DC03D1A3A61CC006A3F90</key>
		<dict>
			<key>fileEncoding</key>
			<string>4</string>
			<key>isa</key>
			<string>PBXFileReference</string>
			<key>lastKnownFileType</key>
			<string>sourcecode.c.h</string>
			<key>path</key>
			<string>TBMGridViewController.h</string>
			<key>sourceTree</key>
			<string>&lt;group&gt;</string>
		</dict>
		<key>220DC03E1A3A61CC006A3F90</key>
		<dict>
			<key>fileEncoding</key>
			<string>4</string>
			<key>isa</key>
			<string>PBXFileReference</string>
			<key>lastKnownFileType</key>
			<string>sourcecode.c.objc</string>
			<key>path</key>
			<string>TBMGridViewController.m</string>
			<key>sourceTree</key>
			<string>&lt;group&gt;</string>
		</dict>
		<key>220DC03F1A3A61CC006A3F90</key>
		<dict>
			<key>fileRef</key>
			<string>220DC03E1A3A61CC006A3F90</string>
			<key>isa</key>
			<string>PBXBuildFile</string>
		</dict>
		<key>220E901C1909A18B003C4F82</key>
		<dict>
			<key>children</key>
			<array>
				<string>220E90301909A18B003C4F82</string>
				<string>220E904D1909A18C003C4F82</string>
				<string>220E90271909A18B003C4F82</string>
				<string>220E90261909A18B003C4F82</string>
				<string>984D6697D8F62FFA194F39A2</string>
			</array>
			<key>isa</key>
			<string>PBXGroup</string>
			<key>sourceTree</key>
			<string>&lt;group&gt;</string>
		</dict>
		<key>220E901D1909A18B003C4F82</key>
		<dict>
			<key>attributes</key>
			<dict>
				<key>CLASSPREFIX</key>
				<string>TBM</string>
				<key>LastUpgradeCheck</key>
				<string>0510</string>
				<key>ORGANIZATIONNAME</key>
				<string>No Plan B</string>
				<key>TargetAttributes</key>
				<dict>
					<key>220E90241909A18B003C4F82</key>
					<dict>
						<key>DevelopmentTeam</key>
						<string>DYQN26F8U9</string>
						<key>SystemCapabilities</key>
						<dict>
							<key>com.apple.BackgroundModes</key>
							<dict>
								<key>enabled</key>
								<string>1</string>
							</dict>
							<key>com.apple.InAppPurchase</key>
							<dict>
								<key>enabled</key>
								<string>1</string>
							</dict>
						</dict>
					</dict>
					<key>220E90441909A18B003C4F82</key>
					<dict>
						<key>TestTargetID</key>
						<string>220E90241909A18B003C4F82</string>
					</dict>
				</dict>
			</dict>
			<key>buildConfigurationList</key>
			<string>220E90201909A18B003C4F82</string>
			<key>compatibilityVersion</key>
			<string>Xcode 3.2</string>
			<key>developmentRegion</key>
			<string>English</string>
			<key>hasScannedForEncodings</key>
			<string>0</string>
			<key>isa</key>
			<string>PBXProject</string>
			<key>knownRegions</key>
			<array>
				<string>en</string>
			</array>
			<key>mainGroup</key>
			<string>220E901C1909A18B003C4F82</string>
			<key>productRefGroup</key>
			<string>220E90261909A18B003C4F82</string>
			<key>projectDirPath</key>
			<string></string>
			<key>projectReferences</key>
			<array/>
			<key>projectRoot</key>
			<string></string>
			<key>targets</key>
			<array>
				<string>220E90241909A18B003C4F82</string>
				<string>220E90441909A18B003C4F82</string>
			</array>
		</dict>
		<key>220E90201909A18B003C4F82</key>
		<dict>
			<key>buildConfigurations</key>
			<array>
				<string>220E90551909A18C003C4F82</string>
				<string>220E90561909A18C003C4F82</string>
			</array>
			<key>defaultConfigurationIsVisible</key>
			<string>0</string>
			<key>defaultConfigurationName</key>
			<string>Release</string>
			<key>isa</key>
			<string>XCConfigurationList</string>
		</dict>
		<key>220E90211909A18B003C4F82</key>
		<dict>
			<key>buildActionMask</key>
			<string>2147483647</string>
			<key>files</key>
			<array>
				<string>2266439B190AD932006C9072</string>
				<string>2261417719A52CFB006FB870</string>
				<string>22249586190B52E4008EF394</string>
				<string>227F6CF61A15313700E19E5C</string>
				<string>22A76A7D19A2600C00D8C4FF</string>
				<string>220207CA198878650013CE3B</string>
				<string>22ED400B1A08707E003D6536</string>
				<string>220DC03F1A3A61CC006A3F90</string>
				<string>227155611A40902B00B437DA</string>
				<string>220E903B1909A18B003C4F82</string>
				<string>2287DB4B1922BB5D00B1C298</string>
				<string>224101D2190D40B1005128F9</string>
				<string>220E90611909C3D4003C4F82</string>
				<string>22A76A7A19A2600C00D8C4FF</string>
				<string>222724331917F2F500DA6865</string>
				<string>223A11491915AED900177481</string>
				<string>22A094E71A16C6B4009AB958</string>
				<string>220E903E1909A18B003C4F82</string>
				<string>22CC5E5F1A1AD9A900AAFB75</string>
				<string>2208E8A51A14195500150C35</string>
				<string>22093F1B192590CE0021EB0C</string>
				<string>22BF060519D4A5FC00F6E025</string>
				<string>22F1A4C419354AC500E04229</string>
				<string>221EA2911912E86300649BC5</string>
				<string>226A37C11A37E08900A2D0F5</string>
				<string>2287DB511923141A00B1C298</string>
				<string>22ED40081A0850F5003D6536</string>
				<string>22A8F5081A09608800F7AD0E</string>
				<string>22EA56C119106AD100646D3E</string>
				<string>224101D7190D5171005128F9</string>
				<string>22DACC7B1A1D015700B2F750</string>
				<string>2261417A19A54D16006FB870</string>
				<string>22A8F50B1A099C7600F7AD0E</string>
				<string>220E90371909A18B003C4F82</string>
				<string>22EA56BE191068B700646D3E</string>
				<string>223D927B1A1EE0F2002F1E14</string>
				<string>226643A7190B13E2006C9072</string>
				<string>22FE2A011A09C0460051FC9C</string>
				<string>22500B8819993FDC008E9EA4</string>
				<string>223A11461915926800177481</string>
				<string>22A375C41930E09E00C355EB</string>
			</array>
			<key>isa</key>
			<string>PBXSourcesBuildPhase</string>
			<key>runOnlyForDeploymentPostprocessing</key>
			<string>0</string>
		</dict>
		<key>220E90221909A18B003C4F82</key>
		<dict>
			<key>buildActionMask</key>
			<string>2147483647</string>
			<key>files</key>
			<array>
				<string>2208E8A81A1419D400150C35</string>
				<string>2208E8A91A1419D400150C35</string>
				<string>22403C2B19D5E63400FC36E3</string>
				<string>224101D4190D4180005128F9</string>
				<string>22F32AFC19228F3300AB524E</string>
				<string>220E902B1909A18B003C4F82</string>
				<string>220E902F1909A18B003C4F82</string>
				<string>220E902D1909A18B003C4F82</string>
				<string>220E90291909A18B003C4F82</string>
				<string>E20D3F30A3404563A3BEC783</string>
			</array>
			<key>isa</key>
			<string>PBXFrameworksBuildPhase</string>
			<key>runOnlyForDeploymentPostprocessing</key>
			<string>0</string>
		</dict>
		<key>220E90231909A18B003C4F82</key>
		<dict>
			<key>buildActionMask</key>
			<string>2147483647</string>
			<key>files</key>
			<array>
				<string>226914DF19AFCD42007497F1</string>
				<string>226914EB19AFCD42007497F1</string>
				<string>226914ED19AFCD42007497F1</string>
				<string>220E90351909A18B003C4F82</string>
				<string>226914DD19AFCD42007497F1</string>
				<string>226914D719AFCD42007497F1</string>
				<string>226914EE19AFCD42007497F1</string>
				<string>226914E319AFCD42007497F1</string>
				<string>226914DE19AFCD42007497F1</string>
				<string>226914E119AFCD42007497F1</string>
				<string>22EA56BB19103E4B00646D3E</string>
				<string>226914DC19AFCD42007497F1</string>
				<string>226914DB19AFCD42007497F1</string>
				<string>226914D619AFCD42007497F1</string>
				<string>226914E219AFCD42007497F1</string>
				<string>226914D419AFCD42007497F1</string>
				<string>226914E819AFCD42007497F1</string>
				<string>226914D519AFCD42007497F1</string>
				<string>226914E019AFCD42007497F1</string>
				<string>22EA56B619103A3F00646D3E</string>
				<string>226914D919AFCD42007497F1</string>
				<string>226914EC19AFCD42007497F1</string>
				<string>226914E719AFCD42007497F1</string>
				<string>226914EA19AFCD42007497F1</string>
				<string>226914E519AFCD42007497F1</string>
				<string>220E90401909A18B003C4F82</string>
				<string>226914DA19AFCD42007497F1</string>
				<string>2227243519182A1000DA6865</string>
				<string>226914D819AFCD42007497F1</string>
				<string>226914E619AFCD42007497F1</string>
				<string>226914D319AFCD42007497F1</string>
				<string>226914E419AFCD42007497F1</string>
				<string>226914E919AFCD42007497F1</string>
				<string>220E905E1909A1A9003C4F82</string>
			</array>
			<key>isa</key>
			<string>PBXResourcesBuildPhase</string>
			<key>runOnlyForDeploymentPostprocessing</key>
			<string>0</string>
		</dict>
		<key>220E90241909A18B003C4F82</key>
		<dict>
			<key>buildConfigurationList</key>
			<string>220E90571909A18C003C4F82</string>
			<key>buildPhases</key>
			<array>
				<string>90DCA26FC9A448EB9C5E5879</string>
				<string>220E90211909A18B003C4F82</string>
				<string>220E90221909A18B003C4F82</string>
				<string>220E90231909A18B003C4F82</string>
				<string>F150BE2BD20343D6AD66EF07</string>
			</array>
			<key>buildRules</key>
			<array/>
			<key>dependencies</key>
			<array/>
			<key>isa</key>
			<string>PBXNativeTarget</string>
			<key>name</key>
			<string>tbm</string>
			<key>productName</key>
			<string>tbm</string>
			<key>productReference</key>
			<string>220E90251909A18B003C4F82</string>
			<key>productType</key>
			<string>com.apple.product-type.application</string>
		</dict>
		<key>220E90251909A18B003C4F82</key>
		<dict>
			<key>explicitFileType</key>
			<string>wrapper.application</string>
			<key>includeInIndex</key>
			<string>0</string>
			<key>isa</key>
			<string>PBXFileReference</string>
			<key>path</key>
			<string>tbm.app</string>
			<key>sourceTree</key>
			<string>BUILT_PRODUCTS_DIR</string>
		</dict>
		<key>220E90261909A18B003C4F82</key>
		<dict>
			<key>children</key>
			<array>
				<string>220E90251909A18B003C4F82</string>
				<string>220E90451909A18B003C4F82</string>
			</array>
			<key>isa</key>
			<string>PBXGroup</string>
			<key>name</key>
			<string>Products</string>
			<key>sourceTree</key>
			<string>&lt;group&gt;</string>
		</dict>
		<key>220E90271909A18B003C4F82</key>
		<dict>
			<key>children</key>
			<array>
				<string>2208E8A61A1419D400150C35</string>
				<string>2208E8A71A1419D400150C35</string>
				<string>22403C2A19D5E63400FC36E3</string>
				<string>22F32AFB19228F3300AB524E</string>
				<string>224101D3190D4180005128F9</string>
				<string>220E90281909A18B003C4F82</string>
				<string>220E902A1909A18B003C4F82</string>
				<string>220E902C1909A18B003C4F82</string>
				<string>220E902E1909A18B003C4F82</string>
				<string>220E90461909A18B003C4F82</string>
				<string>98B109B594AF439180A6DFAF</string>
			</array>
			<key>isa</key>
			<string>PBXGroup</string>
			<key>name</key>
			<string>Frameworks</string>
			<key>sourceTree</key>
			<string>&lt;group&gt;</string>
		</dict>
		<key>220E90281909A18B003C4F82</key>
		<dict>
			<key>isa</key>
			<string>PBXFileReference</string>
			<key>lastKnownFileType</key>
			<string>wrapper.framework</string>
			<key>name</key>
			<string>Foundation.framework</string>
			<key>path</key>
			<string>System/Library/Frameworks/Foundation.framework</string>
			<key>sourceTree</key>
			<string>SDKROOT</string>
		</dict>
		<key>220E90291909A18B003C4F82</key>
		<dict>
			<key>fileRef</key>
			<string>220E90281909A18B003C4F82</string>
			<key>isa</key>
			<string>PBXBuildFile</string>
		</dict>
		<key>220E902A1909A18B003C4F82</key>
		<dict>
			<key>isa</key>
			<string>PBXFileReference</string>
			<key>lastKnownFileType</key>
			<string>wrapper.framework</string>
			<key>name</key>
			<string>CoreGraphics.framework</string>
			<key>path</key>
			<string>System/Library/Frameworks/CoreGraphics.framework</string>
			<key>sourceTree</key>
			<string>SDKROOT</string>
		</dict>
		<key>220E902B1909A18B003C4F82</key>
		<dict>
			<key>fileRef</key>
			<string>220E902A1909A18B003C4F82</string>
			<key>isa</key>
			<string>PBXBuildFile</string>
		</dict>
		<key>220E902C1909A18B003C4F82</key>
		<dict>
			<key>isa</key>
			<string>PBXFileReference</string>
			<key>lastKnownFileType</key>
			<string>wrapper.framework</string>
			<key>name</key>
			<string>UIKit.framework</string>
			<key>path</key>
			<string>System/Library/Frameworks/UIKit.framework</string>
			<key>sourceTree</key>
			<string>SDKROOT</string>
		</dict>
		<key>220E902D1909A18B003C4F82</key>
		<dict>
			<key>fileRef</key>
			<string>220E902C1909A18B003C4F82</string>
			<key>isa</key>
			<string>PBXBuildFile</string>
		</dict>
		<key>220E902E1909A18B003C4F82</key>
		<dict>
			<key>isa</key>
			<string>PBXFileReference</string>
			<key>lastKnownFileType</key>
			<string>wrapper.framework</string>
			<key>name</key>
			<string>CoreData.framework</string>
			<key>path</key>
			<string>System/Library/Frameworks/CoreData.framework</string>
			<key>sourceTree</key>
			<string>SDKROOT</string>
		</dict>
		<key>220E902F1909A18B003C4F82</key>
		<dict>
			<key>fileRef</key>
			<string>220E902E1909A18B003C4F82</string>
			<key>isa</key>
			<string>PBXBuildFile</string>
		</dict>
		<key>220E90301909A18B003C4F82</key>
		<dict>
			<key>children</key>
			<array>
				<string>226914EF19AFCD92007497F1</string>
				<string>2227243619182A2D00DA6865</string>
				<string>22EA56B419103A2B00646D3E</string>
				<string>227155621A40919900B437DA</string>
				<string>226A37C31A37E10900A2D0F5</string>
				<string>226A37C21A37E0D100A2D0F5</string>
				<string>226A37C41A37E18A00A2D0F5</string>
				<string>22664395190AD8C8006C9072</string>
				<string>220E905D1909A1A9003C4F82</string>
				<string>220E903F1909A18B003C4F82</string>
				<string>220E903C1909A18B003C4F82</string>
				<string>220E90311909A18B003C4F82</string>
				<string>22249584190B52E4008EF394</string>
				<string>22249585190B52E4008EF394</string>
				<string>224101D0190D40B1005128F9</string>
				<string>224101D1190D40B1005128F9</string>
				<string>224101D5190D5171005128F9</string>
				<string>224101D6190D5171005128F9</string>
				<string>22EA56BC191068B700646D3E</string>
				<string>22EA56BD191068B700646D3E</string>
				<string>22EA56BF19106AD100646D3E</string>
				<string>22EA56C019106AD100646D3E</string>
				<string>223A11441915926800177481</string>
				<string>223A11451915926800177481</string>
				<string>2287DB4F1923141A00B1C298</string>
				<string>2287DB501923141A00B1C298</string>
				<string>220207C8198878650013CE3B</string>
				<string>220207C9198878650013CE3B</string>
				<string>2261417519A52CFB006FB870</string>
				<string>2261417619A52CFB006FB870</string>
				<string>22A8F5061A09608800F7AD0E</string>
				<string>22A8F5071A09608800F7AD0E</string>
				<string>22FE29FF1A09C0460051FC9C</string>
				<string>22FE2A001A09C0460051FC9C</string>
				<string>2208E8A31A14195500150C35</string>
				<string>2208E8A41A14195500150C35</string>
				<string>22A094E51A16C6B4009AB958</string>
				<string>22A094E61A16C6B4009AB958</string>
				<string>22CC5E5D1A1AD9A900AAFB75</string>
				<string>22CC5E5E1A1AD9A900AAFB75</string>
				<string>22DACC791A1D015700B2F750</string>
				<string>22DACC7A1A1D015700B2F750</string>
				<string>223D92791A1EE0F2002F1E14</string>
				<string>223D927A1A1EE0F2002F1E14</string>
			</array>
			<key>isa</key>
			<string>PBXGroup</string>
			<key>path</key>
			<string>tbm</string>
			<key>sourceTree</key>
			<string>&lt;group&gt;</string>
		</dict>
		<key>220E90311909A18B003C4F82</key>
		<dict>
			<key>children</key>
			<array>
				<string>220E90321909A18B003C4F82</string>
				<string>220E90331909A18B003C4F82</string>
				<string>220E90361909A18B003C4F82</string>
				<string>220E90381909A18B003C4F82</string>
			</array>
			<key>isa</key>
			<string>PBXGroup</string>
			<key>name</key>
			<string>Supporting Files</string>
			<key>sourceTree</key>
			<string>&lt;group&gt;</string>
		</dict>
		<key>220E90321909A18B003C4F82</key>
		<dict>
			<key>isa</key>
			<string>PBXFileReference</string>
			<key>lastKnownFileType</key>
			<string>text.plist.xml</string>
			<key>path</key>
			<string>tbm-Info.plist</string>
			<key>sourceTree</key>
			<string>&lt;group&gt;</string>
		</dict>
		<key>220E90331909A18B003C4F82</key>
		<dict>
			<key>children</key>
			<array>
				<string>220E90341909A18B003C4F82</string>
			</array>
			<key>isa</key>
			<string>PBXVariantGroup</string>
			<key>name</key>
			<string>InfoPlist.strings</string>
			<key>sourceTree</key>
			<string>&lt;group&gt;</string>
		</dict>
		<key>220E90341909A18B003C4F82</key>
		<dict>
			<key>isa</key>
			<string>PBXFileReference</string>
			<key>lastKnownFileType</key>
			<string>text.plist.strings</string>
			<key>name</key>
			<string>en</string>
			<key>path</key>
			<string>en.lproj/InfoPlist.strings</string>
			<key>sourceTree</key>
			<string>&lt;group&gt;</string>
		</dict>
		<key>220E90351909A18B003C4F82</key>
		<dict>
			<key>fileRef</key>
			<string>220E90331909A18B003C4F82</string>
			<key>isa</key>
			<string>PBXBuildFile</string>
		</dict>
		<key>220E90361909A18B003C4F82</key>
		<dict>
			<key>isa</key>
			<string>PBXFileReference</string>
			<key>lastKnownFileType</key>
			<string>sourcecode.c.objc</string>
			<key>path</key>
			<string>main.m</string>
			<key>sourceTree</key>
			<string>&lt;group&gt;</string>
		</dict>
		<key>220E90371909A18B003C4F82</key>
		<dict>
			<key>fileRef</key>
			<string>220E90361909A18B003C4F82</string>
			<key>isa</key>
			<string>PBXBuildFile</string>
		</dict>
		<key>220E90381909A18B003C4F82</key>
		<dict>
			<key>isa</key>
			<string>PBXFileReference</string>
			<key>lastKnownFileType</key>
			<string>sourcecode.c.h</string>
			<key>lineEnding</key>
			<string>0</string>
			<key>path</key>
			<string>tbm-Prefix.pch</string>
			<key>sourceTree</key>
			<string>&lt;group&gt;</string>
			<key>xcLanguageSpecificationIdentifier</key>
			<string>xcode.lang.objc</string>
		</dict>
		<key>220E90391909A18B003C4F82</key>
		<dict>
			<key>isa</key>
			<string>PBXFileReference</string>
			<key>lastKnownFileType</key>
			<string>sourcecode.c.h</string>
			<key>path</key>
			<string>TBMAppDelegate.h</string>
			<key>sourceTree</key>
			<string>&lt;group&gt;</string>
		</dict>
		<key>220E903A1909A18B003C4F82</key>
		<dict>
			<key>isa</key>
			<string>PBXFileReference</string>
			<key>lastKnownFileType</key>
			<string>sourcecode.c.objc</string>
			<key>lineEnding</key>
			<string>0</string>
			<key>path</key>
			<string>TBMAppDelegate.m</string>
			<key>sourceTree</key>
			<string>&lt;group&gt;</string>
			<key>xcLanguageSpecificationIdentifier</key>
			<string>xcode.lang.objc</string>
		</dict>
		<key>220E903B1909A18B003C4F82</key>
		<dict>
			<key>fileRef</key>
			<string>220E903A1909A18B003C4F82</string>
			<key>isa</key>
			<string>PBXBuildFile</string>
		</dict>
		<key>220E903C1909A18B003C4F82</key>
		<dict>
			<key>children</key>
			<array>
				<string>220E903D1909A18B003C4F82</string>
			</array>
			<key>currentVersion</key>
			<string>220E903D1909A18B003C4F82</string>
			<key>isa</key>
			<string>XCVersionGroup</string>
			<key>path</key>
			<string>tbm.xcdatamodeld</string>
			<key>sourceTree</key>
			<string>&lt;group&gt;</string>
			<key>versionGroupType</key>
			<string>wrapper.xcdatamodel</string>
		</dict>
		<key>220E903D1909A18B003C4F82</key>
		<dict>
			<key>isa</key>
			<string>PBXFileReference</string>
			<key>lastKnownFileType</key>
			<string>wrapper.xcdatamodel</string>
			<key>path</key>
			<string>tbm.xcdatamodel</string>
			<key>sourceTree</key>
			<string>&lt;group&gt;</string>
		</dict>
		<key>220E903E1909A18B003C4F82</key>
		<dict>
			<key>fileRef</key>
			<string>220E903C1909A18B003C4F82</string>
			<key>isa</key>
			<string>PBXBuildFile</string>
		</dict>
		<key>220E903F1909A18B003C4F82</key>
		<dict>
			<key>isa</key>
			<string>PBXFileReference</string>
			<key>lastKnownFileType</key>
			<string>folder.assetcatalog</string>
			<key>path</key>
			<string>Images.xcassets</string>
			<key>sourceTree</key>
			<string>&lt;group&gt;</string>
		</dict>
		<key>220E90401909A18B003C4F82</key>
		<dict>
			<key>fileRef</key>
			<string>220E903F1909A18B003C4F82</string>
			<key>isa</key>
			<string>PBXBuildFile</string>
		</dict>
		<key>220E90411909A18B003C4F82</key>
		<dict>
			<key>buildActionMask</key>
			<string>2147483647</string>
			<key>files</key>
			<array>
				<string>220E90541909A18C003C4F82</string>
			</array>
			<key>isa</key>
			<string>PBXSourcesBuildPhase</string>
			<key>runOnlyForDeploymentPostprocessing</key>
			<string>0</string>
		</dict>
		<key>220E90421909A18B003C4F82</key>
		<dict>
			<key>buildActionMask</key>
			<string>2147483647</string>
			<key>files</key>
			<array>
				<string>220E90471909A18B003C4F82</string>
				<string>220E904A1909A18C003C4F82</string>
				<string>220E90491909A18C003C4F82</string>
				<string>220E90481909A18C003C4F82</string>
			</array>
			<key>isa</key>
			<string>PBXFrameworksBuildPhase</string>
			<key>runOnlyForDeploymentPostprocessing</key>
			<string>0</string>
		</dict>
		<key>220E90431909A18B003C4F82</key>
		<dict>
			<key>buildActionMask</key>
			<string>2147483647</string>
			<key>files</key>
			<array>
				<string>220E90521909A18C003C4F82</string>
			</array>
			<key>isa</key>
			<string>PBXResourcesBuildPhase</string>
			<key>runOnlyForDeploymentPostprocessing</key>
			<string>0</string>
		</dict>
		<key>220E90441909A18B003C4F82</key>
		<dict>
			<key>buildConfigurationList</key>
			<string>220E905A1909A18C003C4F82</string>
			<key>buildPhases</key>
			<array>
				<string>220E90411909A18B003C4F82</string>
				<string>220E90421909A18B003C4F82</string>
				<string>220E90431909A18B003C4F82</string>
			</array>
			<key>buildRules</key>
			<array/>
			<key>dependencies</key>
			<array>
				<string>220E904C1909A18C003C4F82</string>
			</array>
			<key>isa</key>
			<string>PBXNativeTarget</string>
			<key>name</key>
			<string>tbmTests</string>
			<key>productName</key>
			<string>tbmTests</string>
			<key>productReference</key>
			<string>220E90451909A18B003C4F82</string>
			<key>productType</key>
			<string>com.apple.product-type.bundle.unit-test</string>
		</dict>
		<key>220E90451909A18B003C4F82</key>
		<dict>
			<key>explicitFileType</key>
			<string>wrapper.cfbundle</string>
			<key>includeInIndex</key>
			<string>0</string>
			<key>isa</key>
			<string>PBXFileReference</string>
			<key>path</key>
			<string>tbmTests.xctest</string>
			<key>sourceTree</key>
			<string>BUILT_PRODUCTS_DIR</string>
		</dict>
		<key>220E90461909A18B003C4F82</key>
		<dict>
			<key>isa</key>
			<string>PBXFileReference</string>
			<key>lastKnownFileType</key>
			<string>wrapper.framework</string>
			<key>name</key>
			<string>XCTest.framework</string>
			<key>path</key>
			<string>Library/Frameworks/XCTest.framework</string>
			<key>sourceTree</key>
			<string>DEVELOPER_DIR</string>
		</dict>
		<key>220E90471909A18B003C4F82</key>
		<dict>
			<key>fileRef</key>
			<string>220E90461909A18B003C4F82</string>
			<key>isa</key>
			<string>PBXBuildFile</string>
		</dict>
		<key>220E90481909A18C003C4F82</key>
		<dict>
			<key>fileRef</key>
			<string>220E90281909A18B003C4F82</string>
			<key>isa</key>
			<string>PBXBuildFile</string>
		</dict>
		<key>220E90491909A18C003C4F82</key>
		<dict>
			<key>fileRef</key>
			<string>220E902C1909A18B003C4F82</string>
			<key>isa</key>
			<string>PBXBuildFile</string>
		</dict>
		<key>220E904A1909A18C003C4F82</key>
		<dict>
			<key>fileRef</key>
			<string>220E902E1909A18B003C4F82</string>
			<key>isa</key>
			<string>PBXBuildFile</string>
		</dict>
		<key>220E904B1909A18C003C4F82</key>
		<dict>
			<key>containerPortal</key>
			<string>220E901D1909A18B003C4F82</string>
			<key>isa</key>
			<string>PBXContainerItemProxy</string>
			<key>proxyType</key>
			<string>1</string>
			<key>remoteGlobalIDString</key>
			<string>220E90241909A18B003C4F82</string>
			<key>remoteInfo</key>
			<string>tbm</string>
		</dict>
		<key>220E904C1909A18C003C4F82</key>
		<dict>
			<key>isa</key>
			<string>PBXTargetDependency</string>
			<key>target</key>
			<string>220E90241909A18B003C4F82</string>
			<key>targetProxy</key>
			<string>220E904B1909A18C003C4F82</string>
		</dict>
		<key>220E904D1909A18C003C4F82</key>
		<dict>
			<key>children</key>
			<array>
				<string>220E90531909A18C003C4F82</string>
				<string>220E904E1909A18C003C4F82</string>
			</array>
			<key>isa</key>
			<string>PBXGroup</string>
			<key>path</key>
			<string>tbmTests</string>
			<key>sourceTree</key>
			<string>&lt;group&gt;</string>
		</dict>
		<key>220E904E1909A18C003C4F82</key>
		<dict>
			<key>children</key>
			<array>
				<string>220E904F1909A18C003C4F82</string>
				<string>220E90501909A18C003C4F82</string>
			</array>
			<key>isa</key>
			<string>PBXGroup</string>
			<key>name</key>
			<string>Supporting Files</string>
			<key>sourceTree</key>
			<string>&lt;group&gt;</string>
		</dict>
		<key>220E904F1909A18C003C4F82</key>
		<dict>
			<key>isa</key>
			<string>PBXFileReference</string>
			<key>lastKnownFileType</key>
			<string>text.plist.xml</string>
			<key>path</key>
			<string>tbmTests-Info.plist</string>
			<key>sourceTree</key>
			<string>&lt;group&gt;</string>
		</dict>
		<key>220E90501909A18C003C4F82</key>
		<dict>
			<key>children</key>
			<array>
				<string>220E90511909A18C003C4F82</string>
			</array>
			<key>isa</key>
			<string>PBXVariantGroup</string>
			<key>name</key>
			<string>InfoPlist.strings</string>
			<key>sourceTree</key>
			<string>&lt;group&gt;</string>
		</dict>
		<key>220E90511909A18C003C4F82</key>
		<dict>
			<key>isa</key>
			<string>PBXFileReference</string>
			<key>lastKnownFileType</key>
			<string>text.plist.strings</string>
			<key>name</key>
			<string>en</string>
			<key>path</key>
			<string>en.lproj/InfoPlist.strings</string>
			<key>sourceTree</key>
			<string>&lt;group&gt;</string>
		</dict>
		<key>220E90521909A18C003C4F82</key>
		<dict>
			<key>fileRef</key>
			<string>220E90501909A18C003C4F82</string>
			<key>isa</key>
			<string>PBXBuildFile</string>
		</dict>
		<key>220E90531909A18C003C4F82</key>
		<dict>
			<key>isa</key>
			<string>PBXFileReference</string>
			<key>lastKnownFileType</key>
			<string>sourcecode.c.objc</string>
			<key>path</key>
			<string>tbmTests.m</string>
			<key>sourceTree</key>
			<string>&lt;group&gt;</string>
		</dict>
		<key>220E90541909A18C003C4F82</key>
		<dict>
			<key>fileRef</key>
			<string>220E90531909A18C003C4F82</string>
			<key>isa</key>
			<string>PBXBuildFile</string>
		</dict>
		<key>220E90551909A18C003C4F82</key>
		<dict>
			<key>buildSettings</key>
			<dict>
				<key>ALWAYS_SEARCH_USER_PATHS</key>
				<string>NO</string>
				<key>CLANG_CXX_LANGUAGE_STANDARD</key>
				<string>gnu++0x</string>
				<key>CLANG_CXX_LIBRARY</key>
				<string>libc++</string>
				<key>CLANG_ENABLE_MODULES</key>
				<string>YES</string>
				<key>CLANG_ENABLE_OBJC_ARC</key>
				<string>YES</string>
				<key>CLANG_WARN_BOOL_CONVERSION</key>
				<string>YES</string>
				<key>CLANG_WARN_CONSTANT_CONVERSION</key>
				<string>YES</string>
				<key>CLANG_WARN_DIRECT_OBJC_ISA_USAGE</key>
				<string>YES_ERROR</string>
				<key>CLANG_WARN_EMPTY_BODY</key>
				<string>YES</string>
				<key>CLANG_WARN_ENUM_CONVERSION</key>
				<string>YES</string>
				<key>CLANG_WARN_INT_CONVERSION</key>
				<string>YES</string>
				<key>CLANG_WARN_OBJC_ROOT_CLASS</key>
				<string>YES_ERROR</string>
				<key>CLANG_WARN__DUPLICATE_METHOD_MATCH</key>
				<string>YES</string>
				<key>CODE_SIGN_IDENTITY</key>
				<string>iPhone Developer</string>
				<key>CODE_SIGN_IDENTITY[sdk=iphoneos*]</key>
				<string>iPhone Developer</string>
				<key>COPY_PHASE_STRIP</key>
				<string>NO</string>
				<key>GCC_C_LANGUAGE_STANDARD</key>
				<string>gnu99</string>
				<key>GCC_DYNAMIC_NO_PIC</key>
				<string>NO</string>
				<key>GCC_OPTIMIZATION_LEVEL</key>
				<string>0</string>
				<key>GCC_PREPROCESSOR_DEFINITIONS</key>
				<array>
					<string>DEBUG=1</string>
					<string>$(inherited)</string>
				</array>
				<key>GCC_SYMBOLS_PRIVATE_EXTERN</key>
				<string>NO</string>
				<key>GCC_WARN_64_TO_32_BIT_CONVERSION</key>
				<string>YES</string>
				<key>GCC_WARN_ABOUT_RETURN_TYPE</key>
				<string>YES_ERROR</string>
				<key>GCC_WARN_UNDECLARED_SELECTOR</key>
				<string>YES</string>
				<key>GCC_WARN_UNINITIALIZED_AUTOS</key>
				<string>YES_AGGRESSIVE</string>
				<key>GCC_WARN_UNUSED_FUNCTION</key>
				<string>YES</string>
				<key>GCC_WARN_UNUSED_VARIABLE</key>
				<string>YES</string>
				<key>IPHONEOS_DEPLOYMENT_TARGET</key>
				<string>7.0</string>
				<key>MOMC_NO_INVERSE_RELATIONSHIP_WARNINGS</key>
				<string>NO</string>
				<key>ONLY_ACTIVE_ARCH</key>
				<string>YES</string>
				<key>PROVISIONING_PROFILE</key>
				<string></string>
				<key>SDKROOT</key>
				<string>iphoneos</string>
			</dict>
			<key>isa</key>
			<string>XCBuildConfiguration</string>
			<key>name</key>
			<string>Debug</string>
		</dict>
		<key>220E90561909A18C003C4F82</key>
		<dict>
			<key>buildSettings</key>
			<dict>
				<key>ALWAYS_SEARCH_USER_PATHS</key>
				<string>NO</string>
				<key>CLANG_CXX_LANGUAGE_STANDARD</key>
				<string>gnu++0x</string>
				<key>CLANG_CXX_LIBRARY</key>
				<string>libc++</string>
				<key>CLANG_ENABLE_MODULES</key>
				<string>YES</string>
				<key>CLANG_ENABLE_OBJC_ARC</key>
				<string>YES</string>
				<key>CLANG_WARN_BOOL_CONVERSION</key>
				<string>YES</string>
				<key>CLANG_WARN_CONSTANT_CONVERSION</key>
				<string>YES</string>
				<key>CLANG_WARN_DIRECT_OBJC_ISA_USAGE</key>
				<string>YES_ERROR</string>
				<key>CLANG_WARN_EMPTY_BODY</key>
				<string>YES</string>
				<key>CLANG_WARN_ENUM_CONVERSION</key>
				<string>YES</string>
				<key>CLANG_WARN_INT_CONVERSION</key>
				<string>YES</string>
				<key>CLANG_WARN_OBJC_ROOT_CLASS</key>
				<string>YES_ERROR</string>
				<key>CLANG_WARN__DUPLICATE_METHOD_MATCH</key>
				<string>YES</string>
				<key>CODE_SIGN_IDENTITY</key>
				<string></string>
				<key>CODE_SIGN_IDENTITY[sdk=iphoneos*]</key>
				<string>iPhone Developer</string>
				<key>COPY_PHASE_STRIP</key>
				<string>YES</string>
				<key>ENABLE_NS_ASSERTIONS</key>
				<string>NO</string>
				<key>GCC_C_LANGUAGE_STANDARD</key>
				<string>gnu99</string>
				<key>GCC_WARN_64_TO_32_BIT_CONVERSION</key>
				<string>YES</string>
				<key>GCC_WARN_ABOUT_RETURN_TYPE</key>
				<string>YES_ERROR</string>
				<key>GCC_WARN_UNDECLARED_SELECTOR</key>
				<string>YES</string>
				<key>GCC_WARN_UNINITIALIZED_AUTOS</key>
				<string>YES_AGGRESSIVE</string>
				<key>GCC_WARN_UNUSED_FUNCTION</key>
				<string>YES</string>
				<key>GCC_WARN_UNUSED_VARIABLE</key>
				<string>YES</string>
				<key>IPHONEOS_DEPLOYMENT_TARGET</key>
				<string>7.0</string>
				<key>MOMC_NO_INVERSE_RELATIONSHIP_WARNINGS</key>
				<string>NO</string>
				<key>PROVISIONING_PROFILE</key>
				<string>d0558053-3ccb-4258-a13a-ffe4bca1c63a</string>
				<key>SDKROOT</key>
				<string>iphoneos</string>
				<key>VALIDATE_PRODUCT</key>
				<string>YES</string>
			</dict>
			<key>isa</key>
			<string>XCBuildConfiguration</string>
			<key>name</key>
			<string>Release</string>
		</dict>
		<key>220E90571909A18C003C4F82</key>
		<dict>
			<key>buildConfigurations</key>
			<array>
				<string>220E90581909A18C003C4F82</string>
				<string>220E90591909A18C003C4F82</string>
			</array>
			<key>defaultConfigurationIsVisible</key>
			<string>0</string>
			<key>defaultConfigurationName</key>
			<string>Release</string>
			<key>isa</key>
			<string>XCConfigurationList</string>
		</dict>
		<key>220E90581909A18C003C4F82</key>
		<dict>
			<key>baseConfigurationReference</key>
			<string>7716E91C15B9FF656396DC61</string>
			<key>buildSettings</key>
			<dict>
				<key>ASSETCATALOG_COMPILER_APPICON_NAME</key>
				<string>AppIcon</string>
				<key>ASSETCATALOG_COMPILER_LAUNCHIMAGE_NAME</key>
				<string>LaunchImage</string>
				<key>CODE_SIGN_IDENTITY</key>
				<string>iPhone Developer</string>
				<key>CODE_SIGN_IDENTITY[sdk=iphoneos*]</key>
				<string>iPhone Developer</string>
				<key>GCC_PRECOMPILE_PREFIX_HEADER</key>
				<string>YES</string>
				<key>GCC_PREFIX_HEADER</key>
				<string>tbm/tbm-Prefix.pch</string>
				<key>INFOPLIST_FILE</key>
				<string>tbm/tbm-Info.plist</string>
				<key>IPHONEOS_DEPLOYMENT_TARGET</key>
				<string>7.0</string>
				<key>MOMC_NO_INVERSE_RELATIONSHIP_WARNINGS</key>
				<string>NO</string>
				<key>PRODUCT_NAME</key>
				<string>$(TARGET_NAME)</string>
				<key>PROVISIONING_PROFILE</key>
				<string></string>
				<key>TARGETED_DEVICE_FAMILY</key>
				<string>1,2</string>
				<key>VERSIONING_SYSTEM</key>
				<string>apple-generic</string>
				<key>WRAPPER_EXTENSION</key>
				<string>app</string>
			</dict>
			<key>isa</key>
			<string>XCBuildConfiguration</string>
			<key>name</key>
			<string>Debug</string>
		</dict>
		<key>220E90591909A18C003C4F82</key>
		<dict>
			<key>baseConfigurationReference</key>
			<string>074DBFEFF2D176488120A3DB</string>
			<key>buildSettings</key>
			<dict>
				<key>ASSETCATALOG_COMPILER_APPICON_NAME</key>
				<string>AppIcon</string>
				<key>ASSETCATALOG_COMPILER_LAUNCHIMAGE_NAME</key>
				<string>LaunchImage</string>
				<key>CODE_SIGN_IDENTITY</key>
				<string>iPhone Developer</string>
				<key>CODE_SIGN_IDENTITY[sdk=iphoneos*]</key>
				<string>iPhone Developer</string>
				<key>GCC_PRECOMPILE_PREFIX_HEADER</key>
				<string>YES</string>
				<key>GCC_PREFIX_HEADER</key>
				<string>tbm/tbm-Prefix.pch</string>
				<key>INFOPLIST_FILE</key>
				<string>tbm/tbm-Info.plist</string>
				<key>IPHONEOS_DEPLOYMENT_TARGET</key>
				<string>7.0</string>
				<key>MOMC_NO_INVERSE_RELATIONSHIP_WARNINGS</key>
				<string>NO</string>
				<key>PRODUCT_NAME</key>
				<string>$(TARGET_NAME)</string>
				<key>PROVISIONING_PROFILE</key>
				<string>d0558053-3ccb-4258-a13a-ffe4bca1c63a</string>
				<key>TARGETED_DEVICE_FAMILY</key>
				<string>1,2</string>
				<key>VERSIONING_SYSTEM</key>
				<string>apple-generic</string>
				<key>WRAPPER_EXTENSION</key>
				<string>app</string>
			</dict>
			<key>isa</key>
			<string>XCBuildConfiguration</string>
			<key>name</key>
			<string>Release</string>
		</dict>
		<key>220E905A1909A18C003C4F82</key>
		<dict>
			<key>buildConfigurations</key>
			<array>
				<string>220E905B1909A18C003C4F82</string>
				<string>220E905C1909A18C003C4F82</string>
			</array>
			<key>defaultConfigurationIsVisible</key>
			<string>0</string>
			<key>defaultConfigurationName</key>
			<string>Release</string>
			<key>isa</key>
			<string>XCConfigurationList</string>
		</dict>
		<key>220E905B1909A18C003C4F82</key>
		<dict>
			<key>buildSettings</key>
			<dict>
				<key>BUNDLE_LOADER</key>
				<string>$(BUILT_PRODUCTS_DIR)/tbm.app/tbm</string>
				<key>FRAMEWORK_SEARCH_PATHS</key>
				<array>
					<string>$(SDKROOT)/Developer/Library/Frameworks</string>
					<string>$(inherited)</string>
					<string>$(DEVELOPER_FRAMEWORKS_DIR)</string>
				</array>
				<key>GCC_PRECOMPILE_PREFIX_HEADER</key>
				<string>YES</string>
				<key>GCC_PREFIX_HEADER</key>
				<string>tbm/tbm-Prefix.pch</string>
				<key>GCC_PREPROCESSOR_DEFINITIONS</key>
				<array>
					<string>DEBUG=1</string>
					<string>$(inherited)</string>
				</array>
				<key>INFOPLIST_FILE</key>
				<string>tbmTests/tbmTests-Info.plist</string>
				<key>PRODUCT_NAME</key>
				<string>$(TARGET_NAME)</string>
				<key>TEST_HOST</key>
				<string>$(BUNDLE_LOADER)</string>
				<key>WRAPPER_EXTENSION</key>
				<string>xctest</string>
			</dict>
			<key>isa</key>
			<string>XCBuildConfiguration</string>
			<key>name</key>
			<string>Debug</string>
		</dict>
		<key>220E905C1909A18C003C4F82</key>
		<dict>
			<key>buildSettings</key>
			<dict>
				<key>BUNDLE_LOADER</key>
				<string>$(BUILT_PRODUCTS_DIR)/tbm.app/tbm</string>
				<key>FRAMEWORK_SEARCH_PATHS</key>
				<array>
					<string>$(SDKROOT)/Developer/Library/Frameworks</string>
					<string>$(inherited)</string>
					<string>$(DEVELOPER_FRAMEWORKS_DIR)</string>
				</array>
				<key>GCC_PRECOMPILE_PREFIX_HEADER</key>
				<string>YES</string>
				<key>GCC_PREFIX_HEADER</key>
				<string>tbm/tbm-Prefix.pch</string>
				<key>INFOPLIST_FILE</key>
				<string>tbmTests/tbmTests-Info.plist</string>
				<key>PRODUCT_NAME</key>
				<string>$(TARGET_NAME)</string>
				<key>TEST_HOST</key>
				<string>$(BUNDLE_LOADER)</string>
				<key>WRAPPER_EXTENSION</key>
				<string>xctest</string>
			</dict>
			<key>isa</key>
			<string>XCBuildConfiguration</string>
			<key>name</key>
			<string>Release</string>
		</dict>
		<key>220E905D1909A1A9003C4F82</key>
		<dict>
			<key>fileEncoding</key>
			<string>4</string>
			<key>isa</key>
			<string>PBXFileReference</string>
			<key>lastKnownFileType</key>
			<string>file.storyboard</string>
			<key>path</key>
			<string>TBM.storyboard</string>
			<key>sourceTree</key>
			<string>&lt;group&gt;</string>
		</dict>
		<key>220E905E1909A1A9003C4F82</key>
		<dict>
			<key>fileRef</key>
			<string>220E905D1909A1A9003C4F82</string>
			<key>isa</key>
			<string>PBXBuildFile</string>
		</dict>
		<key>220E905F1909C3D4003C4F82</key>
		<dict>
			<key>fileEncoding</key>
			<string>4</string>
			<key>isa</key>
			<string>PBXFileReference</string>
			<key>lastKnownFileType</key>
			<string>sourcecode.c.h</string>
			<key>path</key>
			<string>TBMHomeViewController.h</string>
			<key>sourceTree</key>
			<string>&lt;group&gt;</string>
		</dict>
		<key>220E90601909C3D4003C4F82</key>
		<dict>
			<key>fileEncoding</key>
			<string>4</string>
			<key>isa</key>
			<string>PBXFileReference</string>
			<key>lastKnownFileType</key>
			<string>sourcecode.c.objc</string>
			<key>lineEnding</key>
			<string>0</string>
			<key>path</key>
			<string>TBMHomeViewController.m</string>
			<key>sourceTree</key>
			<string>&lt;group&gt;</string>
			<key>xcLanguageSpecificationIdentifier</key>
			<string>xcode.lang.objc</string>
		</dict>
		<key>220E90611909C3D4003C4F82</key>
		<dict>
			<key>fileRef</key>
			<string>220E90601909C3D4003C4F82</string>
			<key>isa</key>
			<string>PBXBuildFile</string>
		</dict>
		<key>221EA28F1912E86300649BC5</key>
		<dict>
			<key>fileEncoding</key>
			<string>4</string>
			<key>isa</key>
			<string>PBXFileReference</string>
			<key>lastKnownFileType</key>
			<string>sourcecode.c.h</string>
			<key>path</key>
			<string>TBMUser.h</string>
			<key>sourceTree</key>
			<string>&lt;group&gt;</string>
		</dict>
		<key>221EA2901912E86300649BC5</key>
		<dict>
			<key>fileEncoding</key>
			<string>4</string>
			<key>isa</key>
			<string>PBXFileReference</string>
			<key>lastKnownFileType</key>
			<string>sourcecode.c.objc</string>
			<key>path</key>
			<string>TBMUser.m</string>
			<key>sourceTree</key>
			<string>&lt;group&gt;</string>
		</dict>
		<key>221EA2911912E86300649BC5</key>
		<dict>
			<key>fileRef</key>
			<string>221EA2901912E86300649BC5</string>
			<key>isa</key>
			<string>PBXBuildFile</string>
		</dict>
		<key>22249584190B52E4008EF394</key>
		<dict>
			<key>fileEncoding</key>
			<string>4</string>
			<key>isa</key>
			<string>PBXFileReference</string>
			<key>lastKnownFileType</key>
			<string>sourcecode.c.h</string>
			<key>path</key>
			<string>TBMLongPressTouchHandler.h</string>
			<key>sourceTree</key>
			<string>&lt;group&gt;</string>
		</dict>
		<key>22249585190B52E4008EF394</key>
		<dict>
			<key>fileEncoding</key>
			<string>4</string>
			<key>isa</key>
			<string>PBXFileReference</string>
			<key>lastKnownFileType</key>
			<string>sourcecode.c.objc</string>
			<key>path</key>
			<string>TBMLongPressTouchHandler.m</string>
			<key>sourceTree</key>
			<string>&lt;group&gt;</string>
		</dict>
		<key>22249586190B52E4008EF394</key>
		<dict>
			<key>fileRef</key>
			<string>22249585190B52E4008EF394</string>
			<key>isa</key>
			<string>PBXBuildFile</string>
		</dict>
		<key>222724311917F2F500DA6865</key>
		<dict>
			<key>fileEncoding</key>
			<string>4</string>
			<key>isa</key>
			<string>PBXFileReference</string>
			<key>lastKnownFileType</key>
			<string>sourcecode.c.h</string>
			<key>path</key>
			<string>NSArray+NSArrayExtensions.h</string>
			<key>sourceTree</key>
			<string>&lt;group&gt;</string>
		</dict>
		<key>222724321917F2F500DA6865</key>
		<dict>
			<key>fileEncoding</key>
			<string>4</string>
			<key>isa</key>
			<string>PBXFileReference</string>
			<key>lastKnownFileType</key>
			<string>sourcecode.c.objc</string>
			<key>path</key>
			<string>NSArray+NSArrayExtensions.m</string>
			<key>sourceTree</key>
			<string>&lt;group&gt;</string>
		</dict>
		<key>222724331917F2F500DA6865</key>
		<dict>
			<key>fileRef</key>
			<string>222724321917F2F500DA6865</string>
			<key>isa</key>
			<string>PBXBuildFile</string>
		</dict>
		<key>2227243419182A1000DA6865</key>
		<dict>
			<key>isa</key>
			<string>PBXFileReference</string>
			<key>lastKnownFileType</key>
			<string>image.png</string>
			<key>path</key>
			<string>head.png</string>
			<key>sourceTree</key>
			<string>&lt;group&gt;</string>
		</dict>
		<key>2227243519182A1000DA6865</key>
		<dict>
			<key>fileRef</key>
			<string>2227243419182A1000DA6865</string>
			<key>isa</key>
			<string>PBXBuildFile</string>
		</dict>
		<key>2227243619182A2D00DA6865</key>
		<dict>
			<key>children</key>
			<array/>
			<key>isa</key>
			<string>PBXGroup</string>
			<key>name</key>
			<string>Images</string>
			<key>sourceTree</key>
			<string>&lt;group&gt;</string>
		</dict>
		<key>223A11441915926800177481</key>
		<dict>
			<key>fileEncoding</key>
			<string>4</string>
			<key>isa</key>
			<string>PBXFileReference</string>
			<key>lastKnownFileType</key>
			<string>sourcecode.c.h</string>
			<key>path</key>
			<string>TBMHttpClient.h</string>
			<key>sourceTree</key>
			<string>&lt;group&gt;</string>
		</dict>
		<key>223A11451915926800177481</key>
		<dict>
			<key>fileEncoding</key>
			<string>4</string>
			<key>isa</key>
			<string>PBXFileReference</string>
			<key>lastKnownFileType</key>
			<string>sourcecode.c.objc</string>
			<key>path</key>
			<string>TBMHttpClient.m</string>
			<key>sourceTree</key>
			<string>&lt;group&gt;</string>
		</dict>
		<key>223A11461915926800177481</key>
		<dict>
			<key>fileRef</key>
			<string>223A11451915926800177481</string>
			<key>isa</key>
			<string>PBXBuildFile</string>
		</dict>
		<key>223A11471915AED900177481</key>
		<dict>
			<key>fileEncoding</key>
			<string>4</string>
			<key>isa</key>
			<string>PBXFileReference</string>
			<key>lastKnownFileType</key>
			<string>sourcecode.c.h</string>
			<key>path</key>
			<string>TBMAppDelegate+Boot.h</string>
			<key>sourceTree</key>
			<string>&lt;group&gt;</string>
		</dict>
		<key>223A11481915AED900177481</key>
		<dict>
			<key>fileEncoding</key>
			<string>4</string>
			<key>isa</key>
			<string>PBXFileReference</string>
			<key>lastKnownFileType</key>
			<string>sourcecode.c.objc</string>
			<key>path</key>
			<string>TBMAppDelegate+Boot.m</string>
			<key>sourceTree</key>
			<string>&lt;group&gt;</string>
		</dict>
		<key>223A11491915AED900177481</key>
		<dict>
			<key>fileRef</key>
			<string>223A11481915AED900177481</string>
			<key>isa</key>
			<string>PBXBuildFile</string>
		</dict>
		<key>223D92791A1EE0F2002F1E14</key>
		<dict>
			<key>fileEncoding</key>
			<string>4</string>
			<key>isa</key>
			<string>PBXFileReference</string>
			<key>lastKnownFileType</key>
			<string>sourcecode.c.h</string>
			<key>path</key>
			<string>TBMContactSearchTableDelegate.h</string>
			<key>sourceTree</key>
			<string>&lt;group&gt;</string>
		</dict>
		<key>223D927A1A1EE0F2002F1E14</key>
		<dict>
			<key>fileEncoding</key>
			<string>4</string>
			<key>isa</key>
			<string>PBXFileReference</string>
			<key>lastKnownFileType</key>
			<string>sourcecode.c.objc</string>
			<key>path</key>
			<string>TBMContactSearchTableDelegate.m</string>
			<key>sourceTree</key>
			<string>&lt;group&gt;</string>
		</dict>
		<key>223D927B1A1EE0F2002F1E14</key>
		<dict>
			<key>fileRef</key>
			<string>223D927A1A1EE0F2002F1E14</string>
			<key>isa</key>
			<string>PBXBuildFile</string>
		</dict>
		<key>22403C2A19D5E63400FC36E3</key>
		<dict>
			<key>isa</key>
			<string>PBXFileReference</string>
			<key>lastKnownFileType</key>
			<string>wrapper.framework</string>
			<key>name</key>
			<string>MessageUI.framework</string>
			<key>path</key>
			<string>System/Library/Frameworks/MessageUI.framework</string>
			<key>sourceTree</key>
			<string>SDKROOT</string>
		</dict>
		<key>22403C2B19D5E63400FC36E3</key>
		<dict>
			<key>fileRef</key>
			<string>22403C2A19D5E63400FC36E3</string>
			<key>isa</key>
			<string>PBXBuildFile</string>
		</dict>
		<key>224101D0190D40B1005128F9</key>
		<dict>
			<key>fileEncoding</key>
			<string>4</string>
			<key>isa</key>
			<string>PBXFileReference</string>
			<key>lastKnownFileType</key>
			<string>sourcecode.c.h</string>
			<key>path</key>
			<string>TBMDeviceHandler.h</string>
			<key>sourceTree</key>
			<string>&lt;group&gt;</string>
		</dict>
		<key>224101D1190D40B1005128F9</key>
		<dict>
			<key>fileEncoding</key>
			<string>4</string>
			<key>isa</key>
			<string>PBXFileReference</string>
			<key>lastKnownFileType</key>
			<string>sourcecode.c.objc</string>
			<key>lineEnding</key>
			<string>0</string>
			<key>path</key>
			<string>TBMDeviceHandler.m</string>
			<key>sourceTree</key>
			<string>&lt;group&gt;</string>
			<key>xcLanguageSpecificationIdentifier</key>
			<string>xcode.lang.objc</string>
		</dict>
		<key>224101D2190D40B1005128F9</key>
		<dict>
			<key>fileRef</key>
			<string>224101D1190D40B1005128F9</string>
			<key>isa</key>
			<string>PBXBuildFile</string>
		</dict>
		<key>224101D3190D4180005128F9</key>
		<dict>
			<key>isa</key>
			<string>PBXFileReference</string>
			<key>lastKnownFileType</key>
			<string>wrapper.framework</string>
			<key>name</key>
			<string>AVFoundation.framework</string>
			<key>path</key>
			<string>System/Library/Frameworks/AVFoundation.framework</string>
			<key>sourceTree</key>
			<string>SDKROOT</string>
		</dict>
		<key>224101D4190D4180005128F9</key>
		<dict>
			<key>fileRef</key>
			<string>224101D3190D4180005128F9</string>
			<key>isa</key>
			<string>PBXBuildFile</string>
		</dict>
		<key>224101D5190D5171005128F9</key>
		<dict>
			<key>fileEncoding</key>
			<string>4</string>
			<key>isa</key>
			<string>PBXFileReference</string>
			<key>lastKnownFileType</key>
			<string>sourcecode.c.h</string>
			<key>path</key>
			<string>TBMVideoRecorder.h</string>
			<key>sourceTree</key>
			<string>&lt;group&gt;</string>
		</dict>
		<key>224101D6190D5171005128F9</key>
		<dict>
			<key>fileEncoding</key>
			<string>4</string>
			<key>isa</key>
			<string>PBXFileReference</string>
			<key>lastKnownFileType</key>
			<string>sourcecode.c.objc</string>
			<key>path</key>
			<string>TBMVideoRecorder.m</string>
			<key>sourceTree</key>
			<string>&lt;group&gt;</string>
		</dict>
		<key>224101D7190D5171005128F9</key>
		<dict>
			<key>fileRef</key>
			<string>224101D6190D5171005128F9</string>
			<key>isa</key>
			<string>PBXBuildFile</string>
		</dict>
		<key>22500B8619993FDC008E9EA4</key>
		<dict>
			<key>fileEncoding</key>
			<string>4</string>
			<key>isa</key>
			<string>PBXFileReference</string>
			<key>lastKnownFileType</key>
			<string>sourcecode.c.h</string>
			<key>path</key>
			<string>TBMAppDelegate+AppSync.h</string>
			<key>sourceTree</key>
			<string>&lt;group&gt;</string>
		</dict>
		<key>22500B8719993FDC008E9EA4</key>
		<dict>
			<key>fileEncoding</key>
			<string>4</string>
			<key>isa</key>
			<string>PBXFileReference</string>
			<key>lastKnownFileType</key>
			<string>sourcecode.c.objc</string>
			<key>path</key>
			<string>TBMAppDelegate+AppSync.m</string>
			<key>sourceTree</key>
			<string>&lt;group&gt;</string>
		</dict>
		<key>22500B8819993FDC008E9EA4</key>
		<dict>
			<key>fileRef</key>
			<string>22500B8719993FDC008E9EA4</string>
			<key>isa</key>
			<string>PBXBuildFile</string>
		</dict>
		<key>2261417519A52CFB006FB870</key>
		<dict>
			<key>fileEncoding</key>
			<string>4</string>
			<key>isa</key>
			<string>PBXFileReference</string>
			<key>lastKnownFileType</key>
			<string>sourcecode.c.h</string>
			<key>path</key>
			<string>TBMVersionHandler.h</string>
			<key>sourceTree</key>
			<string>&lt;group&gt;</string>
		</dict>
		<key>2261417619A52CFB006FB870</key>
		<dict>
			<key>fileEncoding</key>
			<string>4</string>
			<key>isa</key>
			<string>PBXFileReference</string>
			<key>lastKnownFileType</key>
			<string>sourcecode.c.objc</string>
			<key>path</key>
			<string>TBMVersionHandler.m</string>
			<key>sourceTree</key>
			<string>&lt;group&gt;</string>
		</dict>
		<key>2261417719A52CFB006FB870</key>
		<dict>
			<key>fileRef</key>
			<string>2261417619A52CFB006FB870</string>
			<key>isa</key>
			<string>PBXBuildFile</string>
		</dict>
		<key>2261417819A54D16006FB870</key>
		<dict>
			<key>fileEncoding</key>
			<string>4</string>
			<key>isa</key>
			<string>PBXFileReference</string>
			<key>lastKnownFileType</key>
			<string>sourcecode.c.h</string>
			<key>path</key>
			<string>TBMHomeViewController+VersionController.h</string>
			<key>sourceTree</key>
			<string>&lt;group&gt;</string>
		</dict>
		<key>2261417919A54D16006FB870</key>
		<dict>
			<key>fileEncoding</key>
			<string>4</string>
			<key>isa</key>
			<string>PBXFileReference</string>
			<key>lastKnownFileType</key>
			<string>sourcecode.c.objc</string>
			<key>path</key>
			<string>TBMHomeViewController+VersionController.m</string>
			<key>sourceTree</key>
			<string>&lt;group&gt;</string>
		</dict>
		<key>2261417A19A54D16006FB870</key>
		<dict>
			<key>fileRef</key>
			<string>2261417919A54D16006FB870</string>
			<key>isa</key>
			<string>PBXBuildFile</string>
		</dict>
		<key>22664395190AD8C8006C9072</key>
		<dict>
			<key>children</key>
			<array>
				<string>222724311917F2F500DA6865</string>
				<string>222724321917F2F500DA6865</string>
				<string>22664399190AD932006C9072</string>
				<string>2266439A190AD932006C9072</string>
				<string>226643A5190B13E2006C9072</string>
				<string>226643A6190B13E2006C9072</string>
				<string>22093F19192590CE0021EB0C</string>
				<string>22093F1A192590CE0021EB0C</string>
				<string>22A375C21930E09E00C355EB</string>
				<string>22A375C31930E09E00C355EB</string>
				<string>22F1A4C219354AC500E04229</string>
				<string>22F1A4C319354AC500E04229</string>
				<string>22A8F5091A099C7600F7AD0E</string>
				<string>22A8F50A1A099C7600F7AD0E</string>
			</array>
			<key>isa</key>
			<string>PBXGroup</string>
			<key>name</key>
			<string>Utils</string>
			<key>sourceTree</key>
			<string>&lt;group&gt;</string>
		</dict>
		<key>22664399190AD932006C9072</key>
		<dict>
			<key>fileEncoding</key>
			<string>4</string>
			<key>isa</key>
			<string>PBXFileReference</string>
			<key>lastKnownFileType</key>
			<string>sourcecode.c.h</string>
			<key>path</key>
			<string>TBMViewUtils.h</string>
			<key>sourceTree</key>
			<string>&lt;group&gt;</string>
		</dict>
		<key>2266439A190AD932006C9072</key>
		<dict>
			<key>fileEncoding</key>
			<string>4</string>
			<key>isa</key>
			<string>PBXFileReference</string>
			<key>lastKnownFileType</key>
			<string>sourcecode.c.objc</string>
			<key>path</key>
			<string>TBMViewUtils.m</string>
			<key>sourceTree</key>
			<string>&lt;group&gt;</string>
		</dict>
		<key>2266439B190AD932006C9072</key>
		<dict>
			<key>fileRef</key>
			<string>2266439A190AD932006C9072</string>
			<key>isa</key>
			<string>PBXBuildFile</string>
		</dict>
		<key>226643A5190B13E2006C9072</key>
		<dict>
			<key>fileEncoding</key>
			<string>4</string>
			<key>isa</key>
			<string>PBXFileReference</string>
			<key>lastKnownFileType</key>
			<string>sourcecode.c.h</string>
			<key>path</key>
			<string>TBMGeometryUtils.h</string>
			<key>sourceTree</key>
			<string>&lt;group&gt;</string>
		</dict>
		<key>226643A6190B13E2006C9072</key>
		<dict>
			<key>fileEncoding</key>
			<string>4</string>
			<key>isa</key>
			<string>PBXFileReference</string>
			<key>lastKnownFileType</key>
			<string>sourcecode.c.objc</string>
			<key>path</key>
			<string>TBMGeometryUtils.m</string>
			<key>sourceTree</key>
			<string>&lt;group&gt;</string>
		</dict>
		<key>226643A7190B13E2006C9072</key>
		<dict>
			<key>fileRef</key>
			<string>226643A6190B13E2006C9072</string>
			<key>isa</key>
			<string>PBXBuildFile</string>
		</dict>
		<key>226914B519AFCD42007497F1</key>
		<dict>
			<key>children</key>
			<array>
				<string>226914B619AFCD42007497F1</string>
				<string>226914B719AFCD42007497F1</string>
				<string>226914B819AFCD42007497F1</string>
				<string>226914B919AFCD42007497F1</string>
				<string>226914BA19AFCD42007497F1</string>
				<string>226914BB19AFCD42007497F1</string>
				<string>226914BC19AFCD42007497F1</string>
				<string>226914BD19AFCD42007497F1</string>
				<string>226914BE19AFCD42007497F1</string>
				<string>226914BF19AFCD42007497F1</string>
			</array>
			<key>isa</key>
			<string>PBXGroup</string>
			<key>name</key>
			<string>ios</string>
			<key>path</key>
			<string>icons/ios</string>
			<key>sourceTree</key>
			<string>&lt;group&gt;</string>
		</dict>
		<key>226914B619AFCD42007497F1</key>
		<dict>
			<key>isa</key>
			<string>PBXFileReference</string>
			<key>lastKnownFileType</key>
			<string>image.png</string>
			<key>path</key>
			<string>Icon-72.png</string>
			<key>sourceTree</key>
			<string>&lt;group&gt;</string>
		</dict>
		<key>226914B719AFCD42007497F1</key>
		<dict>
			<key>isa</key>
			<string>PBXFileReference</string>
			<key>lastKnownFileType</key>
			<string>image.png</string>
			<key>path</key>
			<string>Icon-72@2x.png</string>
			<key>sourceTree</key>
			<string>&lt;group&gt;</string>
		</dict>
		<key>226914B819AFCD42007497F1</key>
		<dict>
			<key>isa</key>
			<string>PBXFileReference</string>
			<key>lastKnownFileType</key>
			<string>image.png</string>
			<key>path</key>
			<string>Icon-Small-50.png</string>
			<key>sourceTree</key>
			<string>&lt;group&gt;</string>
		</dict>
		<key>226914B919AFCD42007497F1</key>
		<dict>
			<key>isa</key>
			<string>PBXFileReference</string>
			<key>lastKnownFileType</key>
			<string>image.png</string>
			<key>path</key>
			<string>Icon-Small-50@2x.png</string>
			<key>sourceTree</key>
			<string>&lt;group&gt;</string>
		</dict>
		<key>226914BA19AFCD42007497F1</key>
		<dict>
			<key>isa</key>
			<string>PBXFileReference</string>
			<key>lastKnownFileType</key>
			<string>image.png</string>
			<key>path</key>
			<string>Icon-Small.png</string>
			<key>sourceTree</key>
			<string>&lt;group&gt;</string>
		</dict>
		<key>226914BB19AFCD42007497F1</key>
		<dict>
			<key>isa</key>
			<string>PBXFileReference</string>
			<key>lastKnownFileType</key>
			<string>image.png</string>
			<key>path</key>
			<string>Icon-Small@2x.png</string>
			<key>sourceTree</key>
			<string>&lt;group&gt;</string>
		</dict>
		<key>226914BC19AFCD42007497F1</key>
		<dict>
			<key>isa</key>
			<string>PBXFileReference</string>
			<key>lastKnownFileType</key>
			<string>image.png</string>
			<key>path</key>
			<string>Icon.png</string>
			<key>sourceTree</key>
			<string>&lt;group&gt;</string>
		</dict>
		<key>226914BD19AFCD42007497F1</key>
		<dict>
			<key>isa</key>
			<string>PBXFileReference</string>
			<key>lastKnownFileType</key>
			<string>image.png</string>
			<key>path</key>
			<string>Icon@2x.png</string>
			<key>sourceTree</key>
			<string>&lt;group&gt;</string>
		</dict>
		<key>226914BE19AFCD42007497F1</key>
		<dict>
			<key>isa</key>
			<string>PBXFileReference</string>
			<key>lastKnownFileType</key>
			<string>image.png</string>
			<key>path</key>
			<string>iTunesArtwork.png</string>
			<key>sourceTree</key>
			<string>&lt;group&gt;</string>
		</dict>
		<key>226914BF19AFCD42007497F1</key>
		<dict>
			<key>isa</key>
			<string>PBXFileReference</string>
			<key>lastKnownFileType</key>
			<string>image.png</string>
			<key>path</key>
			<string>iTunesArtwork@2x.png</string>
			<key>sourceTree</key>
			<string>&lt;group&gt;</string>
		</dict>
		<key>226914C019AFCD42007497F1</key>
		<dict>
			<key>children</key>
			<array>
				<string>226914C119AFCD42007497F1</string>
				<string>226914C219AFCD42007497F1</string>
				<string>226914C319AFCD42007497F1</string>
				<string>226914C419AFCD42007497F1</string>
				<string>226914C519AFCD42007497F1</string>
				<string>226914C619AFCD42007497F1</string>
				<string>226914C719AFCD42007497F1</string>
				<string>226914C819AFCD42007497F1</string>
				<string>226914C919AFCD42007497F1</string>
				<string>226914CA19AFCD42007497F1</string>
				<string>226914CB19AFCD42007497F1</string>
				<string>226914CC19AFCD42007497F1</string>
				<string>226914CD19AFCD42007497F1</string>
				<string>226914CE19AFCD42007497F1</string>
				<string>226914CF19AFCD42007497F1</string>
				<string>226914D019AFCD42007497F1</string>
			</array>
			<key>isa</key>
			<string>PBXGroup</string>
			<key>name</key>
			<string>ios7</string>
			<key>path</key>
			<string>icons/ios7</string>
			<key>sourceTree</key>
			<string>&lt;group&gt;</string>
		</dict>
		<key>226914C119AFCD42007497F1</key>
		<dict>
			<key>isa</key>
			<string>PBXFileReference</string>
			<key>lastKnownFileType</key>
			<string>image.png</string>
			<key>path</key>
			<string>Icon-40.png</string>
			<key>sourceTree</key>
			<string>&lt;group&gt;</string>
		</dict>
		<key>226914C219AFCD42007497F1</key>
		<dict>
			<key>isa</key>
			<string>PBXFileReference</string>
			<key>lastKnownFileType</key>
			<string>image.png</string>
			<key>path</key>
			<string>Icon-40@2x.png</string>
			<key>sourceTree</key>
			<string>&lt;group&gt;</string>
		</dict>
		<key>226914C319AFCD42007497F1</key>
		<dict>
			<key>isa</key>
			<string>PBXFileReference</string>
			<key>lastKnownFileType</key>
			<string>image.png</string>
			<key>path</key>
			<string>Icon-60.png</string>
			<key>sourceTree</key>
			<string>&lt;group&gt;</string>
		</dict>
		<key>226914C419AFCD42007497F1</key>
		<dict>
			<key>isa</key>
			<string>PBXFileReference</string>
			<key>lastKnownFileType</key>
			<string>image.png</string>
			<key>path</key>
			<string>Icon-60@2x.png</string>
			<key>sourceTree</key>
			<string>&lt;group&gt;</string>
		</dict>
		<key>226914C519AFCD42007497F1</key>
		<dict>
			<key>isa</key>
			<string>PBXFileReference</string>
			<key>lastKnownFileType</key>
			<string>image.png</string>
			<key>path</key>
			<string>Icon-72.png</string>
			<key>sourceTree</key>
			<string>&lt;group&gt;</string>
		</dict>
		<key>226914C619AFCD42007497F1</key>
		<dict>
			<key>isa</key>
			<string>PBXFileReference</string>
			<key>lastKnownFileType</key>
			<string>image.png</string>
			<key>path</key>
			<string>Icon-72@2x.png</string>
			<key>sourceTree</key>
			<string>&lt;group&gt;</string>
		</dict>
		<key>226914C719AFCD42007497F1</key>
		<dict>
			<key>isa</key>
			<string>PBXFileReference</string>
			<key>lastKnownFileType</key>
			<string>image.png</string>
			<key>path</key>
			<string>Icon-76.png</string>
			<key>sourceTree</key>
			<string>&lt;group&gt;</string>
		</dict>
		<key>226914C819AFCD42007497F1</key>
		<dict>
			<key>isa</key>
			<string>PBXFileReference</string>
			<key>lastKnownFileType</key>
			<string>image.png</string>
			<key>path</key>
			<string>Icon-76@2x.png</string>
			<key>sourceTree</key>
			<string>&lt;group&gt;</string>
		</dict>
		<key>226914C919AFCD42007497F1</key>
		<dict>
			<key>isa</key>
			<string>PBXFileReference</string>
			<key>lastKnownFileType</key>
			<string>image.png</string>
			<key>path</key>
			<string>Icon-Small-50.png</string>
			<key>sourceTree</key>
			<string>&lt;group&gt;</string>
		</dict>
		<key>226914CA19AFCD42007497F1</key>
		<dict>
			<key>isa</key>
			<string>PBXFileReference</string>
			<key>lastKnownFileType</key>
			<string>image.png</string>
			<key>path</key>
			<string>Icon-Small-50@2x.png</string>
			<key>sourceTree</key>
			<string>&lt;group&gt;</string>
		</dict>
		<key>226914CB19AFCD42007497F1</key>
		<dict>
			<key>isa</key>
			<string>PBXFileReference</string>
			<key>lastKnownFileType</key>
			<string>image.png</string>
			<key>path</key>
			<string>Icon-Small.png</string>
			<key>sourceTree</key>
			<string>&lt;group&gt;</string>
		</dict>
		<key>226914CC19AFCD42007497F1</key>
		<dict>
			<key>isa</key>
			<string>PBXFileReference</string>
			<key>lastKnownFileType</key>
			<string>image.png</string>
			<key>path</key>
			<string>Icon-Small@2x.png</string>
			<key>sourceTree</key>
			<string>&lt;group&gt;</string>
		</dict>
		<key>226914CD19AFCD42007497F1</key>
		<dict>
			<key>isa</key>
			<string>PBXFileReference</string>
			<key>lastKnownFileType</key>
			<string>image.png</string>
			<key>path</key>
			<string>Icon.png</string>
			<key>sourceTree</key>
			<string>&lt;group&gt;</string>
		</dict>
		<key>226914CE19AFCD42007497F1</key>
		<dict>
			<key>isa</key>
			<string>PBXFileReference</string>
			<key>lastKnownFileType</key>
			<string>image.png</string>
			<key>path</key>
			<string>Icon@2x.png</string>
			<key>sourceTree</key>
			<string>&lt;group&gt;</string>
		</dict>
		<key>226914CF19AFCD42007497F1</key>
		<dict>
			<key>isa</key>
			<string>PBXFileReference</string>
			<key>lastKnownFileType</key>
			<string>image.png</string>
			<key>path</key>
			<string>iTunesArtwork.png</string>
			<key>sourceTree</key>
			<string>&lt;group&gt;</string>
		</dict>
		<key>226914D019AFCD42007497F1</key>
		<dict>
			<key>isa</key>
			<string>PBXFileReference</string>
			<key>lastKnownFileType</key>
			<string>image.png</string>
			<key>path</key>
			<string>iTunesArtwork@2x.png</string>
			<key>sourceTree</key>
			<string>&lt;group&gt;</string>
		</dict>
		<key>226914D119AFCD42007497F1</key>
		<dict>
			<key>isa</key>
			<string>PBXFileReference</string>
			<key>lastKnownFileType</key>
			<string>image.png</string>
			<key>name</key>
			<string>logo.png</string>
			<key>path</key>
			<string>icons/logo.png</string>
			<key>sourceTree</key>
			<string>&lt;group&gt;</string>
		</dict>
		<key>226914D219AFCD42007497F1</key>
		<dict>
			<key>isa</key>
			<string>PBXFileReference</string>
			<key>lastKnownFileType</key>
			<string>file</string>
			<key>name</key>
			<string>logo.pxm</string>
			<key>path</key>
			<string>icons/logo.pxm</string>
			<key>sourceTree</key>
			<string>&lt;group&gt;</string>
		</dict>
		<key>226914D319AFCD42007497F1</key>
		<dict>
			<key>fileRef</key>
			<string>226914B619AFCD42007497F1</string>
			<key>isa</key>
			<string>PBXBuildFile</string>
		</dict>
		<key>226914D419AFCD42007497F1</key>
		<dict>
			<key>fileRef</key>
			<string>226914B719AFCD42007497F1</string>
			<key>isa</key>
			<string>PBXBuildFile</string>
		</dict>
		<key>226914D519AFCD42007497F1</key>
		<dict>
			<key>fileRef</key>
			<string>226914B819AFCD42007497F1</string>
			<key>isa</key>
			<string>PBXBuildFile</string>
		</dict>
		<key>226914D619AFCD42007497F1</key>
		<dict>
			<key>fileRef</key>
			<string>226914B919AFCD42007497F1</string>
			<key>isa</key>
			<string>PBXBuildFile</string>
		</dict>
		<key>226914D719AFCD42007497F1</key>
		<dict>
			<key>fileRef</key>
			<string>226914BA19AFCD42007497F1</string>
			<key>isa</key>
			<string>PBXBuildFile</string>
		</dict>
		<key>226914D819AFCD42007497F1</key>
		<dict>
			<key>fileRef</key>
			<string>226914BB19AFCD42007497F1</string>
			<key>isa</key>
			<string>PBXBuildFile</string>
		</dict>
		<key>226914D919AFCD42007497F1</key>
		<dict>
			<key>fileRef</key>
			<string>226914BC19AFCD42007497F1</string>
			<key>isa</key>
			<string>PBXBuildFile</string>
		</dict>
		<key>226914DA19AFCD42007497F1</key>
		<dict>
			<key>fileRef</key>
			<string>226914BD19AFCD42007497F1</string>
			<key>isa</key>
			<string>PBXBuildFile</string>
		</dict>
		<key>226914DB19AFCD42007497F1</key>
		<dict>
			<key>fileRef</key>
			<string>226914BE19AFCD42007497F1</string>
			<key>isa</key>
			<string>PBXBuildFile</string>
		</dict>
		<key>226914DC19AFCD42007497F1</key>
		<dict>
			<key>fileRef</key>
			<string>226914BF19AFCD42007497F1</string>
			<key>isa</key>
			<string>PBXBuildFile</string>
		</dict>
		<key>226914DD19AFCD42007497F1</key>
		<dict>
			<key>fileRef</key>
			<string>226914C119AFCD42007497F1</string>
			<key>isa</key>
			<string>PBXBuildFile</string>
		</dict>
		<key>226914DE19AFCD42007497F1</key>
		<dict>
			<key>fileRef</key>
			<string>226914C219AFCD42007497F1</string>
			<key>isa</key>
			<string>PBXBuildFile</string>
		</dict>
		<key>226914DF19AFCD42007497F1</key>
		<dict>
			<key>fileRef</key>
			<string>226914C319AFCD42007497F1</string>
			<key>isa</key>
			<string>PBXBuildFile</string>
		</dict>
		<key>226914E019AFCD42007497F1</key>
		<dict>
			<key>fileRef</key>
			<string>226914C419AFCD42007497F1</string>
			<key>isa</key>
			<string>PBXBuildFile</string>
		</dict>
		<key>226914E119AFCD42007497F1</key>
		<dict>
			<key>fileRef</key>
			<string>226914C519AFCD42007497F1</string>
			<key>isa</key>
			<string>PBXBuildFile</string>
		</dict>
		<key>226914E219AFCD42007497F1</key>
		<dict>
			<key>fileRef</key>
			<string>226914C619AFCD42007497F1</string>
			<key>isa</key>
			<string>PBXBuildFile</string>
		</dict>
		<key>226914E319AFCD42007497F1</key>
		<dict>
			<key>fileRef</key>
			<string>226914C719AFCD42007497F1</string>
			<key>isa</key>
			<string>PBXBuildFile</string>
		</dict>
		<key>226914E419AFCD42007497F1</key>
		<dict>
			<key>fileRef</key>
			<string>226914C819AFCD42007497F1</string>
			<key>isa</key>
			<string>PBXBuildFile</string>
		</dict>
		<key>226914E519AFCD42007497F1</key>
		<dict>
			<key>fileRef</key>
			<string>226914C919AFCD42007497F1</string>
			<key>isa</key>
			<string>PBXBuildFile</string>
		</dict>
		<key>226914E619AFCD42007497F1</key>
		<dict>
			<key>fileRef</key>
			<string>226914CA19AFCD42007497F1</string>
			<key>isa</key>
			<string>PBXBuildFile</string>
		</dict>
		<key>226914E719AFCD42007497F1</key>
		<dict>
			<key>fileRef</key>
			<string>226914CB19AFCD42007497F1</string>
			<key>isa</key>
			<string>PBXBuildFile</string>
		</dict>
		<key>226914E819AFCD42007497F1</key>
		<dict>
			<key>fileRef</key>
			<string>226914CC19AFCD42007497F1</string>
			<key>isa</key>
			<string>PBXBuildFile</string>
		</dict>
		<key>226914E919AFCD42007497F1</key>
		<dict>
			<key>fileRef</key>
			<string>226914CD19AFCD42007497F1</string>
			<key>isa</key>
			<string>PBXBuildFile</string>
		</dict>
		<key>226914EA19AFCD42007497F1</key>
		<dict>
			<key>fileRef</key>
			<string>226914CE19AFCD42007497F1</string>
			<key>isa</key>
			<string>PBXBuildFile</string>
		</dict>
		<key>226914EB19AFCD42007497F1</key>
		<dict>
			<key>fileRef</key>
			<string>226914CF19AFCD42007497F1</string>
			<key>isa</key>
			<string>PBXBuildFile</string>
		</dict>
		<key>226914EC19AFCD42007497F1</key>
		<dict>
			<key>fileRef</key>
			<string>226914D019AFCD42007497F1</string>
			<key>isa</key>
			<string>PBXBuildFile</string>
		</dict>
		<key>226914ED19AFCD42007497F1</key>
		<dict>
			<key>fileRef</key>
			<string>226914D119AFCD42007497F1</string>
			<key>isa</key>
			<string>PBXBuildFile</string>
		</dict>
		<key>226914EE19AFCD42007497F1</key>
		<dict>
			<key>fileRef</key>
			<string>226914D219AFCD42007497F1</string>
			<key>isa</key>
			<string>PBXBuildFile</string>
		</dict>
		<key>226914EF19AFCD92007497F1</key>
		<dict>
			<key>children</key>
			<array>
				<string>226914C019AFCD42007497F1</string>
				<string>226914B519AFCD42007497F1</string>
				<string>2227243419182A1000DA6865</string>
				<string>226914D119AFCD42007497F1</string>
				<string>226914D219AFCD42007497F1</string>
			</array>
			<key>isa</key>
			<string>PBXGroup</string>
			<key>name</key>
			<string>Icons</string>
			<key>sourceTree</key>
			<string>&lt;group&gt;</string>
		</dict>
		<key>226A37BF1A37E08900A2D0F5</key>
		<dict>
			<key>fileEncoding</key>
			<string>4</string>
			<key>isa</key>
			<string>PBXFileReference</string>
			<key>lastKnownFileType</key>
			<string>sourcecode.c.h</string>
			<key>path</key>
			<string>TBMGridElementViewController.h</string>
			<key>sourceTree</key>
			<string>&lt;group&gt;</string>
		</dict>
		<key>226A37C01A37E08900A2D0F5</key>
		<dict>
			<key>fileEncoding</key>
			<string>4</string>
			<key>isa</key>
			<string>PBXFileReference</string>
			<key>lastKnownFileType</key>
			<string>sourcecode.c.objc</string>
			<key>path</key>
			<string>TBMGridElementViewController.m</string>
			<key>sourceTree</key>
			<string>&lt;group&gt;</string>
		</dict>
		<key>226A37C11A37E08900A2D0F5</key>
		<dict>
			<key>fileRef</key>
			<string>226A37C01A37E08900A2D0F5</string>
			<key>isa</key>
			<string>PBXBuildFile</string>
		</dict>
		<key>226A37C21A37E0D100A2D0F5</key>
		<dict>
			<key>children</key>
			<array>
				<string>2271555F1A40902B00B437DA</string>
				<string>227155601A40902B00B437DA</string>
				<string>220DC03D1A3A61CC006A3F90</string>
				<string>220DC03E1A3A61CC006A3F90</string>
				<string>220E905F1909C3D4003C4F82</string>
				<string>220E90601909C3D4003C4F82</string>
				<string>2261417819A54D16006FB870</string>
				<string>2261417919A54D16006FB870</string>
				<string>22BF060319D4A5FC00F6E025</string>
				<string>22BF060419D4A5FC00F6E025</string>
				<string>226A37BF1A37E08900A2D0F5</string>
				<string>226A37C01A37E08900A2D0F5</string>
			</array>
			<key>isa</key>
			<string>PBXGroup</string>
			<key>name</key>
			<string>Controllers</string>
			<key>sourceTree</key>
			<string>&lt;group&gt;</string>
		</dict>
		<key>226A37C31A37E10900A2D0F5</key>
		<dict>
			<key>children</key>
			<array>
				<string>221EA28F1912E86300649BC5</string>
				<string>221EA2901912E86300649BC5</string>
				<string>22A76A7B19A2600C00D8C4FF</string>
				<string>22A76A7C19A2600C00D8C4FF</string>
				<string>22A76A7819A2600C00D8C4FF</string>
				<string>22A76A7919A2600C00D8C4FF</string>
				<string>22ED40061A0850F5003D6536</string>
				<string>22ED40071A0850F5003D6536</string>
			</array>
			<key>isa</key>
			<string>PBXGroup</string>
			<key>name</key>
			<string>Models</string>
			<key>sourceTree</key>
			<string>&lt;group&gt;</string>
		</dict>
		<key>226A37C41A37E18A00A2D0F5</key>
		<dict>
			<key>children</key>
			<array>
				<string>22ED40091A08707E003D6536</string>
				<string>22ED400A1A08707E003D6536</string>
				<string>227F6CF41A15313700E19E5C</string>
				<string>227F6CF51A15313700E19E5C</string>
			</array>
			<key>isa</key>
			<string>PBXGroup</string>
			<key>name</key>
			<string>Registration</string>
			<key>sourceTree</key>
			<string>&lt;group&gt;</string>
		</dict>
		<key>2271555F1A40902B00B437DA</key>
		<dict>
			<key>fileEncoding</key>
			<string>4</string>
			<key>isa</key>
			<string>PBXFileReference</string>
			<key>lastKnownFileType</key>
			<string>sourcecode.c.h</string>
			<key>path</key>
			<string>TBMBenchViewController.h</string>
			<key>sourceTree</key>
			<string>&lt;group&gt;</string>
		</dict>
		<key>227155601A40902B00B437DA</key>
		<dict>
			<key>fileEncoding</key>
			<string>4</string>
			<key>isa</key>
			<string>PBXFileReference</string>
			<key>lastKnownFileType</key>
			<string>sourcecode.c.objc</string>
			<key>path</key>
			<string>TBMBenchViewController.m</string>
			<key>sourceTree</key>
			<string>&lt;group&gt;</string>
		</dict>
		<key>227155611A40902B00B437DA</key>
		<dict>
			<key>fileRef</key>
			<string>227155601A40902B00B437DA</string>
			<key>isa</key>
			<string>PBXBuildFile</string>
		</dict>
		<key>227155621A40919900B437DA</key>
		<dict>
			<key>children</key>
			<array>
				<string>2287DB491922BB5D00B1C298</string>
				<string>2287DB4A1922BB5D00B1C298</string>
				<string>220E90391909A18B003C4F82</string>
				<string>220E903A1909A18B003C4F82</string>
				<string>223A11471915AED900177481</string>
				<string>223A11481915AED900177481</string>
				<string>22500B8619993FDC008E9EA4</string>
				<string>22500B8719993FDC008E9EA4</string>
			</array>
			<key>isa</key>
			<string>PBXGroup</string>
			<key>name</key>
			<string>AppDelegate</string>
			<key>sourceTree</key>
			<string>&lt;group&gt;</string>
		</dict>
		<key>227F6CF41A15313700E19E5C</key>
		<dict>
			<key>fileEncoding</key>
			<string>4</string>
			<key>isa</key>
			<string>PBXFileReference</string>
			<key>lastKnownFileType</key>
			<string>sourcecode.c.h</string>
			<key>path</key>
			<string>TBMRegisterForm.h</string>
			<key>sourceTree</key>
			<string>&lt;group&gt;</string>
		</dict>
		<key>227F6CF51A15313700E19E5C</key>
		<dict>
			<key>fileEncoding</key>
			<string>4</string>
			<key>isa</key>
			<string>PBXFileReference</string>
			<key>lastKnownFileType</key>
			<string>sourcecode.c.objc</string>
			<key>path</key>
			<string>TBMRegisterForm.m</string>
			<key>sourceTree</key>
			<string>&lt;group&gt;</string>
		</dict>
		<key>227F6CF61A15313700E19E5C</key>
		<dict>
			<key>fileRef</key>
			<string>227F6CF51A15313700E19E5C</string>
			<key>isa</key>
			<string>PBXBuildFile</string>
		</dict>
		<key>2287DB491922BB5D00B1C298</key>
		<dict>
			<key>fileEncoding</key>
			<string>4</string>
			<key>isa</key>
			<string>PBXFileReference</string>
			<key>lastKnownFileType</key>
			<string>sourcecode.c.h</string>
			<key>path</key>
			<string>TBMAppDelegate+PushNotification.h</string>
			<key>sourceTree</key>
			<string>&lt;group&gt;</string>
		</dict>
		<key>2287DB4A1922BB5D00B1C298</key>
		<dict>
			<key>fileEncoding</key>
			<string>4</string>
			<key>isa</key>
			<string>PBXFileReference</string>
			<key>lastKnownFileType</key>
			<string>sourcecode.c.objc</string>
			<key>path</key>
			<string>TBMAppDelegate+PushNotification.m</string>
			<key>sourceTree</key>
			<string>&lt;group&gt;</string>
		</dict>
		<key>2287DB4B1922BB5D00B1C298</key>
		<dict>
			<key>fileRef</key>
			<string>2287DB4A1922BB5D00B1C298</string>
			<key>isa</key>
			<string>PBXBuildFile</string>
		</dict>
		<key>2287DB4F1923141A00B1C298</key>
		<dict>
			<key>fileEncoding</key>
			<string>4</string>
			<key>isa</key>
			<string>PBXFileReference</string>
			<key>lastKnownFileType</key>
			<string>sourcecode.c.h</string>
			<key>path</key>
			<string>TBMFileTransferMangerDeprecated.h</string>
			<key>sourceTree</key>
			<string>&lt;group&gt;</string>
		</dict>
		<key>2287DB501923141A00B1C298</key>
		<dict>
			<key>fileEncoding</key>
			<string>4</string>
			<key>isa</key>
			<string>PBXFileReference</string>
			<key>lastKnownFileType</key>
			<string>sourcecode.c.objc</string>
			<key>path</key>
			<string>TBMFileTransferMangerDeprecated.m</string>
			<key>sourceTree</key>
			<string>&lt;group&gt;</string>
		</dict>
		<key>2287DB511923141A00B1C298</key>
		<dict>
			<key>fileRef</key>
			<string>2287DB501923141A00B1C298</string>
			<key>isa</key>
			<string>PBXBuildFile</string>
		</dict>
		<key>22A094E51A16C6B4009AB958</key>
		<dict>
			<key>fileEncoding</key>
			<string>4</string>
			<key>isa</key>
			<string>PBXFileReference</string>
			<key>lastKnownFileType</key>
			<string>sourcecode.c.h</string>
			<key>path</key>
			<string>TBMSelectPhoneTableDelegate.h</string>
			<key>sourceTree</key>
			<string>&lt;group&gt;</string>
		</dict>
		<key>22A094E61A16C6B4009AB958</key>
		<dict>
			<key>fileEncoding</key>
			<string>4</string>
			<key>isa</key>
			<string>PBXFileReference</string>
			<key>lastKnownFileType</key>
			<string>sourcecode.c.objc</string>
			<key>path</key>
			<string>TBMSelectPhoneTableDelegate.m</string>
			<key>sourceTree</key>
			<string>&lt;group&gt;</string>
		</dict>
		<key>22A094E71A16C6B4009AB958</key>
		<dict>
			<key>fileRef</key>
			<string>22A094E61A16C6B4009AB958</string>
			<key>isa</key>
			<string>PBXBuildFile</string>
		</dict>
		<key>22A375C21930E09E00C355EB</key>
		<dict>
			<key>fileEncoding</key>
			<string>4</string>
			<key>isa</key>
			<string>PBXFileReference</string>
			<key>lastKnownFileType</key>
			<string>sourcecode.c.h</string>
			<key>path</key>
			<string>TBMStringUtils.h</string>
			<key>sourceTree</key>
			<string>&lt;group&gt;</string>
		</dict>
		<key>22A375C31930E09E00C355EB</key>
		<dict>
			<key>fileEncoding</key>
			<string>4</string>
			<key>isa</key>
			<string>PBXFileReference</string>
			<key>lastKnownFileType</key>
			<string>sourcecode.c.objc</string>
			<key>path</key>
			<string>TBMStringUtils.m</string>
			<key>sourceTree</key>
			<string>&lt;group&gt;</string>
		</dict>
		<key>22A375C41930E09E00C355EB</key>
		<dict>
			<key>fileRef</key>
			<string>22A375C31930E09E00C355EB</string>
			<key>isa</key>
			<string>PBXBuildFile</string>
		</dict>
		<key>22A76A7819A2600C00D8C4FF</key>
		<dict>
			<key>fileEncoding</key>
			<string>4</string>
			<key>isa</key>
			<string>PBXFileReference</string>
			<key>lastKnownFileType</key>
			<string>sourcecode.c.h</string>
			<key>path</key>
			<string>TBMFriend.h</string>
			<key>sourceTree</key>
			<string>&lt;group&gt;</string>
		</dict>
		<key>22A76A7919A2600C00D8C4FF</key>
		<dict>
			<key>fileEncoding</key>
			<string>4</string>
			<key>isa</key>
			<string>PBXFileReference</string>
			<key>lastKnownFileType</key>
			<string>sourcecode.c.objc</string>
			<key>path</key>
			<string>TBMFriend.m</string>
			<key>sourceTree</key>
			<string>&lt;group&gt;</string>
		</dict>
		<key>22A76A7A19A2600C00D8C4FF</key>
		<dict>
			<key>fileRef</key>
			<string>22A76A7919A2600C00D8C4FF</string>
			<key>isa</key>
			<string>PBXBuildFile</string>
		</dict>
		<key>22A76A7B19A2600C00D8C4FF</key>
		<dict>
			<key>fileEncoding</key>
			<string>4</string>
			<key>isa</key>
			<string>PBXFileReference</string>
			<key>lastKnownFileType</key>
			<string>sourcecode.c.h</string>
			<key>path</key>
			<string>TBMVideo.h</string>
			<key>sourceTree</key>
			<string>&lt;group&gt;</string>
		</dict>
		<key>22A76A7C19A2600C00D8C4FF</key>
		<dict>
			<key>fileEncoding</key>
			<string>4</string>
			<key>isa</key>
			<string>PBXFileReference</string>
			<key>lastKnownFileType</key>
			<string>sourcecode.c.objc</string>
			<key>path</key>
			<string>TBMVideo.m</string>
			<key>sourceTree</key>
			<string>&lt;group&gt;</string>
		</dict>
		<key>22A76A7D19A2600C00D8C4FF</key>
		<dict>
			<key>fileRef</key>
			<string>22A76A7C19A2600C00D8C4FF</string>
			<key>isa</key>
			<string>PBXBuildFile</string>
		</dict>
		<key>22A8F5061A09608800F7AD0E</key>
		<dict>
			<key>fileEncoding</key>
			<string>4</string>
			<key>isa</key>
			<string>PBXFileReference</string>
			<key>lastKnownFileType</key>
			<string>sourcecode.c.h</string>
			<key>path</key>
			<string>TBMTextField.h</string>
			<key>sourceTree</key>
			<string>&lt;group&gt;</string>
		</dict>
		<key>22A8F5071A09608800F7AD0E</key>
		<dict>
			<key>fileEncoding</key>
			<string>4</string>
			<key>isa</key>
			<string>PBXFileReference</string>
			<key>lastKnownFileType</key>
			<string>sourcecode.c.objc</string>
			<key>path</key>
			<string>TBMTextField.m</string>
			<key>sourceTree</key>
			<string>&lt;group&gt;</string>
		</dict>
		<key>22A8F5081A09608800F7AD0E</key>
		<dict>
			<key>fileRef</key>
			<string>22A8F5071A09608800F7AD0E</string>
			<key>isa</key>
			<string>PBXBuildFile</string>
		</dict>
		<key>22A8F5091A099C7600F7AD0E</key>
		<dict>
			<key>fileEncoding</key>
			<string>4</string>
			<key>isa</key>
			<string>PBXFileReference</string>
			<key>lastKnownFileType</key>
			<string>sourcecode.c.h</string>
			<key>path</key>
			<string>TBMPhoneUtils.h</string>
			<key>sourceTree</key>
			<string>&lt;group&gt;</string>
		</dict>
		<key>22A8F50A1A099C7600F7AD0E</key>
		<dict>
			<key>fileEncoding</key>
			<string>4</string>
			<key>isa</key>
			<string>PBXFileReference</string>
			<key>lastKnownFileType</key>
			<string>sourcecode.c.objc</string>
			<key>path</key>
			<string>TBMPhoneUtils.m</string>
			<key>sourceTree</key>
			<string>&lt;group&gt;</string>
		</dict>
		<key>22A8F50B1A099C7600F7AD0E</key>
		<dict>
			<key>fileRef</key>
			<string>22A8F50A1A099C7600F7AD0E</string>
			<key>isa</key>
			<string>PBXBuildFile</string>
		</dict>
		<key>22BF060319D4A5FC00F6E025</key>
		<dict>
			<key>fileEncoding</key>
			<string>4</string>
			<key>isa</key>
			<string>PBXFileReference</string>
			<key>lastKnownFileType</key>
			<string>sourcecode.c.h</string>
			<key>path</key>
			<string>TBMHomeViewController+Invite.h</string>
			<key>sourceTree</key>
			<string>&lt;group&gt;</string>
		</dict>
		<key>22BF060419D4A5FC00F6E025</key>
		<dict>
			<key>fileEncoding</key>
			<string>4</string>
			<key>isa</key>
			<string>PBXFileReference</string>
			<key>lastKnownFileType</key>
			<string>sourcecode.c.objc</string>
			<key>path</key>
			<string>TBMHomeViewController+Invite.m</string>
			<key>sourceTree</key>
			<string>&lt;group&gt;</string>
		</dict>
		<key>22BF060519D4A5FC00F6E025</key>
		<dict>
			<key>fileRef</key>
			<string>22BF060419D4A5FC00F6E025</string>
			<key>isa</key>
			<string>PBXBuildFile</string>
		</dict>
		<key>22CC5E5D1A1AD9A900AAFB75</key>
		<dict>
			<key>fileEncoding</key>
			<string>4</string>
			<key>isa</key>
			<string>PBXFileReference</string>
			<key>lastKnownFileType</key>
			<string>sourcecode.c.h</string>
			<key>path</key>
			<string>TBMTableModal.h</string>
			<key>sourceTree</key>
			<string>&lt;group&gt;</string>
		</dict>
		<key>22CC5E5E1A1AD9A900AAFB75</key>
		<dict>
			<key>fileEncoding</key>
			<string>4</string>
			<key>isa</key>
			<string>PBXFileReference</string>
			<key>lastKnownFileType</key>
			<string>sourcecode.c.objc</string>
			<key>path</key>
			<string>TBMTableModal.m</string>
			<key>sourceTree</key>
			<string>&lt;group&gt;</string>
		</dict>
		<key>22CC5E5F1A1AD9A900AAFB75</key>
		<dict>
			<key>fileRef</key>
			<string>22CC5E5E1A1AD9A900AAFB75</string>
			<key>isa</key>
			<string>PBXBuildFile</string>
		</dict>
		<key>22DACC791A1D015700B2F750</key>
		<dict>
			<key>fileEncoding</key>
			<string>4</string>
			<key>isa</key>
			<string>PBXFileReference</string>
			<key>lastKnownFileType</key>
			<string>sourcecode.c.h</string>
			<key>path</key>
			<string>TBMContentViewModal.h</string>
			<key>sourceTree</key>
			<string>&lt;group&gt;</string>
		</dict>
		<key>22DACC7A1A1D015700B2F750</key>
		<dict>
			<key>fileEncoding</key>
			<string>4</string>
			<key>isa</key>
			<string>PBXFileReference</string>
			<key>lastKnownFileType</key>
			<string>sourcecode.c.objc</string>
			<key>path</key>
			<string>TBMContentViewModal.m</string>
			<key>sourceTree</key>
			<string>&lt;group&gt;</string>
		</dict>
		<key>22DACC7B1A1D015700B2F750</key>
		<dict>
			<key>fileRef</key>
			<string>22DACC7A1A1D015700B2F750</string>
			<key>isa</key>
			<string>PBXBuildFile</string>
		</dict>
		<key>22EA56B419103A2B00646D3E</key>
		<dict>
			<key>children</key>
			<array>
				<string>22EA56BA19103E4B00646D3E</string>
				<string>22EA56B519103A3F00646D3E</string>
			</array>
			<key>isa</key>
			<string>PBXGroup</string>
			<key>name</key>
			<string>Sounds</string>
			<key>sourceTree</key>
			<string>&lt;group&gt;</string>
		</dict>
		<key>22EA56B519103A3F00646D3E</key>
		<dict>
			<key>isa</key>
			<string>PBXFileReference</string>
			<key>lastKnownFileType</key>
			<string>audio.wav</string>
			<key>path</key>
			<string>single_ding_chimes.wav</string>
			<key>sourceTree</key>
			<string>&lt;group&gt;</string>
		</dict>
		<key>22EA56B619103A3F00646D3E</key>
		<dict>
			<key>fileRef</key>
			<string>22EA56B519103A3F00646D3E</string>
			<key>isa</key>
			<string>PBXBuildFile</string>
		</dict>
		<key>22EA56BA19103E4B00646D3E</key>
		<dict>
			<key>isa</key>
			<string>PBXFileReference</string>
			<key>lastKnownFileType</key>
			<string>audio.wav</string>
			<key>path</key>
			<string>single_ding_chimes2.wav</string>
			<key>sourceTree</key>
			<string>&lt;group&gt;</string>
		</dict>
		<key>22EA56BB19103E4B00646D3E</key>
		<dict>
			<key>fileRef</key>
			<string>22EA56BA19103E4B00646D3E</string>
			<key>isa</key>
			<string>PBXBuildFile</string>
		</dict>
		<key>22EA56BC191068B700646D3E</key>
		<dict>
			<key>fileEncoding</key>
			<string>4</string>
			<key>isa</key>
			<string>PBXFileReference</string>
			<key>lastKnownFileType</key>
			<string>sourcecode.c.h</string>
			<key>path</key>
			<string>TBMVideoPlayer.h</string>
			<key>sourceTree</key>
			<string>&lt;group&gt;</string>
		</dict>
		<key>22EA56BD191068B700646D3E</key>
		<dict>
			<key>fileEncoding</key>
			<string>4</string>
			<key>isa</key>
			<string>PBXFileReference</string>
			<key>lastKnownFileType</key>
			<string>sourcecode.c.objc</string>
			<key>path</key>
			<string>TBMVideoPlayer.m</string>
			<key>sourceTree</key>
			<string>&lt;group&gt;</string>
		</dict>
		<key>22EA56BE191068B700646D3E</key>
		<dict>
			<key>fileRef</key>
			<string>22EA56BD191068B700646D3E</string>
			<key>isa</key>
			<string>PBXBuildFile</string>
		</dict>
		<key>22EA56BF19106AD100646D3E</key>
		<dict>
			<key>fileEncoding</key>
			<string>4</string>
			<key>isa</key>
			<string>PBXFileReference</string>
			<key>lastKnownFileType</key>
			<string>sourcecode.c.h</string>
			<key>path</key>
			<string>TBMConfig.h</string>
			<key>sourceTree</key>
			<string>&lt;group&gt;</string>
		</dict>
		<key>22EA56C019106AD100646D3E</key>
		<dict>
			<key>fileEncoding</key>
			<string>4</string>
			<key>isa</key>
			<string>PBXFileReference</string>
			<key>lastKnownFileType</key>
			<string>sourcecode.c.objc</string>
			<key>path</key>
			<string>TBMConfig.m</string>
			<key>sourceTree</key>
			<string>&lt;group&gt;</string>
		</dict>
		<key>22EA56C119106AD100646D3E</key>
		<dict>
			<key>fileRef</key>
			<string>22EA56C019106AD100646D3E</string>
			<key>isa</key>
			<string>PBXBuildFile</string>
		</dict>
		<key>22ED40061A0850F5003D6536</key>
		<dict>
			<key>fileEncoding</key>
			<string>4</string>
			<key>isa</key>
			<string>PBXFileReference</string>
			<key>lastKnownFileType</key>
			<string>sourcecode.c.h</string>
			<key>path</key>
			<string>TBMGridElement.h</string>
			<key>sourceTree</key>
			<string>&lt;group&gt;</string>
		</dict>
		<key>22ED40071A0850F5003D6536</key>
		<dict>
			<key>fileEncoding</key>
			<string>4</string>
			<key>isa</key>
			<string>PBXFileReference</string>
			<key>lastKnownFileType</key>
			<string>sourcecode.c.objc</string>
			<key>path</key>
			<string>TBMGridElement.m</string>
			<key>sourceTree</key>
			<string>&lt;group&gt;</string>
		</dict>
		<key>22ED40081A0850F5003D6536</key>
		<dict>
			<key>fileRef</key>
			<string>22ED40071A0850F5003D6536</string>
			<key>isa</key>
			<string>PBXBuildFile</string>
		</dict>
		<key>22ED40091A08707E003D6536</key>
		<dict>
			<key>fileEncoding</key>
			<string>4</string>
			<key>isa</key>
			<string>PBXFileReference</string>
			<key>lastKnownFileType</key>
			<string>sourcecode.c.h</string>
			<key>path</key>
			<string>TBMRegisterViewController.h</string>
			<key>sourceTree</key>
			<string>&lt;group&gt;</string>
		</dict>
		<key>22ED400A1A08707E003D6536</key>
		<dict>
			<key>fileEncoding</key>
			<string>4</string>
			<key>isa</key>
			<string>PBXFileReference</string>
			<key>lastKnownFileType</key>
			<string>sourcecode.c.objc</string>
			<key>path</key>
			<string>TBMRegisterViewController.m</string>
			<key>sourceTree</key>
			<string>&lt;group&gt;</string>
		</dict>
		<key>22ED400B1A08707E003D6536</key>
		<dict>
			<key>fileRef</key>
			<string>22ED400A1A08707E003D6536</string>
			<key>isa</key>
			<string>PBXBuildFile</string>
		</dict>
		<key>22F1A4C219354AC500E04229</key>
		<dict>
			<key>fileEncoding</key>
			<string>4</string>
			<key>isa</key>
			<string>PBXFileReference</string>
			<key>lastKnownFileType</key>
			<string>sourcecode.c.h</string>
			<key>path</key>
			<string>TBMVideoIdUtils.h</string>
			<key>sourceTree</key>
			<string>&lt;group&gt;</string>
		</dict>
		<key>22F1A4C319354AC500E04229</key>
		<dict>
			<key>fileEncoding</key>
			<string>4</string>
			<key>isa</key>
			<string>PBXFileReference</string>
			<key>lastKnownFileType</key>
			<string>sourcecode.c.objc</string>
			<key>path</key>
			<string>TBMVideoIdUtils.m</string>
			<key>sourceTree</key>
			<string>&lt;group&gt;</string>
		</dict>
		<key>22F1A4C419354AC500E04229</key>
		<dict>
			<key>fileRef</key>
			<string>22F1A4C319354AC500E04229</string>
			<key>isa</key>
			<string>PBXBuildFile</string>
		</dict>
		<key>22F32AFB19228F3300AB524E</key>
		<dict>
			<key>isa</key>
			<string>PBXFileReference</string>
			<key>lastKnownFileType</key>
			<string>wrapper.framework</string>
			<key>name</key>
			<string>StoreKit.framework</string>
			<key>path</key>
			<string>System/Library/Frameworks/StoreKit.framework</string>
			<key>sourceTree</key>
			<string>SDKROOT</string>
		</dict>
		<key>22F32AFC19228F3300AB524E</key>
		<dict>
			<key>fileRef</key>
			<string>22F32AFB19228F3300AB524E</string>
			<key>isa</key>
			<string>PBXBuildFile</string>
		</dict>
		<key>22FE29FF1A09C0460051FC9C</key>
		<dict>
			<key>fileEncoding</key>
			<string>4</string>
			<key>isa</key>
			<string>PBXFileReference</string>
			<key>lastKnownFileType</key>
			<string>sourcecode.c.h</string>
			<key>path</key>
			<string>TBMFriendGetter.h</string>
			<key>sourceTree</key>
			<string>&lt;group&gt;</string>
		</dict>
		<key>22FE2A001A09C0460051FC9C</key>
		<dict>
			<key>fileEncoding</key>
			<string>4</string>
			<key>isa</key>
			<string>PBXFileReference</string>
			<key>lastKnownFileType</key>
			<string>sourcecode.c.objc</string>
			<key>path</key>
			<string>TBMFriendGetter.m</string>
			<key>sourceTree</key>
			<string>&lt;group&gt;</string>
		</dict>
		<key>22FE2A011A09C0460051FC9C</key>
		<dict>
			<key>fileRef</key>
			<string>22FE2A001A09C0460051FC9C</string>
			<key>isa</key>
			<string>PBXBuildFile</string>
		</dict>
		<key>7716E91C15B9FF656396DC61</key>
		<dict>
			<key>includeInIndex</key>
			<string>1</string>
			<key>isa</key>
			<string>PBXFileReference</string>
			<key>lastKnownFileType</key>
			<string>text.xcconfig</string>
			<key>name</key>
			<string>Pods.debug.xcconfig</string>
			<key>path</key>
			<string>Pods/Target Support Files/Pods/Pods.debug.xcconfig</string>
			<key>sourceTree</key>
			<string>&lt;group&gt;</string>
		</dict>
		<key>90DCA26FC9A448EB9C5E5879</key>
		<dict>
			<key>buildActionMask</key>
			<string>2147483647</string>
			<key>files</key>
			<array/>
			<key>inputPaths</key>
			<array/>
			<key>isa</key>
			<string>PBXShellScriptBuildPhase</string>
			<key>name</key>
			<string>Check Pods Manifest.lock</string>
			<key>outputPaths</key>
			<array/>
			<key>runOnlyForDeploymentPostprocessing</key>
			<string>0</string>
			<key>shellPath</key>
			<string>/bin/sh</string>
			<key>shellScript</key>
			<string>diff "${PODS_ROOT}/../Podfile.lock" "${PODS_ROOT}/Manifest.lock" &gt; /dev/null
if [[ $? != 0 ]] ; then
    cat &lt;&lt; EOM
error: The sandbox is not in sync with the Podfile.lock. Run 'pod install' or update your CocoaPods installation.
EOM
    exit 1
fi
</string>
			<key>showEnvVarsInLog</key>
			<string>0</string>
		</dict>
		<key>984D6697D8F62FFA194F39A2</key>
		<dict>
			<key>children</key>
			<array>
				<string>7716E91C15B9FF656396DC61</string>
				<string>074DBFEFF2D176488120A3DB</string>
			</array>
			<key>isa</key>
			<string>PBXGroup</string>
			<key>name</key>
			<string>Pods</string>
			<key>sourceTree</key>
			<string>&lt;group&gt;</string>
		</dict>
		<key>98B109B594AF439180A6DFAF</key>
		<dict>
			<key>explicitFileType</key>
			<string>archive.ar</string>
			<key>includeInIndex</key>
			<string>0</string>
			<key>isa</key>
			<string>PBXFileReference</string>
			<key>path</key>
			<string>libPods.a</string>
			<key>sourceTree</key>
			<string>BUILT_PRODUCTS_DIR</string>
		</dict>
		<key>E20D3F30A3404563A3BEC783</key>
		<dict>
			<key>fileRef</key>
			<string>98B109B594AF439180A6DFAF</string>
			<key>isa</key>
			<string>PBXBuildFile</string>
		</dict>
		<key>F150BE2BD20343D6AD66EF07</key>
		<dict>
			<key>buildActionMask</key>
			<string>2147483647</string>
			<key>files</key>
			<array/>
			<key>inputPaths</key>
			<array/>
			<key>isa</key>
			<string>PBXShellScriptBuildPhase</string>
			<key>name</key>
			<string>Copy Pods Resources</string>
			<key>outputPaths</key>
			<array/>
			<key>runOnlyForDeploymentPostprocessing</key>
			<string>0</string>
			<key>shellPath</key>
			<string>/bin/sh</string>
			<key>shellScript</key>
			<string>"${SRCROOT}/Pods/Target Support Files/Pods/Pods-resources.sh"
</string>
			<key>showEnvVarsInLog</key>
			<string>0</string>
		</dict>
	</dict>
	<key>rootObject</key>
	<string>220E901D1909A18B003C4F82</string>
</dict>
</plist>
