// !$*UTF8*$!
{
	archiveVersion = 1;
	classes = {
	};
	objectVersion = 46;
	objects = {

/* Begin PBXBuildFile section */
		220207CA198878650013CE3B /* TBMRemoteStorageHandler.m in Sources */ = {isa = PBXBuildFile; fileRef = 220207C9198878650013CE3B /* TBMRemoteStorageHandler.m */; };
		2208E8A51A14195500150C35 /* TBMContactsManager.m in Sources */ = {isa = PBXBuildFile; fileRef = 2208E8A41A14195500150C35 /* TBMContactsManager.m */; };
		2208E8A81A1419D400150C35 /* AddressBook.framework in Frameworks */ = {isa = PBXBuildFile; fileRef = 2208E8A61A1419D400150C35 /* AddressBook.framework */; };
		2208E8A91A1419D400150C35 /* AddressBookUI.framework in Frameworks */ = {isa = PBXBuildFile; fileRef = 2208E8A71A1419D400150C35 /* AddressBookUI.framework */; };
		22093F1B192590CE0021EB0C /* TBMSoundEffect.m in Sources */ = {isa = PBXBuildFile; fileRef = 22093F1A192590CE0021EB0C /* TBMSoundEffect.m */; };
		220DC03F1A3A61CC006A3F90 /* TBMGridViewController.m in Sources */ = {isa = PBXBuildFile; fileRef = 220DC03E1A3A61CC006A3F90 /* TBMGridViewController.m */; };
		220E90291909A18B003C4F82 /* Foundation.framework in Frameworks */ = {isa = PBXBuildFile; fileRef = 220E90281909A18B003C4F82 /* Foundation.framework */; };
		220E902B1909A18B003C4F82 /* CoreGraphics.framework in Frameworks */ = {isa = PBXBuildFile; fileRef = 220E902A1909A18B003C4F82 /* CoreGraphics.framework */; };
		220E902D1909A18B003C4F82 /* UIKit.framework in Frameworks */ = {isa = PBXBuildFile; fileRef = 220E902C1909A18B003C4F82 /* UIKit.framework */; };
		220E902F1909A18B003C4F82 /* CoreData.framework in Frameworks */ = {isa = PBXBuildFile; fileRef = 220E902E1909A18B003C4F82 /* CoreData.framework */; };
		220E90351909A18B003C4F82 /* InfoPlist.strings in Resources */ = {isa = PBXBuildFile; fileRef = 220E90331909A18B003C4F82 /* InfoPlist.strings */; };
		220E90371909A18B003C4F82 /* main.m in Sources */ = {isa = PBXBuildFile; fileRef = 220E90361909A18B003C4F82 /* main.m */; };
		220E903B1909A18B003C4F82 /* TBMAppDelegate.m in Sources */ = {isa = PBXBuildFile; fileRef = 220E903A1909A18B003C4F82 /* TBMAppDelegate.m */; };
		220E903E1909A18B003C4F82 /* tbm.xcdatamodeld in Sources */ = {isa = PBXBuildFile; fileRef = 220E903C1909A18B003C4F82 /* tbm.xcdatamodeld */; };
		220E90401909A18B003C4F82 /* Images.xcassets in Resources */ = {isa = PBXBuildFile; fileRef = 220E903F1909A18B003C4F82 /* Images.xcassets */; };
		220E90471909A18B003C4F82 /* XCTest.framework in Frameworks */ = {isa = PBXBuildFile; fileRef = 220E90461909A18B003C4F82 /* XCTest.framework */; };
		220E90481909A18C003C4F82 /* Foundation.framework in Frameworks */ = {isa = PBXBuildFile; fileRef = 220E90281909A18B003C4F82 /* Foundation.framework */; };
		220E90491909A18C003C4F82 /* UIKit.framework in Frameworks */ = {isa = PBXBuildFile; fileRef = 220E902C1909A18B003C4F82 /* UIKit.framework */; };
		220E904A1909A18C003C4F82 /* CoreData.framework in Frameworks */ = {isa = PBXBuildFile; fileRef = 220E902E1909A18B003C4F82 /* CoreData.framework */; };
		220E90521909A18C003C4F82 /* InfoPlist.strings in Resources */ = {isa = PBXBuildFile; fileRef = 220E90501909A18C003C4F82 /* InfoPlist.strings */; };
		220E90541909A18C003C4F82 /* KeyChainWrapperTests.m in Sources */ = {isa = PBXBuildFile; fileRef = 220E90531909A18C003C4F82 /* KeyChainWrapperTests.m */; };
		220E905E1909A1A9003C4F82 /* TBM.storyboard in Resources */ = {isa = PBXBuildFile; fileRef = 220E905D1909A1A9003C4F82 /* TBM.storyboard */; };
		22151E881A5CB07B008EF88E /* TBMDispatch.m in Sources */ = {isa = PBXBuildFile; fileRef = 22151E871A5CB07B008EF88E /* TBMDispatch.m */; };
		22151E8A1A5CF4B2008EF88E /* TBMDispatchTests.m in Sources */ = {isa = PBXBuildFile; fileRef = 22151E891A5CF4B2008EF88E /* TBMDispatchTests.m */; };
		221B77661A68888C009FA670 /* TPKeyboardAvoidingCollectionView.m in Sources */ = {isa = PBXBuildFile; fileRef = 221B775F1A68888C009FA670 /* TPKeyboardAvoidingCollectionView.m */; };
		221B77671A68888C009FA670 /* TPKeyboardAvoidingScrollView.m in Sources */ = {isa = PBXBuildFile; fileRef = 221B77611A68888C009FA670 /* TPKeyboardAvoidingScrollView.m */; };
		221B77681A68888C009FA670 /* TPKeyboardAvoidingTableView.m in Sources */ = {isa = PBXBuildFile; fileRef = 221B77631A68888C009FA670 /* TPKeyboardAvoidingTableView.m */; };
		221B77691A68888C009FA670 /* UIScrollView+TPKeyboardAvoidingAdditions.m in Sources */ = {isa = PBXBuildFile; fileRef = 221B77651A68888C009FA670 /* UIScrollView+TPKeyboardAvoidingAdditions.m */; };
		221B77701A688984009FA670 /* TBMAlertController.m in Sources */ = {isa = PBXBuildFile; fileRef = 221B776B1A688984009FA670 /* TBMAlertController.m */; };
		221B77711A688984009FA670 /* TBMAlertControllerView.m in Sources */ = {isa = PBXBuildFile; fileRef = 221B776D1A688984009FA670 /* TBMAlertControllerView.m */; };
		221B77721A688984009FA670 /* TBMAlertControllerVisualStyle.m in Sources */ = {isa = PBXBuildFile; fileRef = 221B776F1A688984009FA670 /* TBMAlertControllerVisualStyle.m */; };
		221B77761A6889B9009FA670 /* TBMBenchTableViewCell.m in Sources */ = {isa = PBXBuildFile; fileRef = 221B77751A6889B9009FA670 /* TBMBenchTableViewCell.m */; };
		221EA2911912E86300649BC5 /* TBMUser.m in Sources */ = {isa = PBXBuildFile; fileRef = 221EA2901912E86300649BC5 /* TBMUser.m */; };
		221F4EB61AFFBB4800D0771B /* AVAudioSession+TBMAudioSession.m in Sources */ = {isa = PBXBuildFile; fileRef = 221F4EB51AFFBB4800D0771B /* AVAudioSession+TBMAudioSession.m */; };
		22249586190B52E4008EF394 /* TBMLongPressTouchHandler.m in Sources */ = {isa = PBXBuildFile; fileRef = 22249585190B52E4008EF394 /* TBMLongPressTouchHandler.m */; };
		222724331917F2F500DA6865 /* NSArray+NSArrayExtensions.m in Sources */ = {isa = PBXBuildFile; fileRef = 222724321917F2F500DA6865 /* NSArray+NSArrayExtensions.m */; };
		2227243519182A1000DA6865 /* head.png in Resources */ = {isa = PBXBuildFile; fileRef = 2227243419182A1000DA6865 /* head.png */; };
		223A11461915926800177481 /* TBMHttpManager.m in Sources */ = {isa = PBXBuildFile; fileRef = 223A11451915926800177481 /* TBMHttpManager.m */; };
		223A11491915AED900177481 /* TBMAppDelegate+Boot.m in Sources */ = {isa = PBXBuildFile; fileRef = 223A11481915AED900177481 /* TBMAppDelegate+Boot.m */; };
		223C55DF1B06AD0A00FB8B7C /* TBMVerfiicationAlertHandler.m in Sources */ = {isa = PBXBuildFile; fileRef = 223C55DE1B06AD0A00FB8B7C /* TBMVerfiicationAlertHandler.m */; };
		223D927B1A1EE0F2002F1E14 /* TBMContactSearchTableDelegate.m in Sources */ = {isa = PBXBuildFile; fileRef = 223D927A1A1EE0F2002F1E14 /* TBMContactSearchTableDelegate.m */; };
		22403C2B19D5E63400FC36E3 /* MessageUI.framework in Frameworks */ = {isa = PBXBuildFile; fileRef = 22403C2A19D5E63400FC36E3 /* MessageUI.framework */; };
		224101D2190D40B1005128F9 /* TBMDeviceHandler.m in Sources */ = {isa = PBXBuildFile; fileRef = 224101D1190D40B1005128F9 /* TBMDeviceHandler.m */; };
		224101D4190D4180005128F9 /* AVFoundation.framework in Frameworks */ = {isa = PBXBuildFile; fileRef = 224101D3190D4180005128F9 /* AVFoundation.framework */; };
		224101D7190D5171005128F9 /* TBMVideoRecorder.m in Sources */ = {isa = PBXBuildFile; fileRef = 224101D6190D5171005128F9 /* TBMVideoRecorder.m */; };
		22500B8819993FDC008E9EA4 /* TBMAppDelegate+AppSync.m in Sources */ = {isa = PBXBuildFile; fileRef = 22500B8719993FDC008E9EA4 /* TBMAppDelegate+AppSync.m */; };
		2259A98B1ADA17A200E7DCDE /* TBMVideoProcessor.m in Sources */ = {isa = PBXBuildFile; fileRef = 2259A98A1ADA17A200E7DCDE /* TBMVideoProcessor.m */; };
		2259A98D1ADAD19900E7DCDE /* TBMVideoIdUtilsTests.m in Sources */ = {isa = PBXBuildFile; fileRef = 2259A98C1ADAD19900E7DCDE /* TBMVideoIdUtilsTests.m */; };
		225D21C01A5B5B4F0087A25B /* TBMS3CredentialsManager.m in Sources */ = {isa = PBXBuildFile; fileRef = 225D21BF1A5B5B4F0087A25B /* TBMS3CredentialsManager.m */; };
		225D21C41A5B7A060087A25B /* S3CredentialsManagerTests.m in Sources */ = {isa = PBXBuildFile; fileRef = 225D21C31A5B7A060087A25B /* S3CredentialsManagerTests.m */; };
		2261417719A52CFB006FB870 /* TBMVersionHandler.m in Sources */ = {isa = PBXBuildFile; fileRef = 2261417619A52CFB006FB870 /* TBMVersionHandler.m */; };
		2266439B190AD932006C9072 /* TBMViewUtils.m in Sources */ = {isa = PBXBuildFile; fileRef = 2266439A190AD932006C9072 /* TBMViewUtils.m */; };
		226643A7190B13E2006C9072 /* TBMGeometryUtils.m in Sources */ = {isa = PBXBuildFile; fileRef = 226643A6190B13E2006C9072 /* TBMGeometryUtils.m */; };
		226914D319AFCD42007497F1 /* Icon-72.png in Resources */ = {isa = PBXBuildFile; fileRef = 226914B619AFCD42007497F1 /* Icon-72.png */; };
		226914D419AFCD42007497F1 /* Icon-72@2x.png in Resources */ = {isa = PBXBuildFile; fileRef = 226914B719AFCD42007497F1 /* Icon-72@2x.png */; };
		226914D519AFCD42007497F1 /* Icon-Small-50.png in Resources */ = {isa = PBXBuildFile; fileRef = 226914B819AFCD42007497F1 /* Icon-Small-50.png */; };
		226914D619AFCD42007497F1 /* Icon-Small-50@2x.png in Resources */ = {isa = PBXBuildFile; fileRef = 226914B919AFCD42007497F1 /* Icon-Small-50@2x.png */; };
		226914D719AFCD42007497F1 /* Icon-Small.png in Resources */ = {isa = PBXBuildFile; fileRef = 226914BA19AFCD42007497F1 /* Icon-Small.png */; };
		226914D819AFCD42007497F1 /* Icon-Small@2x.png in Resources */ = {isa = PBXBuildFile; fileRef = 226914BB19AFCD42007497F1 /* Icon-Small@2x.png */; };
		226914D919AFCD42007497F1 /* Icon.png in Resources */ = {isa = PBXBuildFile; fileRef = 226914BC19AFCD42007497F1 /* Icon.png */; };
		226914DA19AFCD42007497F1 /* Icon@2x.png in Resources */ = {isa = PBXBuildFile; fileRef = 226914BD19AFCD42007497F1 /* Icon@2x.png */; };
		226914DB19AFCD42007497F1 /* iTunesArtwork.png in Resources */ = {isa = PBXBuildFile; fileRef = 226914BE19AFCD42007497F1 /* iTunesArtwork.png */; };
		226914DC19AFCD42007497F1 /* iTunesArtwork@2x.png in Resources */ = {isa = PBXBuildFile; fileRef = 226914BF19AFCD42007497F1 /* iTunesArtwork@2x.png */; };
		226914DD19AFCD42007497F1 /* Icon-40.png in Resources */ = {isa = PBXBuildFile; fileRef = 226914C119AFCD42007497F1 /* Icon-40.png */; };
		226914DE19AFCD42007497F1 /* Icon-40@2x.png in Resources */ = {isa = PBXBuildFile; fileRef = 226914C219AFCD42007497F1 /* Icon-40@2x.png */; };
		226914DF19AFCD42007497F1 /* Icon-60.png in Resources */ = {isa = PBXBuildFile; fileRef = 226914C319AFCD42007497F1 /* Icon-60.png */; };
		226914E019AFCD42007497F1 /* Icon-60@2x.png in Resources */ = {isa = PBXBuildFile; fileRef = 226914C419AFCD42007497F1 /* Icon-60@2x.png */; };
		226914E119AFCD42007497F1 /* Icon-72.png in Resources */ = {isa = PBXBuildFile; fileRef = 226914C519AFCD42007497F1 /* Icon-72.png */; };
		226914E219AFCD42007497F1 /* Icon-72@2x.png in Resources */ = {isa = PBXBuildFile; fileRef = 226914C619AFCD42007497F1 /* Icon-72@2x.png */; };
		226914E319AFCD42007497F1 /* Icon-76.png in Resources */ = {isa = PBXBuildFile; fileRef = 226914C719AFCD42007497F1 /* Icon-76.png */; };
		226914E419AFCD42007497F1 /* Icon-76@2x.png in Resources */ = {isa = PBXBuildFile; fileRef = 226914C819AFCD42007497F1 /* Icon-76@2x.png */; };
		226914E519AFCD42007497F1 /* Icon-Small-50.png in Resources */ = {isa = PBXBuildFile; fileRef = 226914C919AFCD42007497F1 /* Icon-Small-50.png */; };
		226914E619AFCD42007497F1 /* Icon-Small-50@2x.png in Resources */ = {isa = PBXBuildFile; fileRef = 226914CA19AFCD42007497F1 /* Icon-Small-50@2x.png */; };
		226914E719AFCD42007497F1 /* Icon-Small.png in Resources */ = {isa = PBXBuildFile; fileRef = 226914CB19AFCD42007497F1 /* Icon-Small.png */; };
		226914E819AFCD42007497F1 /* Icon-Small@2x.png in Resources */ = {isa = PBXBuildFile; fileRef = 226914CC19AFCD42007497F1 /* Icon-Small@2x.png */; };
		226914E919AFCD42007497F1 /* Icon.png in Resources */ = {isa = PBXBuildFile; fileRef = 226914CD19AFCD42007497F1 /* Icon.png */; };
		226914EA19AFCD42007497F1 /* Icon@2x.png in Resources */ = {isa = PBXBuildFile; fileRef = 226914CE19AFCD42007497F1 /* Icon@2x.png */; };
		226914EB19AFCD42007497F1 /* iTunesArtwork.png in Resources */ = {isa = PBXBuildFile; fileRef = 226914CF19AFCD42007497F1 /* iTunesArtwork.png */; };
		226914EC19AFCD42007497F1 /* iTunesArtwork@2x.png in Resources */ = {isa = PBXBuildFile; fileRef = 226914D019AFCD42007497F1 /* iTunesArtwork@2x.png */; };
		226914ED19AFCD42007497F1 /* logo.png in Resources */ = {isa = PBXBuildFile; fileRef = 226914D119AFCD42007497F1 /* logo.png */; };
		226914EE19AFCD42007497F1 /* logo.pxm in Resources */ = {isa = PBXBuildFile; fileRef = 226914D219AFCD42007497F1 /* logo.pxm */; };
		226A26031A584AD6006FDFDA /* TBMKeyChainWrapper.m in Sources */ = {isa = PBXBuildFile; fileRef = 226A26021A584AD6006FDFDA /* TBMKeyChainWrapper.m */; };
		226A37C11A37E08900A2D0F5 /* TBMGridElementViewController.m in Sources */ = {isa = PBXBuildFile; fileRef = 226A37C01A37E08900A2D0F5 /* TBMGridElementViewController.m */; };
		226B49A71AE990FD00E4D2BE /* NSError+Extensions.m in Sources */ = {isa = PBXBuildFile; fileRef = 226B49A61AE990FD00E4D2BE /* NSError+Extensions.m */; };
		227155611A40902B00B437DA /* TBMBenchViewController.m in Sources */ = {isa = PBXBuildFile; fileRef = 227155601A40902B00B437DA /* TBMBenchViewController.m */; };
		227767A41A963FE90093EFB1 /* StringUtilsTest.m in Sources */ = {isa = PBXBuildFile; fileRef = 227767A31A963FE90093EFB1 /* StringUtilsTest.m */; };
		227767A71A9966AD0093EFB1 /* BeepSin30.wav in Resources */ = {isa = PBXBuildFile; fileRef = 227767A51A9966AD0093EFB1 /* BeepSin30.wav */; };
		227F6CF61A15313700E19E5C /* TBMRegisterForm.m in Sources */ = {isa = PBXBuildFile; fileRef = 227F6CF51A15313700E19E5C /* TBMRegisterForm.m */; };
		2287DB4B1922BB5D00B1C298 /* TBMAppDelegate+PushNotification.m in Sources */ = {isa = PBXBuildFile; fileRef = 2287DB4A1922BB5D00B1C298 /* TBMAppDelegate+PushNotification.m */; };
		2292CBBB1A9FF7EF00A0477B /* NSString+NSStringExtensions.m in Sources */ = {isa = PBXBuildFile; fileRef = 2292CBBA1A9FF7EF00A0477B /* NSString+NSStringExtensions.m */; };
		22A094E71A16C6B4009AB958 /* TBMSelectPhoneTableDelegate.m in Sources */ = {isa = PBXBuildFile; fileRef = 22A094E61A16C6B4009AB958 /* TBMSelectPhoneTableDelegate.m */; };
		22A375C41930E09E00C355EB /* TBMStringUtils.m in Sources */ = {isa = PBXBuildFile; fileRef = 22A375C31930E09E00C355EB /* TBMStringUtils.m */; };
		22A76A7A19A2600C00D8C4FF /* TBMFriend.m in Sources */ = {isa = PBXBuildFile; fileRef = 22A76A7919A2600C00D8C4FF /* TBMFriend.m */; };
		22A76A7D19A2600C00D8C4FF /* TBMVideo.m in Sources */ = {isa = PBXBuildFile; fileRef = 22A76A7C19A2600C00D8C4FF /* TBMVideo.m */; };
		22A8F5081A09608800F7AD0E /* TBMTextField.m in Sources */ = {isa = PBXBuildFile; fileRef = 22A8F5071A09608800F7AD0E /* TBMTextField.m */; };
		22A8F50B1A099C7600F7AD0E /* TBMPhoneUtils.m in Sources */ = {isa = PBXBuildFile; fileRef = 22A8F50A1A099C7600F7AD0E /* TBMPhoneUtils.m */; };
		22B1AE561A68576F0027C4B1 /* TBMMarginLabel.m in Sources */ = {isa = PBXBuildFile; fileRef = 22B1AE551A68576F0027C4B1 /* TBMMarginLabel.m */; };
		22C466EA1A8ECC4F0043BA7D /* NotificationTone.wav in Resources */ = {isa = PBXBuildFile; fileRef = 22C466E81A8ECC4F0043BA7D /* NotificationTone.wav */; };
		22CC5E5F1A1AD9A900AAFB75 /* TBMTableModal.m in Sources */ = {isa = PBXBuildFile; fileRef = 22CC5E5E1A1AD9A900AAFB75 /* TBMTableModal.m */; };
		22DACC7B1A1D015700B2F750 /* TBMContentViewModal.m in Sources */ = {isa = PBXBuildFile; fileRef = 22DACC7A1A1D015700B2F750 /* TBMContentViewModal.m */; };
		22EA56B619103A3F00646D3E /* single_ding_chimes.wav in Resources */ = {isa = PBXBuildFile; fileRef = 22EA56B519103A3F00646D3E /* single_ding_chimes.wav */; };
		22EA56BB19103E4B00646D3E /* single_ding_chimes2.wav in Resources */ = {isa = PBXBuildFile; fileRef = 22EA56BA19103E4B00646D3E /* single_ding_chimes2.wav */; };
		22EA56BE191068B700646D3E /* TBMVideoPlayer.m in Sources */ = {isa = PBXBuildFile; fileRef = 22EA56BD191068B700646D3E /* TBMVideoPlayer.m */; };
		22EA56C119106AD100646D3E /* TBMConfig.m in Sources */ = {isa = PBXBuildFile; fileRef = 22EA56C019106AD100646D3E /* TBMConfig.m */; };
		22EC119F1ACE074A0066414B /* TBMFileUtils.m in Sources */ = {isa = PBXBuildFile; fileRef = 22EC119E1ACE074A0066414B /* TBMFileUtils.m */; };
		22ED40081A0850F5003D6536 /* TBMGridElement.m in Sources */ = {isa = PBXBuildFile; fileRef = 22ED40071A0850F5003D6536 /* TBMGridElement.m */; };
		22ED400B1A08707E003D6536 /* TBMRegisterViewController.m in Sources */ = {isa = PBXBuildFile; fileRef = 22ED400A1A08707E003D6536 /* TBMRegisterViewController.m */; };
		22F1A4C419354AC500E04229 /* TBMVideoIdUtils.m in Sources */ = {isa = PBXBuildFile; fileRef = 22F1A4C319354AC500E04229 /* TBMVideoIdUtils.m */; };
		22F32AFC19228F3300AB524E /* StoreKit.framework in Frameworks */ = {isa = PBXBuildFile; fileRef = 22F32AFB19228F3300AB524E /* StoreKit.framework */; };
		22FE2A011A09C0460051FC9C /* TBMFriendGetter.m in Sources */ = {isa = PBXBuildFile; fileRef = 22FE2A001A09C0460051FC9C /* TBMFriendGetter.m */; };
		4106AE661AD550AB007910EC /* TBMPreviewView.m in Sources */ = {isa = PBXBuildFile; fileRef = 4106AE651AD550AB007910EC /* TBMPreviewView.m */; };
		682D60FAB9D240DE4F4E3D92 /* TBMStateScreenView.m in Sources */ = {isa = PBXBuildFile; fileRef = 682D692EB3EAB4A0CF9E854A /* TBMStateScreenView.m */; };
		682D62136F85BE33BD04EA08 /* UIButton+TBMRoundedButton.m in Sources */ = {isa = PBXBuildFile; fileRef = 682D61977AA88F649B770C19 /* UIButton+TBMRoundedButton.m */; };
		682D624A69ED9E44BCCE66A0 /* TBMSecretGestureRecognizer.m in Sources */ = {isa = PBXBuildFile; fileRef = 682D6E4823793C3A8B5DE7D9 /* TBMSecretGestureRecognizer.m */; };
		682D62DD0738377E650C5945 /* TBMStateScreenTableCell.m in Sources */ = {isa = PBXBuildFile; fileRef = 682D697A85E470F66246FDF3 /* TBMStateScreenTableCell.m */; };
		682D63AEA1A6A755E0A4ACEB /* TBMHomeViewController+Invite.m in Sources */ = {isa = PBXBuildFile; fileRef = 682D6066C4BBB00F3CA6A092 /* TBMHomeViewController+Invite.m */; };
		682D63B290F5DEB1C4FBA10C /* TBMDebugData.m in Sources */ = {isa = PBXBuildFile; fileRef = 682D6C597BD987714621084C /* TBMDebugData.m */; };
		682D63D91D9A3ECB906AD4CC /* TBMSecretScreenViewController.m in Sources */ = {isa = PBXBuildFile; fileRef = 682D6C10E49A6BFFF6F0B573 /* TBMSecretScreenViewController.m */; };
		682D66B1615DE575D3DE16D8 /* TBMFriendVideosInformation.m in Sources */ = {isa = PBXBuildFile; fileRef = 682D67EB7CB154D705981F06 /* TBMFriendVideosInformation.m */; };
		682D674F34DA0CE5E20DA154 /* TBMStateScreenDataSource.m in Sources */ = {isa = PBXBuildFile; fileRef = 682D6FF4F4153C1F25988DC2 /* TBMStateScreenDataSource.m */; };
		682D67D927AE5F6ADCDCACD0 /* TBMHomeViewController.m in Sources */ = {isa = PBXBuildFile; fileRef = 682D6F2E6181D4111349CA53 /* TBMHomeViewController.m */; };
		682D6803E1C4044FB656583E /* TBMHomeViewController+VersionController.m in Sources */ = {isa = PBXBuildFile; fileRef = 682D65DD73C84904DFE81F22 /* TBMHomeViewController+VersionController.m */; };
		682D6B2677B928C0D1136A0F /* TBMStateScreenViewController.m in Sources */ = {isa = PBXBuildFile; fileRef = 682D67A25785E06A364413A3 /* TBMStateScreenViewController.m */; };
		682D6CC5BFB1F412D4790679 /* TBMSecretScreenPresenter.m in Sources */ = {isa = PBXBuildFile; fileRef = 682D6589B2760FC2E61CC0FF /* TBMSecretScreenPresenter.m */; };
		682D6E7FC50B50BB222E05CE /* TBMSecretScreenView.m in Sources */ = {isa = PBXBuildFile; fileRef = 682D6FBFEAF9036A9D7D2F71 /* TBMSecretScreenView.m */; };
		682D6F3A6F4BA7778FCCEC23 /* TBMVideoObject.m in Sources */ = {isa = PBXBuildFile; fileRef = 682D665A451D0E9DB5673E14 /* TBMVideoObject.m */; };
		E20D3F30A3404563A3BEC783 /* libPods.a in Frameworks */ = {isa = PBXBuildFile; fileRef = 98B109B594AF439180A6DFAF /* libPods.a */; };
/* End PBXBuildFile section */

/* Begin PBXContainerItemProxy section */
		220E904B1909A18C003C4F82 /* PBXContainerItemProxy */ = {
			isa = PBXContainerItemProxy;
			containerPortal = 220E901D1909A18B003C4F82 /* Project object */;
			proxyType = 1;
			remoteGlobalIDString = 220E90241909A18B003C4F82;
			remoteInfo = tbm;
		};
/* End PBXContainerItemProxy section */

/* Begin PBXFileReference section */
		074DBFEFF2D176488120A3DB /* Pods.release.xcconfig */ = {isa = PBXFileReference; includeInIndex = 1; lastKnownFileType = text.xcconfig; name = Pods.release.xcconfig; path = "Pods/Target Support Files/Pods/Pods.release.xcconfig"; sourceTree = "<group>"; };
		220207C8198878650013CE3B /* TBMRemoteStorageHandler.h */ = {isa = PBXFileReference; fileEncoding = 4; lastKnownFileType = sourcecode.c.h; path = TBMRemoteStorageHandler.h; sourceTree = "<group>"; };
		220207C9198878650013CE3B /* TBMRemoteStorageHandler.m */ = {isa = PBXFileReference; fileEncoding = 4; lastKnownFileType = sourcecode.c.objc; path = TBMRemoteStorageHandler.m; sourceTree = "<group>"; };
		2208E8A31A14195500150C35 /* TBMContactsManager.h */ = {isa = PBXFileReference; fileEncoding = 4; lastKnownFileType = sourcecode.c.h; path = TBMContactsManager.h; sourceTree = "<group>"; };
		2208E8A41A14195500150C35 /* TBMContactsManager.m */ = {isa = PBXFileReference; fileEncoding = 4; lastKnownFileType = sourcecode.c.objc; path = TBMContactsManager.m; sourceTree = "<group>"; };
		2208E8A61A1419D400150C35 /* AddressBook.framework */ = {isa = PBXFileReference; lastKnownFileType = wrapper.framework; name = AddressBook.framework; path = System/Library/Frameworks/AddressBook.framework; sourceTree = SDKROOT; };
		2208E8A71A1419D400150C35 /* AddressBookUI.framework */ = {isa = PBXFileReference; lastKnownFileType = wrapper.framework; name = AddressBookUI.framework; path = System/Library/Frameworks/AddressBookUI.framework; sourceTree = SDKROOT; };
		22093F19192590CE0021EB0C /* TBMSoundEffect.h */ = {isa = PBXFileReference; fileEncoding = 4; lastKnownFileType = sourcecode.c.h; path = TBMSoundEffect.h; sourceTree = "<group>"; };
		22093F1A192590CE0021EB0C /* TBMSoundEffect.m */ = {isa = PBXFileReference; fileEncoding = 4; lastKnownFileType = sourcecode.c.objc; path = TBMSoundEffect.m; sourceTree = "<group>"; };
		220DC03D1A3A61CC006A3F90 /* TBMGridViewController.h */ = {isa = PBXFileReference; fileEncoding = 4; lastKnownFileType = sourcecode.c.h; path = TBMGridViewController.h; sourceTree = "<group>"; };
		220DC03E1A3A61CC006A3F90 /* TBMGridViewController.m */ = {isa = PBXFileReference; fileEncoding = 4; lastKnownFileType = sourcecode.c.objc; path = TBMGridViewController.m; sourceTree = "<group>"; };
		220E90251909A18B003C4F82 /* Zazo.app */ = {isa = PBXFileReference; explicitFileType = wrapper.application; includeInIndex = 0; path = Zazo.app; sourceTree = BUILT_PRODUCTS_DIR; };
		220E90281909A18B003C4F82 /* Foundation.framework */ = {isa = PBXFileReference; lastKnownFileType = wrapper.framework; name = Foundation.framework; path = System/Library/Frameworks/Foundation.framework; sourceTree = SDKROOT; };
		220E902A1909A18B003C4F82 /* CoreGraphics.framework */ = {isa = PBXFileReference; lastKnownFileType = wrapper.framework; name = CoreGraphics.framework; path = System/Library/Frameworks/CoreGraphics.framework; sourceTree = SDKROOT; };
		220E902C1909A18B003C4F82 /* UIKit.framework */ = {isa = PBXFileReference; lastKnownFileType = wrapper.framework; name = UIKit.framework; path = System/Library/Frameworks/UIKit.framework; sourceTree = SDKROOT; };
		220E902E1909A18B003C4F82 /* CoreData.framework */ = {isa = PBXFileReference; lastKnownFileType = wrapper.framework; name = CoreData.framework; path = System/Library/Frameworks/CoreData.framework; sourceTree = SDKROOT; };
		220E90321909A18B003C4F82 /* Zazo-Info.plist */ = {isa = PBXFileReference; lastKnownFileType = text.plist.xml; path = "Zazo-Info.plist"; sourceTree = "<group>"; };
		220E90341909A18B003C4F82 /* en */ = {isa = PBXFileReference; lastKnownFileType = text.plist.strings; name = en; path = en.lproj/InfoPlist.strings; sourceTree = "<group>"; };
		220E90361909A18B003C4F82 /* main.m */ = {isa = PBXFileReference; lastKnownFileType = sourcecode.c.objc; path = main.m; sourceTree = "<group>"; };
		220E90381909A18B003C4F82 /* Zazo-Prefix.pch */ = {isa = PBXFileReference; lastKnownFileType = sourcecode.c.h; lineEnding = 0; path = "Zazo-Prefix.pch"; sourceTree = "<group>"; xcLanguageSpecificationIdentifier = xcode.lang.objc; };
		220E90391909A18B003C4F82 /* TBMAppDelegate.h */ = {isa = PBXFileReference; lastKnownFileType = sourcecode.c.h; path = TBMAppDelegate.h; sourceTree = "<group>"; };
		220E903A1909A18B003C4F82 /* TBMAppDelegate.m */ = {isa = PBXFileReference; lastKnownFileType = sourcecode.c.objc; lineEnding = 0; path = TBMAppDelegate.m; sourceTree = "<group>"; xcLanguageSpecificationIdentifier = xcode.lang.objc; };
		220E903D1909A18B003C4F82 /* tbm.xcdatamodel */ = {isa = PBXFileReference; lastKnownFileType = wrapper.xcdatamodel; path = tbm.xcdatamodel; sourceTree = "<group>"; };
		220E903F1909A18B003C4F82 /* Images.xcassets */ = {isa = PBXFileReference; lastKnownFileType = folder.assetcatalog; path = Images.xcassets; sourceTree = "<group>"; };
		220E90451909A18B003C4F82 /* ZazoTests.xctest */ = {isa = PBXFileReference; explicitFileType = wrapper.cfbundle; includeInIndex = 0; path = ZazoTests.xctest; sourceTree = BUILT_PRODUCTS_DIR; };
		220E90461909A18B003C4F82 /* XCTest.framework */ = {isa = PBXFileReference; lastKnownFileType = wrapper.framework; name = XCTest.framework; path = Library/Frameworks/XCTest.framework; sourceTree = DEVELOPER_DIR; };
		220E904F1909A18C003C4F82 /* ZazoTests-Info.plist */ = {isa = PBXFileReference; lastKnownFileType = text.plist.xml; path = "ZazoTests-Info.plist"; sourceTree = "<group>"; };
		220E90511909A18C003C4F82 /* en */ = {isa = PBXFileReference; lastKnownFileType = text.plist.strings; name = en; path = en.lproj/InfoPlist.strings; sourceTree = "<group>"; };
		220E90531909A18C003C4F82 /* KeyChainWrapperTests.m */ = {isa = PBXFileReference; lastKnownFileType = sourcecode.c.objc; path = KeyChainWrapperTests.m; sourceTree = "<group>"; };
		220E905D1909A1A9003C4F82 /* TBM.storyboard */ = {isa = PBXFileReference; fileEncoding = 4; lastKnownFileType = file.storyboard; path = TBM.storyboard; sourceTree = "<group>"; };
		22151E861A5CB07B008EF88E /* TBMDispatch.h */ = {isa = PBXFileReference; fileEncoding = 4; lastKnownFileType = sourcecode.c.h; path = TBMDispatch.h; sourceTree = "<group>"; };
		22151E871A5CB07B008EF88E /* TBMDispatch.m */ = {isa = PBXFileReference; fileEncoding = 4; lastKnownFileType = sourcecode.c.objc; path = TBMDispatch.m; sourceTree = "<group>"; };
		22151E891A5CF4B2008EF88E /* TBMDispatchTests.m */ = {isa = PBXFileReference; fileEncoding = 4; lastKnownFileType = sourcecode.c.objc; path = TBMDispatchTests.m; sourceTree = "<group>"; };
		221B775E1A68888C009FA670 /* TPKeyboardAvoidingCollectionView.h */ = {isa = PBXFileReference; fileEncoding = 4; lastKnownFileType = sourcecode.c.h; path = TPKeyboardAvoidingCollectionView.h; sourceTree = "<group>"; };
		221B775F1A68888C009FA670 /* TPKeyboardAvoidingCollectionView.m */ = {isa = PBXFileReference; fileEncoding = 4; lastKnownFileType = sourcecode.c.objc; path = TPKeyboardAvoidingCollectionView.m; sourceTree = "<group>"; };
		221B77601A68888C009FA670 /* TPKeyboardAvoidingScrollView.h */ = {isa = PBXFileReference; fileEncoding = 4; lastKnownFileType = sourcecode.c.h; path = TPKeyboardAvoidingScrollView.h; sourceTree = "<group>"; };
		221B77611A68888C009FA670 /* TPKeyboardAvoidingScrollView.m */ = {isa = PBXFileReference; fileEncoding = 4; lastKnownFileType = sourcecode.c.objc; path = TPKeyboardAvoidingScrollView.m; sourceTree = "<group>"; };
		221B77621A68888C009FA670 /* TPKeyboardAvoidingTableView.h */ = {isa = PBXFileReference; fileEncoding = 4; lastKnownFileType = sourcecode.c.h; path = TPKeyboardAvoidingTableView.h; sourceTree = "<group>"; };
		221B77631A68888C009FA670 /* TPKeyboardAvoidingTableView.m */ = {isa = PBXFileReference; fileEncoding = 4; lastKnownFileType = sourcecode.c.objc; path = TPKeyboardAvoidingTableView.m; sourceTree = "<group>"; };
		221B77641A68888C009FA670 /* UIScrollView+TPKeyboardAvoidingAdditions.h */ = {isa = PBXFileReference; fileEncoding = 4; lastKnownFileType = sourcecode.c.h; path = "UIScrollView+TPKeyboardAvoidingAdditions.h"; sourceTree = "<group>"; };
		221B77651A68888C009FA670 /* UIScrollView+TPKeyboardAvoidingAdditions.m */ = {isa = PBXFileReference; fileEncoding = 4; lastKnownFileType = sourcecode.c.objc; path = "UIScrollView+TPKeyboardAvoidingAdditions.m"; sourceTree = "<group>"; };
		221B776A1A688984009FA670 /* TBMAlertController.h */ = {isa = PBXFileReference; fileEncoding = 4; lastKnownFileType = sourcecode.c.h; path = TBMAlertController.h; sourceTree = "<group>"; };
		221B776B1A688984009FA670 /* TBMAlertController.m */ = {isa = PBXFileReference; fileEncoding = 4; lastKnownFileType = sourcecode.c.objc; path = TBMAlertController.m; sourceTree = "<group>"; };
		221B776C1A688984009FA670 /* TBMAlertControllerView.h */ = {isa = PBXFileReference; fileEncoding = 4; lastKnownFileType = sourcecode.c.h; path = TBMAlertControllerView.h; sourceTree = "<group>"; };
		221B776D1A688984009FA670 /* TBMAlertControllerView.m */ = {isa = PBXFileReference; fileEncoding = 4; lastKnownFileType = sourcecode.c.objc; path = TBMAlertControllerView.m; sourceTree = "<group>"; };
		221B776E1A688984009FA670 /* TBMAlertControllerVisualStyle.h */ = {isa = PBXFileReference; fileEncoding = 4; lastKnownFileType = sourcecode.c.h; path = TBMAlertControllerVisualStyle.h; sourceTree = "<group>"; };
		221B776F1A688984009FA670 /* TBMAlertControllerVisualStyle.m */ = {isa = PBXFileReference; fileEncoding = 4; lastKnownFileType = sourcecode.c.objc; path = TBMAlertControllerVisualStyle.m; sourceTree = "<group>"; };
		221B77741A6889B9009FA670 /* TBMBenchTableViewCell.h */ = {isa = PBXFileReference; fileEncoding = 4; lastKnownFileType = sourcecode.c.h; path = TBMBenchTableViewCell.h; sourceTree = "<group>"; };
		221B77751A6889B9009FA670 /* TBMBenchTableViewCell.m */ = {isa = PBXFileReference; fileEncoding = 4; lastKnownFileType = sourcecode.c.objc; path = TBMBenchTableViewCell.m; sourceTree = "<group>"; };
		221EA28F1912E86300649BC5 /* TBMUser.h */ = {isa = PBXFileReference; fileEncoding = 4; lastKnownFileType = sourcecode.c.h; path = TBMUser.h; sourceTree = "<group>"; };
		221EA2901912E86300649BC5 /* TBMUser.m */ = {isa = PBXFileReference; fileEncoding = 4; lastKnownFileType = sourcecode.c.objc; path = TBMUser.m; sourceTree = "<group>"; };
		221F4EB41AFFBB4800D0771B /* AVAudioSession+TBMAudioSession.h */ = {isa = PBXFileReference; fileEncoding = 4; lastKnownFileType = sourcecode.c.h; path = "AVAudioSession+TBMAudioSession.h"; sourceTree = "<group>"; };
		221F4EB51AFFBB4800D0771B /* AVAudioSession+TBMAudioSession.m */ = {isa = PBXFileReference; fileEncoding = 4; lastKnownFileType = sourcecode.c.objc; path = "AVAudioSession+TBMAudioSession.m"; sourceTree = "<group>"; };
		22249584190B52E4008EF394 /* TBMLongPressTouchHandler.h */ = {isa = PBXFileReference; fileEncoding = 4; lastKnownFileType = sourcecode.c.h; path = TBMLongPressTouchHandler.h; sourceTree = "<group>"; };
		22249585190B52E4008EF394 /* TBMLongPressTouchHandler.m */ = {isa = PBXFileReference; fileEncoding = 4; lastKnownFileType = sourcecode.c.objc; path = TBMLongPressTouchHandler.m; sourceTree = "<group>"; };
		222724311917F2F500DA6865 /* NSArray+NSArrayExtensions.h */ = {isa = PBXFileReference; fileEncoding = 4; lastKnownFileType = sourcecode.c.h; path = "NSArray+NSArrayExtensions.h"; sourceTree = "<group>"; };
		222724321917F2F500DA6865 /* NSArray+NSArrayExtensions.m */ = {isa = PBXFileReference; fileEncoding = 4; lastKnownFileType = sourcecode.c.objc; path = "NSArray+NSArrayExtensions.m"; sourceTree = "<group>"; };
		2227243419182A1000DA6865 /* head.png */ = {isa = PBXFileReference; lastKnownFileType = image.png; path = head.png; sourceTree = "<group>"; };
		223A11441915926800177481 /* TBMHttpManager.h */ = {isa = PBXFileReference; fileEncoding = 4; lastKnownFileType = sourcecode.c.h; path = TBMHttpManager.h; sourceTree = "<group>"; };
		223A11451915926800177481 /* TBMHttpManager.m */ = {isa = PBXFileReference; fileEncoding = 4; lastKnownFileType = sourcecode.c.objc; path = TBMHttpManager.m; sourceTree = "<group>"; };
		223A11471915AED900177481 /* TBMAppDelegate+Boot.h */ = {isa = PBXFileReference; fileEncoding = 4; lastKnownFileType = sourcecode.c.h; path = "TBMAppDelegate+Boot.h"; sourceTree = "<group>"; };
		223A11481915AED900177481 /* TBMAppDelegate+Boot.m */ = {isa = PBXFileReference; fileEncoding = 4; lastKnownFileType = sourcecode.c.objc; path = "TBMAppDelegate+Boot.m"; sourceTree = "<group>"; };
		223C55DD1B06AD0A00FB8B7C /* TBMVerificationAlertHandler.h */ = {isa = PBXFileReference; fileEncoding = 4; lastKnownFileType = sourcecode.c.h; path = TBMVerificationAlertHandler.h; sourceTree = "<group>"; };
		223C55DE1B06AD0A00FB8B7C /* TBMVerfiicationAlertHandler.m */ = {isa = PBXFileReference; fileEncoding = 4; lastKnownFileType = sourcecode.c.objc; path = TBMVerfiicationAlertHandler.m; sourceTree = "<group>"; };
		223D92791A1EE0F2002F1E14 /* TBMContactSearchTableDelegate.h */ = {isa = PBXFileReference; fileEncoding = 4; lastKnownFileType = sourcecode.c.h; path = TBMContactSearchTableDelegate.h; sourceTree = "<group>"; };
		223D927A1A1EE0F2002F1E14 /* TBMContactSearchTableDelegate.m */ = {isa = PBXFileReference; fileEncoding = 4; lastKnownFileType = sourcecode.c.objc; path = TBMContactSearchTableDelegate.m; sourceTree = "<group>"; };
		22403C2A19D5E63400FC36E3 /* MessageUI.framework */ = {isa = PBXFileReference; lastKnownFileType = wrapper.framework; name = MessageUI.framework; path = System/Library/Frameworks/MessageUI.framework; sourceTree = SDKROOT; };
		224101D0190D40B1005128F9 /* TBMDeviceHandler.h */ = {isa = PBXFileReference; fileEncoding = 4; lastKnownFileType = sourcecode.c.h; path = TBMDeviceHandler.h; sourceTree = "<group>"; };
		224101D1190D40B1005128F9 /* TBMDeviceHandler.m */ = {isa = PBXFileReference; fileEncoding = 4; lastKnownFileType = sourcecode.c.objc; lineEnding = 0; path = TBMDeviceHandler.m; sourceTree = "<group>"; xcLanguageSpecificationIdentifier = xcode.lang.objc; };
		224101D3190D4180005128F9 /* AVFoundation.framework */ = {isa = PBXFileReference; lastKnownFileType = wrapper.framework; name = AVFoundation.framework; path = System/Library/Frameworks/AVFoundation.framework; sourceTree = SDKROOT; };
		224101D5190D5171005128F9 /* TBMVideoRecorder.h */ = {isa = PBXFileReference; fileEncoding = 4; lastKnownFileType = sourcecode.c.h; path = TBMVideoRecorder.h; sourceTree = "<group>"; };
		224101D6190D5171005128F9 /* TBMVideoRecorder.m */ = {isa = PBXFileReference; fileEncoding = 4; lastKnownFileType = sourcecode.c.objc; path = TBMVideoRecorder.m; sourceTree = "<group>"; };
		22500B8619993FDC008E9EA4 /* TBMAppDelegate+AppSync.h */ = {isa = PBXFileReference; fileEncoding = 4; lastKnownFileType = sourcecode.c.h; path = "TBMAppDelegate+AppSync.h"; sourceTree = "<group>"; };
		22500B8719993FDC008E9EA4 /* TBMAppDelegate+AppSync.m */ = {isa = PBXFileReference; fileEncoding = 4; lastKnownFileType = sourcecode.c.objc; path = "TBMAppDelegate+AppSync.m"; sourceTree = "<group>"; };
		2259A9891ADA17A200E7DCDE /* TBMVideoProcessor.h */ = {isa = PBXFileReference; fileEncoding = 4; lastKnownFileType = sourcecode.c.h; path = TBMVideoProcessor.h; sourceTree = "<group>"; };
		2259A98A1ADA17A200E7DCDE /* TBMVideoProcessor.m */ = {isa = PBXFileReference; fileEncoding = 4; lastKnownFileType = sourcecode.c.objc; path = TBMVideoProcessor.m; sourceTree = "<group>"; };
		2259A98C1ADAD19900E7DCDE /* TBMVideoIdUtilsTests.m */ = {isa = PBXFileReference; fileEncoding = 4; lastKnownFileType = sourcecode.c.objc; path = TBMVideoIdUtilsTests.m; sourceTree = "<group>"; };
		225D21BE1A5B5B4F0087A25B /* TBMS3CredentialsManager.h */ = {isa = PBXFileReference; fileEncoding = 4; lastKnownFileType = sourcecode.c.h; path = TBMS3CredentialsManager.h; sourceTree = "<group>"; };
		225D21BF1A5B5B4F0087A25B /* TBMS3CredentialsManager.m */ = {isa = PBXFileReference; fileEncoding = 4; lastKnownFileType = sourcecode.c.objc; path = TBMS3CredentialsManager.m; sourceTree = "<group>"; };
		225D21C31A5B7A060087A25B /* S3CredentialsManagerTests.m */ = {isa = PBXFileReference; fileEncoding = 4; lastKnownFileType = sourcecode.c.objc; path = S3CredentialsManagerTests.m; sourceTree = "<group>"; };
		2261417519A52CFB006FB870 /* TBMVersionHandler.h */ = {isa = PBXFileReference; fileEncoding = 4; lastKnownFileType = sourcecode.c.h; path = TBMVersionHandler.h; sourceTree = "<group>"; };
		2261417619A52CFB006FB870 /* TBMVersionHandler.m */ = {isa = PBXFileReference; fileEncoding = 4; lastKnownFileType = sourcecode.c.objc; path = TBMVersionHandler.m; sourceTree = "<group>"; };
		22664399190AD932006C9072 /* TBMViewUtils.h */ = {isa = PBXFileReference; fileEncoding = 4; lastKnownFileType = sourcecode.c.h; path = TBMViewUtils.h; sourceTree = "<group>"; };
		2266439A190AD932006C9072 /* TBMViewUtils.m */ = {isa = PBXFileReference; fileEncoding = 4; lastKnownFileType = sourcecode.c.objc; path = TBMViewUtils.m; sourceTree = "<group>"; };
		226643A5190B13E2006C9072 /* TBMGeometryUtils.h */ = {isa = PBXFileReference; fileEncoding = 4; lastKnownFileType = sourcecode.c.h; path = TBMGeometryUtils.h; sourceTree = "<group>"; };
		226643A6190B13E2006C9072 /* TBMGeometryUtils.m */ = {isa = PBXFileReference; fileEncoding = 4; lastKnownFileType = sourcecode.c.objc; path = TBMGeometryUtils.m; sourceTree = "<group>"; };
		226914B619AFCD42007497F1 /* Icon-72.png */ = {isa = PBXFileReference; lastKnownFileType = image.png; path = "Icon-72.png"; sourceTree = "<group>"; };
		226914B719AFCD42007497F1 /* Icon-72@2x.png */ = {isa = PBXFileReference; lastKnownFileType = image.png; path = "Icon-72@2x.png"; sourceTree = "<group>"; };
		226914B819AFCD42007497F1 /* Icon-Small-50.png */ = {isa = PBXFileReference; lastKnownFileType = image.png; path = "Icon-Small-50.png"; sourceTree = "<group>"; };
		226914B919AFCD42007497F1 /* Icon-Small-50@2x.png */ = {isa = PBXFileReference; lastKnownFileType = image.png; path = "Icon-Small-50@2x.png"; sourceTree = "<group>"; };
		226914BA19AFCD42007497F1 /* Icon-Small.png */ = {isa = PBXFileReference; lastKnownFileType = image.png; path = "Icon-Small.png"; sourceTree = "<group>"; };
		226914BB19AFCD42007497F1 /* Icon-Small@2x.png */ = {isa = PBXFileReference; lastKnownFileType = image.png; path = "Icon-Small@2x.png"; sourceTree = "<group>"; };
		226914BC19AFCD42007497F1 /* Icon.png */ = {isa = PBXFileReference; lastKnownFileType = image.png; path = Icon.png; sourceTree = "<group>"; };
		226914BD19AFCD42007497F1 /* Icon@2x.png */ = {isa = PBXFileReference; lastKnownFileType = image.png; path = "Icon@2x.png"; sourceTree = "<group>"; };
		226914BE19AFCD42007497F1 /* iTunesArtwork.png */ = {isa = PBXFileReference; lastKnownFileType = image.png; path = iTunesArtwork.png; sourceTree = "<group>"; };
		226914BF19AFCD42007497F1 /* iTunesArtwork@2x.png */ = {isa = PBXFileReference; lastKnownFileType = image.png; path = "iTunesArtwork@2x.png"; sourceTree = "<group>"; };
		226914C119AFCD42007497F1 /* Icon-40.png */ = {isa = PBXFileReference; lastKnownFileType = image.png; path = "Icon-40.png"; sourceTree = "<group>"; };
		226914C219AFCD42007497F1 /* Icon-40@2x.png */ = {isa = PBXFileReference; lastKnownFileType = image.png; path = "Icon-40@2x.png"; sourceTree = "<group>"; };
		226914C319AFCD42007497F1 /* Icon-60.png */ = {isa = PBXFileReference; lastKnownFileType = image.png; path = "Icon-60.png"; sourceTree = "<group>"; };
		226914C419AFCD42007497F1 /* Icon-60@2x.png */ = {isa = PBXFileReference; lastKnownFileType = image.png; path = "Icon-60@2x.png"; sourceTree = "<group>"; };
		226914C519AFCD42007497F1 /* Icon-72.png */ = {isa = PBXFileReference; lastKnownFileType = image.png; path = "Icon-72.png"; sourceTree = "<group>"; };
		226914C619AFCD42007497F1 /* Icon-72@2x.png */ = {isa = PBXFileReference; lastKnownFileType = image.png; path = "Icon-72@2x.png"; sourceTree = "<group>"; };
		226914C719AFCD42007497F1 /* Icon-76.png */ = {isa = PBXFileReference; lastKnownFileType = image.png; path = "Icon-76.png"; sourceTree = "<group>"; };
		226914C819AFCD42007497F1 /* Icon-76@2x.png */ = {isa = PBXFileReference; lastKnownFileType = image.png; path = "Icon-76@2x.png"; sourceTree = "<group>"; };
		226914C919AFCD42007497F1 /* Icon-Small-50.png */ = {isa = PBXFileReference; lastKnownFileType = image.png; path = "Icon-Small-50.png"; sourceTree = "<group>"; };
		226914CA19AFCD42007497F1 /* Icon-Small-50@2x.png */ = {isa = PBXFileReference; lastKnownFileType = image.png; path = "Icon-Small-50@2x.png"; sourceTree = "<group>"; };
		226914CB19AFCD42007497F1 /* Icon-Small.png */ = {isa = PBXFileReference; lastKnownFileType = image.png; path = "Icon-Small.png"; sourceTree = "<group>"; };
		226914CC19AFCD42007497F1 /* Icon-Small@2x.png */ = {isa = PBXFileReference; lastKnownFileType = image.png; path = "Icon-Small@2x.png"; sourceTree = "<group>"; };
		226914CD19AFCD42007497F1 /* Icon.png */ = {isa = PBXFileReference; lastKnownFileType = image.png; path = Icon.png; sourceTree = "<group>"; };
		226914CE19AFCD42007497F1 /* Icon@2x.png */ = {isa = PBXFileReference; lastKnownFileType = image.png; path = "Icon@2x.png"; sourceTree = "<group>"; };
		226914CF19AFCD42007497F1 /* iTunesArtwork.png */ = {isa = PBXFileReference; lastKnownFileType = image.png; path = iTunesArtwork.png; sourceTree = "<group>"; };
		226914D019AFCD42007497F1 /* iTunesArtwork@2x.png */ = {isa = PBXFileReference; lastKnownFileType = image.png; path = "iTunesArtwork@2x.png"; sourceTree = "<group>"; };
		226914D119AFCD42007497F1 /* logo.png */ = {isa = PBXFileReference; lastKnownFileType = image.png; name = logo.png; path = icons/logo.png; sourceTree = "<group>"; };
		226914D219AFCD42007497F1 /* logo.pxm */ = {isa = PBXFileReference; lastKnownFileType = file; name = logo.pxm; path = icons/logo.pxm; sourceTree = "<group>"; };
		226A26011A584AD6006FDFDA /* TBMKeyChainWrapper.h */ = {isa = PBXFileReference; fileEncoding = 4; lastKnownFileType = sourcecode.c.h; path = TBMKeyChainWrapper.h; sourceTree = "<group>"; };
		226A26021A584AD6006FDFDA /* TBMKeyChainWrapper.m */ = {isa = PBXFileReference; fileEncoding = 4; lastKnownFileType = sourcecode.c.objc; path = TBMKeyChainWrapper.m; sourceTree = "<group>"; };
		226A37BF1A37E08900A2D0F5 /* TBMGridElementViewController.h */ = {isa = PBXFileReference; fileEncoding = 4; lastKnownFileType = sourcecode.c.h; path = TBMGridElementViewController.h; sourceTree = "<group>"; };
		226A37C01A37E08900A2D0F5 /* TBMGridElementViewController.m */ = {isa = PBXFileReference; fileEncoding = 4; lastKnownFileType = sourcecode.c.objc; path = TBMGridElementViewController.m; sourceTree = "<group>"; };
		226B49A51AE990FD00E4D2BE /* NSError+Extensions.h */ = {isa = PBXFileReference; fileEncoding = 4; lastKnownFileType = sourcecode.c.h; path = "NSError+Extensions.h"; sourceTree = "<group>"; };
		226B49A61AE990FD00E4D2BE /* NSError+Extensions.m */ = {isa = PBXFileReference; fileEncoding = 4; lastKnownFileType = sourcecode.c.objc; path = "NSError+Extensions.m"; sourceTree = "<group>"; };
		2271555F1A40902B00B437DA /* TBMBenchViewController.h */ = {isa = PBXFileReference; fileEncoding = 4; lastKnownFileType = sourcecode.c.h; path = TBMBenchViewController.h; sourceTree = "<group>"; };
		227155601A40902B00B437DA /* TBMBenchViewController.m */ = {isa = PBXFileReference; fileEncoding = 4; lastKnownFileType = sourcecode.c.objc; path = TBMBenchViewController.m; sourceTree = "<group>"; };
		227767A31A963FE90093EFB1 /* StringUtilsTest.m */ = {isa = PBXFileReference; fileEncoding = 4; lastKnownFileType = sourcecode.c.objc; path = StringUtilsTest.m; sourceTree = "<group>"; };
		227767A51A9966AD0093EFB1 /* BeepSin30.wav */ = {isa = PBXFileReference; lastKnownFileType = audio.wav; path = BeepSin30.wav; sourceTree = "<group>"; };
		227F6CF41A15313700E19E5C /* TBMRegisterForm.h */ = {isa = PBXFileReference; fileEncoding = 4; lastKnownFileType = sourcecode.c.h; path = TBMRegisterForm.h; sourceTree = "<group>"; };
		227F6CF51A15313700E19E5C /* TBMRegisterForm.m */ = {isa = PBXFileReference; fileEncoding = 4; lastKnownFileType = sourcecode.c.objc; path = TBMRegisterForm.m; sourceTree = "<group>"; };
		2287DB491922BB5D00B1C298 /* TBMAppDelegate+PushNotification.h */ = {isa = PBXFileReference; fileEncoding = 4; lastKnownFileType = sourcecode.c.h; path = "TBMAppDelegate+PushNotification.h"; sourceTree = "<group>"; };
		2287DB4A1922BB5D00B1C298 /* TBMAppDelegate+PushNotification.m */ = {isa = PBXFileReference; fileEncoding = 4; lastKnownFileType = sourcecode.c.objc; path = "TBMAppDelegate+PushNotification.m"; sourceTree = "<group>"; };
		2292CBB91A9FF7EF00A0477B /* NSString+NSStringExtensions.h */ = {isa = PBXFileReference; fileEncoding = 4; lastKnownFileType = sourcecode.c.h; path = "NSString+NSStringExtensions.h"; sourceTree = "<group>"; };
		2292CBBA1A9FF7EF00A0477B /* NSString+NSStringExtensions.m */ = {isa = PBXFileReference; fileEncoding = 4; lastKnownFileType = sourcecode.c.objc; path = "NSString+NSStringExtensions.m"; sourceTree = "<group>"; };
		22A094E51A16C6B4009AB958 /* TBMSelectPhoneTableDelegate.h */ = {isa = PBXFileReference; fileEncoding = 4; lastKnownFileType = sourcecode.c.h; path = TBMSelectPhoneTableDelegate.h; sourceTree = "<group>"; };
		22A094E61A16C6B4009AB958 /* TBMSelectPhoneTableDelegate.m */ = {isa = PBXFileReference; fileEncoding = 4; lastKnownFileType = sourcecode.c.objc; path = TBMSelectPhoneTableDelegate.m; sourceTree = "<group>"; };
		22A375C21930E09E00C355EB /* TBMStringUtils.h */ = {isa = PBXFileReference; fileEncoding = 4; lastKnownFileType = sourcecode.c.h; path = TBMStringUtils.h; sourceTree = "<group>"; };
		22A375C31930E09E00C355EB /* TBMStringUtils.m */ = {isa = PBXFileReference; fileEncoding = 4; lastKnownFileType = sourcecode.c.objc; path = TBMStringUtils.m; sourceTree = "<group>"; };
		22A76A7819A2600C00D8C4FF /* TBMFriend.h */ = {isa = PBXFileReference; fileEncoding = 4; lastKnownFileType = sourcecode.c.h; path = TBMFriend.h; sourceTree = "<group>"; };
		22A76A7919A2600C00D8C4FF /* TBMFriend.m */ = {isa = PBXFileReference; fileEncoding = 4; lastKnownFileType = sourcecode.c.objc; path = TBMFriend.m; sourceTree = "<group>"; };
		22A76A7B19A2600C00D8C4FF /* TBMVideo.h */ = {isa = PBXFileReference; fileEncoding = 4; lastKnownFileType = sourcecode.c.h; path = TBMVideo.h; sourceTree = "<group>"; };
		22A76A7C19A2600C00D8C4FF /* TBMVideo.m */ = {isa = PBXFileReference; fileEncoding = 4; lastKnownFileType = sourcecode.c.objc; path = TBMVideo.m; sourceTree = "<group>"; };
		22A8F5061A09608800F7AD0E /* TBMTextField.h */ = {isa = PBXFileReference; fileEncoding = 4; lastKnownFileType = sourcecode.c.h; path = TBMTextField.h; sourceTree = "<group>"; };
		22A8F5071A09608800F7AD0E /* TBMTextField.m */ = {isa = PBXFileReference; fileEncoding = 4; lastKnownFileType = sourcecode.c.objc; path = TBMTextField.m; sourceTree = "<group>"; };
		22A8F5091A099C7600F7AD0E /* TBMPhoneUtils.h */ = {isa = PBXFileReference; fileEncoding = 4; lastKnownFileType = sourcecode.c.h; path = TBMPhoneUtils.h; sourceTree = "<group>"; };
		22A8F50A1A099C7600F7AD0E /* TBMPhoneUtils.m */ = {isa = PBXFileReference; fileEncoding = 4; lastKnownFileType = sourcecode.c.objc; path = TBMPhoneUtils.m; sourceTree = "<group>"; };
		22B1AE541A68576F0027C4B1 /* TBMMarginLabel.h */ = {isa = PBXFileReference; fileEncoding = 4; lastKnownFileType = sourcecode.c.h; path = TBMMarginLabel.h; sourceTree = "<group>"; };
		22B1AE551A68576F0027C4B1 /* TBMMarginLabel.m */ = {isa = PBXFileReference; fileEncoding = 4; lastKnownFileType = sourcecode.c.objc; path = TBMMarginLabel.m; sourceTree = "<group>"; };
		22C466E81A8ECC4F0043BA7D /* NotificationTone.wav */ = {isa = PBXFileReference; lastKnownFileType = audio.wav; path = NotificationTone.wav; sourceTree = "<group>"; };
		22C466EB1A8EF4410043BA7D /* Zazo.entitlements */ = {isa = PBXFileReference; lastKnownFileType = text.xml; path = Zazo.entitlements; sourceTree = "<group>"; };
		22CC5E5D1A1AD9A900AAFB75 /* TBMTableModal.h */ = {isa = PBXFileReference; fileEncoding = 4; lastKnownFileType = sourcecode.c.h; path = TBMTableModal.h; sourceTree = "<group>"; };
		22CC5E5E1A1AD9A900AAFB75 /* TBMTableModal.m */ = {isa = PBXFileReference; fileEncoding = 4; lastKnownFileType = sourcecode.c.objc; path = TBMTableModal.m; sourceTree = "<group>"; };
		22DACC791A1D015700B2F750 /* TBMContentViewModal.h */ = {isa = PBXFileReference; fileEncoding = 4; lastKnownFileType = sourcecode.c.h; path = TBMContentViewModal.h; sourceTree = "<group>"; };
		22DACC7A1A1D015700B2F750 /* TBMContentViewModal.m */ = {isa = PBXFileReference; fileEncoding = 4; lastKnownFileType = sourcecode.c.objc; path = TBMContentViewModal.m; sourceTree = "<group>"; };
		22EA56B519103A3F00646D3E /* single_ding_chimes.wav */ = {isa = PBXFileReference; lastKnownFileType = audio.wav; path = single_ding_chimes.wav; sourceTree = "<group>"; };
		22EA56BA19103E4B00646D3E /* single_ding_chimes2.wav */ = {isa = PBXFileReference; lastKnownFileType = audio.wav; path = single_ding_chimes2.wav; sourceTree = "<group>"; };
		22EA56BC191068B700646D3E /* TBMVideoPlayer.h */ = {isa = PBXFileReference; fileEncoding = 4; lastKnownFileType = sourcecode.c.h; path = TBMVideoPlayer.h; sourceTree = "<group>"; };
		22EA56BD191068B700646D3E /* TBMVideoPlayer.m */ = {isa = PBXFileReference; fileEncoding = 4; lastKnownFileType = sourcecode.c.objc; path = TBMVideoPlayer.m; sourceTree = "<group>"; };
		22EA56BF19106AD100646D3E /* TBMConfig.h */ = {isa = PBXFileReference; fileEncoding = 4; lastKnownFileType = sourcecode.c.h; path = TBMConfig.h; sourceTree = "<group>"; };
		22EA56C019106AD100646D3E /* TBMConfig.m */ = {isa = PBXFileReference; fileEncoding = 4; lastKnownFileType = sourcecode.c.objc; path = TBMConfig.m; sourceTree = "<group>"; };
		22EC119D1ACE074A0066414B /* TBMFileUtils.h */ = {isa = PBXFileReference; fileEncoding = 4; lastKnownFileType = sourcecode.c.h; path = TBMFileUtils.h; sourceTree = "<group>"; };
		22EC119E1ACE074A0066414B /* TBMFileUtils.m */ = {isa = PBXFileReference; fileEncoding = 4; lastKnownFileType = sourcecode.c.objc; path = TBMFileUtils.m; sourceTree = "<group>"; };
		22ED40061A0850F5003D6536 /* TBMGridElement.h */ = {isa = PBXFileReference; fileEncoding = 4; lastKnownFileType = sourcecode.c.h; path = TBMGridElement.h; sourceTree = "<group>"; };
		22ED40071A0850F5003D6536 /* TBMGridElement.m */ = {isa = PBXFileReference; fileEncoding = 4; lastKnownFileType = sourcecode.c.objc; path = TBMGridElement.m; sourceTree = "<group>"; };
		22ED40091A08707E003D6536 /* TBMRegisterViewController.h */ = {isa = PBXFileReference; fileEncoding = 4; lastKnownFileType = sourcecode.c.h; path = TBMRegisterViewController.h; sourceTree = "<group>"; };
		22ED400A1A08707E003D6536 /* TBMRegisterViewController.m */ = {isa = PBXFileReference; fileEncoding = 4; lastKnownFileType = sourcecode.c.objc; path = TBMRegisterViewController.m; sourceTree = "<group>"; };
		22F1A4C219354AC500E04229 /* TBMVideoIdUtils.h */ = {isa = PBXFileReference; fileEncoding = 4; lastKnownFileType = sourcecode.c.h; path = TBMVideoIdUtils.h; sourceTree = "<group>"; };
		22F1A4C319354AC500E04229 /* TBMVideoIdUtils.m */ = {isa = PBXFileReference; fileEncoding = 4; lastKnownFileType = sourcecode.c.objc; path = TBMVideoIdUtils.m; sourceTree = "<group>"; };
		22F32AFB19228F3300AB524E /* StoreKit.framework */ = {isa = PBXFileReference; lastKnownFileType = wrapper.framework; name = StoreKit.framework; path = System/Library/Frameworks/StoreKit.framework; sourceTree = SDKROOT; };
		22FE29FF1A09C0460051FC9C /* TBMFriendGetter.h */ = {isa = PBXFileReference; fileEncoding = 4; lastKnownFileType = sourcecode.c.h; path = TBMFriendGetter.h; sourceTree = "<group>"; };
		22FE2A001A09C0460051FC9C /* TBMFriendGetter.m */ = {isa = PBXFileReference; fileEncoding = 4; lastKnownFileType = sourcecode.c.objc; path = TBMFriendGetter.m; sourceTree = "<group>"; };
		4106AE641AD550AB007910EC /* TBMPreviewView.h */ = {isa = PBXFileReference; fileEncoding = 4; lastKnownFileType = sourcecode.c.h; path = TBMPreviewView.h; sourceTree = "<group>"; };
		4106AE651AD550AB007910EC /* TBMPreviewView.m */ = {isa = PBXFileReference; fileEncoding = 4; lastKnownFileType = sourcecode.c.objc; path = TBMPreviewView.m; sourceTree = "<group>"; };
		41A04DE71AD7C3AA00AD88D5 /* ExternalAccessory.framework */ = {isa = PBXFileReference; lastKnownFileType = wrapper.framework; name = ExternalAccessory.framework; path = System/Library/Frameworks/ExternalAccessory.framework; sourceTree = SDKROOT; };
		41A04DE91AD7CA1C00AD88D5 /* CoreBluetooth.framework */ = {isa = PBXFileReference; lastKnownFileType = wrapper.framework; name = CoreBluetooth.framework; path = System/Library/Frameworks/CoreBluetooth.framework; sourceTree = SDKROOT; };
		682D6066C4BBB00F3CA6A092 /* TBMHomeViewController+Invite.m */ = {isa = PBXFileReference; fileEncoding = 4; lastKnownFileType = sourcecode.c.objc; path = "TBMHomeViewController+Invite.m"; sourceTree = "<group>"; };
		682D61497C752CA4DE9B187C /* TBMDebugData.h */ = {isa = PBXFileReference; fileEncoding = 4; lastKnownFileType = sourcecode.c.h; path = TBMDebugData.h; sourceTree = "<group>"; };
		682D61977AA88F649B770C19 /* UIButton+TBMRoundedButton.m */ = {isa = PBXFileReference; fileEncoding = 4; lastKnownFileType = sourcecode.c.objc; path = "UIButton+TBMRoundedButton.m"; sourceTree = "<group>"; };
		682D62BEB56D05ED64DA7452 /* TBMSecretScreenPresenter.h */ = {isa = PBXFileReference; fileEncoding = 4; lastKnownFileType = sourcecode.c.h; path = TBMSecretScreenPresenter.h; sourceTree = "<group>"; };
		682D647B1B8B2F16EF4FCBC2 /* TBMSecretScreenViewController.h */ = {isa = PBXFileReference; fileEncoding = 4; lastKnownFileType = sourcecode.c.h; path = TBMSecretScreenViewController.h; sourceTree = "<group>"; };
		682D653DDB24EAA3FA5B96D2 /* TBMVideoObject.h */ = {isa = PBXFileReference; fileEncoding = 4; lastKnownFileType = sourcecode.c.h; path = TBMVideoObject.h; sourceTree = "<group>"; };
		682D6544C95E30D4FD984377 /* TBMHomeViewController+Invite.h */ = {isa = PBXFileReference; fileEncoding = 4; lastKnownFileType = sourcecode.c.h; path = "TBMHomeViewController+Invite.h"; sourceTree = "<group>"; };
		682D6589B2760FC2E61CC0FF /* TBMSecretScreenPresenter.m */ = {isa = PBXFileReference; fileEncoding = 4; lastKnownFileType = sourcecode.c.objc; path = TBMSecretScreenPresenter.m; sourceTree = "<group>"; };
		682D65DD73C84904DFE81F22 /* TBMHomeViewController+VersionController.m */ = {isa = PBXFileReference; fileEncoding = 4; lastKnownFileType = sourcecode.c.objc; path = "TBMHomeViewController+VersionController.m"; sourceTree = "<group>"; };
		682D665A451D0E9DB5673E14 /* TBMVideoObject.m */ = {isa = PBXFileReference; fileEncoding = 4; lastKnownFileType = sourcecode.c.objc; path = TBMVideoObject.m; sourceTree = "<group>"; };
		682D66626FF1E12471AE98AE /* TBMStateScreenDataSource.h */ = {isa = PBXFileReference; fileEncoding = 4; lastKnownFileType = sourcecode.c.h; path = TBMStateScreenDataSource.h; sourceTree = "<group>"; };
		682D67A25785E06A364413A3 /* TBMStateScreenViewController.m */ = {isa = PBXFileReference; fileEncoding = 4; lastKnownFileType = sourcecode.c.objc; path = TBMStateScreenViewController.m; sourceTree = "<group>"; };
		682D67EB7CB154D705981F06 /* TBMFriendVideosInformation.m */ = {isa = PBXFileReference; fileEncoding = 4; lastKnownFileType = sourcecode.c.objc; path = TBMFriendVideosInformation.m; sourceTree = "<group>"; };
		682D692EB3EAB4A0CF9E854A /* TBMStateScreenView.m */ = {isa = PBXFileReference; fileEncoding = 4; lastKnownFileType = sourcecode.c.objc; path = TBMStateScreenView.m; sourceTree = "<group>"; };
		682D697A85E470F66246FDF3 /* TBMStateScreenTableCell.m */ = {isa = PBXFileReference; fileEncoding = 4; lastKnownFileType = sourcecode.c.objc; path = TBMStateScreenTableCell.m; sourceTree = "<group>"; };
		682D69E4281B04C63779AC10 /* TBMSecretGestureRecognizer.h */ = {isa = PBXFileReference; fileEncoding = 4; lastKnownFileType = sourcecode.c.h; path = TBMSecretGestureRecognizer.h; sourceTree = "<group>"; };
		682D6A3CE7633C28D17356B2 /* TBMFriendVideosInformation.h */ = {isa = PBXFileReference; fileEncoding = 4; lastKnownFileType = sourcecode.c.h; path = TBMFriendVideosInformation.h; sourceTree = "<group>"; };
		682D6A734F98D40E543CE53A /* TBMStateScreenViewController.h */ = {isa = PBXFileReference; fileEncoding = 4; lastKnownFileType = sourcecode.c.h; path = TBMStateScreenViewController.h; sourceTree = "<group>"; };
		682D6AE35999C53D204D9F4C /* TBMStateScreenView.h */ = {isa = PBXFileReference; fileEncoding = 4; lastKnownFileType = sourcecode.c.h; path = TBMStateScreenView.h; sourceTree = "<group>"; };
		682D6C10E49A6BFFF6F0B573 /* TBMSecretScreenViewController.m */ = {isa = PBXFileReference; fileEncoding = 4; lastKnownFileType = sourcecode.c.objc; path = TBMSecretScreenViewController.m; sourceTree = "<group>"; };
		682D6C597BD987714621084C /* TBMDebugData.m */ = {isa = PBXFileReference; fileEncoding = 4; lastKnownFileType = sourcecode.c.objc; path = TBMDebugData.m; sourceTree = "<group>"; };
		682D6C6ECE27E94865F9E785 /* UIButton+TBMRoundedButton.h */ = {isa = PBXFileReference; fileEncoding = 4; lastKnownFileType = sourcecode.c.h; path = "UIButton+TBMRoundedButton.h"; sourceTree = "<group>"; };
		682D6CD85729FBB16CF08B9D /* TBMStateScreenTableCell.h */ = {isa = PBXFileReference; fileEncoding = 4; lastKnownFileType = sourcecode.c.h; path = TBMStateScreenTableCell.h; sourceTree = "<group>"; };
		682D6DECA2320CD20B07277A /* TBMHomeViewController.h */ = {isa = PBXFileReference; fileEncoding = 4; lastKnownFileType = sourcecode.c.h; path = TBMHomeViewController.h; sourceTree = "<group>"; };
		682D6E4823793C3A8B5DE7D9 /* TBMSecretGestureRecognizer.m */ = {isa = PBXFileReference; fileEncoding = 4; lastKnownFileType = sourcecode.c.objc; path = TBMSecretGestureRecognizer.m; sourceTree = "<group>"; };
		682D6F13C829CB6FE2E92091 /* TBMSecretScreenView.h */ = {isa = PBXFileReference; fileEncoding = 4; lastKnownFileType = sourcecode.c.h; path = TBMSecretScreenView.h; sourceTree = "<group>"; };
		682D6F2E6181D4111349CA53 /* TBMHomeViewController.m */ = {isa = PBXFileReference; fileEncoding = 4; lastKnownFileType = sourcecode.c.objc; path = TBMHomeViewController.m; sourceTree = "<group>"; };
		682D6F37715F43E4C0D91C5A /* TBMHomeViewController+VersionController.h */ = {isa = PBXFileReference; fileEncoding = 4; lastKnownFileType = sourcecode.c.h; path = "TBMHomeViewController+VersionController.h"; sourceTree = "<group>"; };
		682D6FBFEAF9036A9D7D2F71 /* TBMSecretScreenView.m */ = {isa = PBXFileReference; fileEncoding = 4; lastKnownFileType = sourcecode.c.objc; path = TBMSecretScreenView.m; sourceTree = "<group>"; };
		682D6FF4F4153C1F25988DC2 /* TBMStateScreenDataSource.m */ = {isa = PBXFileReference; fileEncoding = 4; lastKnownFileType = sourcecode.c.objc; path = TBMStateScreenDataSource.m; sourceTree = "<group>"; };
		7716E91C15B9FF656396DC61 /* Pods.debug.xcconfig */ = {isa = PBXFileReference; includeInIndex = 1; lastKnownFileType = text.xcconfig; name = Pods.debug.xcconfig; path = "Pods/Target Support Files/Pods/Pods.debug.xcconfig"; sourceTree = "<group>"; };
		98B109B594AF439180A6DFAF /* libPods.a */ = {isa = PBXFileReference; explicitFileType = archive.ar; includeInIndex = 0; path = libPods.a; sourceTree = BUILT_PRODUCTS_DIR; };
/* End PBXFileReference section */

/* Begin PBXFrameworksBuildPhase section */
		220E90221909A18B003C4F82 /* Frameworks */ = {
			isa = PBXFrameworksBuildPhase;
			buildActionMask = 2147483647;
			files = (
				2208E8A81A1419D400150C35 /* AddressBook.framework in Frameworks */,
				2208E8A91A1419D400150C35 /* AddressBookUI.framework in Frameworks */,
				22403C2B19D5E63400FC36E3 /* MessageUI.framework in Frameworks */,
				224101D4190D4180005128F9 /* AVFoundation.framework in Frameworks */,
				22F32AFC19228F3300AB524E /* StoreKit.framework in Frameworks */,
				220E902B1909A18B003C4F82 /* CoreGraphics.framework in Frameworks */,
				220E902F1909A18B003C4F82 /* CoreData.framework in Frameworks */,
				220E902D1909A18B003C4F82 /* UIKit.framework in Frameworks */,
				220E90291909A18B003C4F82 /* Foundation.framework in Frameworks */,
				E20D3F30A3404563A3BEC783 /* libPods.a in Frameworks */,
			);
			runOnlyForDeploymentPostprocessing = 0;
		};
		220E90421909A18B003C4F82 /* Frameworks */ = {
			isa = PBXFrameworksBuildPhase;
			buildActionMask = 2147483647;
			files = (
				220E90471909A18B003C4F82 /* XCTest.framework in Frameworks */,
				220E904A1909A18C003C4F82 /* CoreData.framework in Frameworks */,
				220E90491909A18C003C4F82 /* UIKit.framework in Frameworks */,
				220E90481909A18C003C4F82 /* Foundation.framework in Frameworks */,
			);
			runOnlyForDeploymentPostprocessing = 0;
		};
/* End PBXFrameworksBuildPhase section */

/* Begin PBXGroup section */
		220E901C1909A18B003C4F82 = {
			isa = PBXGroup;
			children = (
				22C466EB1A8EF4410043BA7D /* Zazo.entitlements */,
				221B775D1A68888C009FA670 /* TPKeyboardAvoiding */,
				220E90301909A18B003C4F82 /* tbm */,
				220E904D1909A18C003C4F82 /* tbmTests */,
				220E90271909A18B003C4F82 /* Frameworks */,
				220E90261909A18B003C4F82 /* Products */,
				984D6697D8F62FFA194F39A2 /* Pods */,
			);
			sourceTree = "<group>";
		};
		220E90261909A18B003C4F82 /* Products */ = {
			isa = PBXGroup;
			children = (
				220E90251909A18B003C4F82 /* Zazo.app */,
				220E90451909A18B003C4F82 /* ZazoTests.xctest */,
			);
			name = Products;
			sourceTree = "<group>";
		};
		220E90271909A18B003C4F82 /* Frameworks */ = {
			isa = PBXGroup;
			children = (
				41A04DE91AD7CA1C00AD88D5 /* CoreBluetooth.framework */,
				41A04DE71AD7C3AA00AD88D5 /* ExternalAccessory.framework */,
				2208E8A61A1419D400150C35 /* AddressBook.framework */,
				2208E8A71A1419D400150C35 /* AddressBookUI.framework */,
				22403C2A19D5E63400FC36E3 /* MessageUI.framework */,
				22F32AFB19228F3300AB524E /* StoreKit.framework */,
				224101D3190D4180005128F9 /* AVFoundation.framework */,
				220E90281909A18B003C4F82 /* Foundation.framework */,
				220E902A1909A18B003C4F82 /* CoreGraphics.framework */,
				220E902C1909A18B003C4F82 /* UIKit.framework */,
				220E902E1909A18B003C4F82 /* CoreData.framework */,
				220E90461909A18B003C4F82 /* XCTest.framework */,
				98B109B594AF439180A6DFAF /* libPods.a */,
			);
			name = Frameworks;
			sourceTree = "<group>";
		};
		220E90301909A18B003C4F82 /* tbm */ = {
			isa = PBXGroup;
			children = (
				221B77741A6889B9009FA670 /* TBMBenchTableViewCell.h */,
				221B77751A6889B9009FA670 /* TBMBenchTableViewCell.m */,
				22B1AE531A6857230027C4B1 /* UIWidgets */,
				226914EF19AFCD92007497F1 /* Icons */,
				2227243619182A2D00DA6865 /* Images */,
				22EA56B419103A2B00646D3E /* Sounds */,
				227155621A40919900B437DA /* AppDelegate */,
				226A37C31A37E10900A2D0F5 /* Models */,
				226A37C21A37E0D100A2D0F5 /* Controllers */,
				226A37C41A37E18A00A2D0F5 /* Registration */,
				22664395190AD8C8006C9072 /* Utils */,
				226B49A81AE9917F00E4D2BE /* Categories */,
				2259A9881ADA176F00E7DCDE /* Video */,
				220E905D1909A1A9003C4F82 /* TBM.storyboard */,
				220E903F1909A18B003C4F82 /* Images.xcassets */,
				220E903C1909A18B003C4F82 /* tbm.xcdatamodeld */,
				220E90311909A18B003C4F82 /* Supporting Files */,
				22249584190B52E4008EF394 /* TBMLongPressTouchHandler.h */,
				22249585190B52E4008EF394 /* TBMLongPressTouchHandler.m */,
				22EA56BF19106AD100646D3E /* TBMConfig.h */,
				22EA56C019106AD100646D3E /* TBMConfig.m */,
				223A11441915926800177481 /* TBMHttpManager.h */,
				223A11451915926800177481 /* TBMHttpManager.m */,
				220207C8198878650013CE3B /* TBMRemoteStorageHandler.h */,
				220207C9198878650013CE3B /* TBMRemoteStorageHandler.m */,
				2261417519A52CFB006FB870 /* TBMVersionHandler.h */,
				2261417619A52CFB006FB870 /* TBMVersionHandler.m */,
				22A8F5061A09608800F7AD0E /* TBMTextField.h */,
				22A8F5071A09608800F7AD0E /* TBMTextField.m */,
				22FE29FF1A09C0460051FC9C /* TBMFriendGetter.h */,
				22FE2A001A09C0460051FC9C /* TBMFriendGetter.m */,
				2208E8A31A14195500150C35 /* TBMContactsManager.h */,
				2208E8A41A14195500150C35 /* TBMContactsManager.m */,
				22A094E51A16C6B4009AB958 /* TBMSelectPhoneTableDelegate.h */,
				22A094E61A16C6B4009AB958 /* TBMSelectPhoneTableDelegate.m */,
				22CC5E5D1A1AD9A900AAFB75 /* TBMTableModal.h */,
				22CC5E5E1A1AD9A900AAFB75 /* TBMTableModal.m */,
				22DACC791A1D015700B2F750 /* TBMContentViewModal.h */,
				22DACC7A1A1D015700B2F750 /* TBMContentViewModal.m */,
				223D92791A1EE0F2002F1E14 /* TBMContactSearchTableDelegate.h */,
				223D927A1A1EE0F2002F1E14 /* TBMContactSearchTableDelegate.m */,
				225D21BE1A5B5B4F0087A25B /* TBMS3CredentialsManager.h */,
				225D21BF1A5B5B4F0087A25B /* TBMS3CredentialsManager.m */,
				22151E861A5CB07B008EF88E /* TBMDispatch.h */,
				22151E871A5CB07B008EF88E /* TBMDispatch.m */,
			);
			path = tbm;
			sourceTree = "<group>";
		};
		220E90311909A18B003C4F82 /* Supporting Files */ = {
			isa = PBXGroup;
			children = (
				220E90321909A18B003C4F82 /* Zazo-Info.plist */,
				220E90331909A18B003C4F82 /* InfoPlist.strings */,
				220E90361909A18B003C4F82 /* main.m */,
				220E90381909A18B003C4F82 /* Zazo-Prefix.pch */,
			);
			name = "Supporting Files";
			sourceTree = "<group>";
		};
		220E904D1909A18C003C4F82 /* tbmTests */ = {
			isa = PBXGroup;
			children = (
				220E90531909A18C003C4F82 /* KeyChainWrapperTests.m */,
				220E904E1909A18C003C4F82 /* Supporting Files */,
				225D21C31A5B7A060087A25B /* S3CredentialsManagerTests.m */,
				22151E891A5CF4B2008EF88E /* TBMDispatchTests.m */,
				227767A31A963FE90093EFB1 /* StringUtilsTest.m */,
				2259A98C1ADAD19900E7DCDE /* TBMVideoIdUtilsTests.m */,
			);
			path = tbmTests;
			sourceTree = "<group>";
		};
		220E904E1909A18C003C4F82 /* Supporting Files */ = {
			isa = PBXGroup;
			children = (
				220E904F1909A18C003C4F82 /* ZazoTests-Info.plist */,
				220E90501909A18C003C4F82 /* InfoPlist.strings */,
			);
			name = "Supporting Files";
			sourceTree = "<group>";
		};
		221B775D1A68888C009FA670 /* TPKeyboardAvoiding */ = {
			isa = PBXGroup;
			children = (
				221B775E1A68888C009FA670 /* TPKeyboardAvoidingCollectionView.h */,
				221B775F1A68888C009FA670 /* TPKeyboardAvoidingCollectionView.m */,
				221B77601A68888C009FA670 /* TPKeyboardAvoidingScrollView.h */,
				221B77611A68888C009FA670 /* TPKeyboardAvoidingScrollView.m */,
				221B77621A68888C009FA670 /* TPKeyboardAvoidingTableView.h */,
				221B77631A68888C009FA670 /* TPKeyboardAvoidingTableView.m */,
				221B77641A68888C009FA670 /* UIScrollView+TPKeyboardAvoidingAdditions.h */,
				221B77651A68888C009FA670 /* UIScrollView+TPKeyboardAvoidingAdditions.m */,
			);
			path = TPKeyboardAvoiding;
			sourceTree = "<group>";
		};
		221B77731A688992009FA670 /* AlertController */ = {
			isa = PBXGroup;
			children = (
				221B776A1A688984009FA670 /* TBMAlertController.h */,
				221B776B1A688984009FA670 /* TBMAlertController.m */,
				221B776C1A688984009FA670 /* TBMAlertControllerView.h */,
				221B776D1A688984009FA670 /* TBMAlertControllerView.m */,
				221B776E1A688984009FA670 /* TBMAlertControllerVisualStyle.h */,
				221B776F1A688984009FA670 /* TBMAlertControllerVisualStyle.m */,
			);
			name = AlertController;
			sourceTree = "<group>";
		};
		2227243619182A2D00DA6865 /* Images */ = {
			isa = PBXGroup;
			children = (
			);
			name = Images;
			sourceTree = "<group>";
		};
		2259A9881ADA176F00E7DCDE /* Video */ = {
			isa = PBXGroup;
			children = (
				22F1A4C219354AC500E04229 /* TBMVideoIdUtils.h */,
				22F1A4C319354AC500E04229 /* TBMVideoIdUtils.m */,
				224101D0190D40B1005128F9 /* TBMDeviceHandler.h */,
				224101D1190D40B1005128F9 /* TBMDeviceHandler.m */,
				224101D5190D5171005128F9 /* TBMVideoRecorder.h */,
				224101D6190D5171005128F9 /* TBMVideoRecorder.m */,
				22EA56BC191068B700646D3E /* TBMVideoPlayer.h */,
				22EA56BD191068B700646D3E /* TBMVideoPlayer.m */,
				4106AE641AD550AB007910EC /* TBMPreviewView.h */,
				4106AE651AD550AB007910EC /* TBMPreviewView.m */,
				2259A9891ADA17A200E7DCDE /* TBMVideoProcessor.h */,
				2259A98A1ADA17A200E7DCDE /* TBMVideoProcessor.m */,
			);
			name = Video;
			sourceTree = "<group>";
		};
		22664395190AD8C8006C9072 /* Utils */ = {
			isa = PBXGroup;
			children = (
				222724311917F2F500DA6865 /* NSArray+NSArrayExtensions.h */,
				222724321917F2F500DA6865 /* NSArray+NSArrayExtensions.m */,
				22664399190AD932006C9072 /* TBMViewUtils.h */,
				2266439A190AD932006C9072 /* TBMViewUtils.m */,
				226643A5190B13E2006C9072 /* TBMGeometryUtils.h */,
				226643A6190B13E2006C9072 /* TBMGeometryUtils.m */,
				22093F19192590CE0021EB0C /* TBMSoundEffect.h */,
				22093F1A192590CE0021EB0C /* TBMSoundEffect.m */,
				22A375C21930E09E00C355EB /* TBMStringUtils.h */,
				22A375C31930E09E00C355EB /* TBMStringUtils.m */,
				22A8F5091A099C7600F7AD0E /* TBMPhoneUtils.h */,
				22A8F50A1A099C7600F7AD0E /* TBMPhoneUtils.m */,
				226A26011A584AD6006FDFDA /* TBMKeyChainWrapper.h */,
				226A26021A584AD6006FDFDA /* TBMKeyChainWrapper.m */,
				2292CBB91A9FF7EF00A0477B /* NSString+NSStringExtensions.h */,
				2292CBBA1A9FF7EF00A0477B /* NSString+NSStringExtensions.m */,
				22EC119D1ACE074A0066414B /* TBMFileUtils.h */,
				22EC119E1ACE074A0066414B /* TBMFileUtils.m */,
			);
			name = Utils;
			sourceTree = "<group>";
		};
		226914B519AFCD42007497F1 /* ios */ = {
			isa = PBXGroup;
			children = (
				226914B619AFCD42007497F1 /* Icon-72.png */,
				226914B719AFCD42007497F1 /* Icon-72@2x.png */,
				226914B819AFCD42007497F1 /* Icon-Small-50.png */,
				226914B919AFCD42007497F1 /* Icon-Small-50@2x.png */,
				226914BA19AFCD42007497F1 /* Icon-Small.png */,
				226914BB19AFCD42007497F1 /* Icon-Small@2x.png */,
				226914BC19AFCD42007497F1 /* Icon.png */,
				226914BD19AFCD42007497F1 /* Icon@2x.png */,
				226914BE19AFCD42007497F1 /* iTunesArtwork.png */,
				226914BF19AFCD42007497F1 /* iTunesArtwork@2x.png */,
			);
			name = ios;
			path = icons/ios;
			sourceTree = "<group>";
		};
		226914C019AFCD42007497F1 /* ios7 */ = {
			isa = PBXGroup;
			children = (
				226914C119AFCD42007497F1 /* Icon-40.png */,
				226914C219AFCD42007497F1 /* Icon-40@2x.png */,
				226914C319AFCD42007497F1 /* Icon-60.png */,
				226914C419AFCD42007497F1 /* Icon-60@2x.png */,
				226914C519AFCD42007497F1 /* Icon-72.png */,
				226914C619AFCD42007497F1 /* Icon-72@2x.png */,
				226914C719AFCD42007497F1 /* Icon-76.png */,
				226914C819AFCD42007497F1 /* Icon-76@2x.png */,
				226914C919AFCD42007497F1 /* Icon-Small-50.png */,
				226914CA19AFCD42007497F1 /* Icon-Small-50@2x.png */,
				226914CB19AFCD42007497F1 /* Icon-Small.png */,
				226914CC19AFCD42007497F1 /* Icon-Small@2x.png */,
				226914CD19AFCD42007497F1 /* Icon.png */,
				226914CE19AFCD42007497F1 /* Icon@2x.png */,
				226914CF19AFCD42007497F1 /* iTunesArtwork.png */,
				226914D019AFCD42007497F1 /* iTunesArtwork@2x.png */,
			);
			name = ios7;
			path = icons/ios7;
			sourceTree = "<group>";
		};
		226914EF19AFCD92007497F1 /* Icons */ = {
			isa = PBXGroup;
			children = (
				226914C019AFCD42007497F1 /* ios7 */,
				226914B519AFCD42007497F1 /* ios */,
				2227243419182A1000DA6865 /* head.png */,
				226914D119AFCD42007497F1 /* logo.png */,
				226914D219AFCD42007497F1 /* logo.pxm */,
			);
			name = Icons;
			sourceTree = "<group>";
		};
		226A37C21A37E0D100A2D0F5 /* Controllers */ = {
			isa = PBXGroup;
			children = (
				221B77731A688992009FA670 /* AlertController */,
				2271555F1A40902B00B437DA /* TBMBenchViewController.h */,
				227155601A40902B00B437DA /* TBMBenchViewController.m */,
				220DC03D1A3A61CC006A3F90 /* TBMGridViewController.h */,
				220DC03E1A3A61CC006A3F90 /* TBMGridViewController.m */,
				226A37BF1A37E08900A2D0F5 /* TBMGridElementViewController.h */,
				226A37C01A37E08900A2D0F5 /* TBMGridElementViewController.m */,
				682D6517A7FC67528500036B /* Secret Screen */,
				682D6940B8A3E0E7C5705D57 /* Home */,
			);
			name = Controllers;
			sourceTree = "<group>";
		};
		226A37C31A37E10900A2D0F5 /* Models */ = {
			isa = PBXGroup;
			children = (
				221EA28F1912E86300649BC5 /* TBMUser.h */,
				221EA2901912E86300649BC5 /* TBMUser.m */,
				22A76A7B19A2600C00D8C4FF /* TBMVideo.h */,
				22A76A7C19A2600C00D8C4FF /* TBMVideo.m */,
				22A76A7819A2600C00D8C4FF /* TBMFriend.h */,
				22A76A7919A2600C00D8C4FF /* TBMFriend.m */,
				22ED40061A0850F5003D6536 /* TBMGridElement.h */,
				22ED40071A0850F5003D6536 /* TBMGridElement.m */,
			);
			name = Models;
			sourceTree = "<group>";
		};
		226A37C41A37E18A00A2D0F5 /* Registration */ = {
			isa = PBXGroup;
			children = (
				22ED40091A08707E003D6536 /* TBMRegisterViewController.h */,
				22ED400A1A08707E003D6536 /* TBMRegisterViewController.m */,
				227F6CF41A15313700E19E5C /* TBMRegisterForm.h */,
				227F6CF51A15313700E19E5C /* TBMRegisterForm.m */,
				223C55DD1B06AD0A00FB8B7C /* TBMVerificationAlertHandler.h */,
				223C55DE1B06AD0A00FB8B7C /* TBMVerfiicationAlertHandler.m */,
			);
			name = Registration;
			sourceTree = "<group>";
		};
		226B49A81AE9917F00E4D2BE /* Categories */ = {
			isa = PBXGroup;
			children = (
				226B49A51AE990FD00E4D2BE /* NSError+Extensions.h */,
				226B49A61AE990FD00E4D2BE /* NSError+Extensions.m */,
				221F4EB41AFFBB4800D0771B /* AVAudioSession+TBMAudioSession.h */,
				221F4EB51AFFBB4800D0771B /* AVAudioSession+TBMAudioSession.m */,
			);
			name = Categories;
			sourceTree = "<group>";
		};
		227155621A40919900B437DA /* AppDelegate */ = {
			isa = PBXGroup;
			children = (
				2287DB491922BB5D00B1C298 /* TBMAppDelegate+PushNotification.h */,
				2287DB4A1922BB5D00B1C298 /* TBMAppDelegate+PushNotification.m */,
				220E90391909A18B003C4F82 /* TBMAppDelegate.h */,
				220E903A1909A18B003C4F82 /* TBMAppDelegate.m */,
				223A11471915AED900177481 /* TBMAppDelegate+Boot.h */,
				223A11481915AED900177481 /* TBMAppDelegate+Boot.m */,
				22500B8619993FDC008E9EA4 /* TBMAppDelegate+AppSync.h */,
				22500B8719993FDC008E9EA4 /* TBMAppDelegate+AppSync.m */,
			);
			name = AppDelegate;
			sourceTree = "<group>";
		};
		22B1AE531A6857230027C4B1 /* UIWidgets */ = {
			isa = PBXGroup;
			children = (
				22B1AE541A68576F0027C4B1 /* TBMMarginLabel.h */,
				22B1AE551A68576F0027C4B1 /* TBMMarginLabel.m */,
			);
			name = UIWidgets;
			sourceTree = "<group>";
		};
		22EA56B419103A2B00646D3E /* Sounds */ = {
			isa = PBXGroup;
			children = (
				227767A51A9966AD0093EFB1 /* BeepSin30.wav */,
				22C466E81A8ECC4F0043BA7D /* NotificationTone.wav */,
				22EA56BA19103E4B00646D3E /* single_ding_chimes2.wav */,
				22EA56B519103A3F00646D3E /* single_ding_chimes.wav */,
			);
			name = Sounds;
			sourceTree = "<group>";
		};
		682D6517A7FC67528500036B /* Secret Screen */ = {
			isa = PBXGroup;
			children = (
				682D6627EE1C01ECFED1F8BB /* Category */,
				682D6AC88F462D8C0EC2627E /* State Screen */,
				682D68B1EFED7AE819B03718 /* Secret screen */,
				682D62BEB56D05ED64DA7452 /* TBMSecretScreenPresenter.h */,
				682D6589B2760FC2E61CC0FF /* TBMSecretScreenPresenter.m */,
				682D61497C752CA4DE9B187C /* TBMDebugData.h */,
				682D6C597BD987714621084C /* TBMDebugData.m */,
				682D69E4281B04C63779AC10 /* TBMSecretGestureRecognizer.h */,
				682D6E4823793C3A8B5DE7D9 /* TBMSecretGestureRecognizer.m */,
			);
			name = "Secret Screen";
			sourceTree = "<group>";
		};
		682D6627EE1C01ECFED1F8BB /* Category */ = {
			isa = PBXGroup;
			children = (
				682D6C6ECE27E94865F9E785 /* UIButton+TBMRoundedButton.h */,
				682D61977AA88F649B770C19 /* UIButton+TBMRoundedButton.m */,
			);
			name = Category;
			sourceTree = "<group>";
		};
		682D68B1EFED7AE819B03718 /* Secret screen */ = {
			isa = PBXGroup;
			children = (
				682D647B1B8B2F16EF4FCBC2 /* TBMSecretScreenViewController.h */,
				682D6C10E49A6BFFF6F0B573 /* TBMSecretScreenViewController.m */,
				682D6FBFEAF9036A9D7D2F71 /* TBMSecretScreenView.m */,
				682D6F13C829CB6FE2E92091 /* TBMSecretScreenView.h */,
			);
			name = "Secret screen";
			sourceTree = "<group>";
		};
		682D68BF50F93FDCAC7CA42C /* Cell */ = {
			isa = PBXGroup;
			children = (
				682D6CD85729FBB16CF08B9D /* TBMStateScreenTableCell.h */,
				682D697A85E470F66246FDF3 /* TBMStateScreenTableCell.m */,
			);
			name = Cell;
			sourceTree = "<group>";
		};
		682D6940B8A3E0E7C5705D57 /* Home */ = {
			isa = PBXGroup;
			children = (
				682D6544C95E30D4FD984377 /* TBMHomeViewController+Invite.h */,
				682D6066C4BBB00F3CA6A092 /* TBMHomeViewController+Invite.m */,
				682D6F37715F43E4C0D91C5A /* TBMHomeViewController+VersionController.h */,
				682D65DD73C84904DFE81F22 /* TBMHomeViewController+VersionController.m */,
				682D6DECA2320CD20B07277A /* TBMHomeViewController.h */,
				682D6F2E6181D4111349CA53 /* TBMHomeViewController.m */,
			);
			name = Home;
			sourceTree = "<group>";
		};
		682D6AC88F462D8C0EC2627E /* State Screen */ = {
			isa = PBXGroup;
			children = (
				682D68BF50F93FDCAC7CA42C /* Cell */,
				682D6CA6EDCB7006C2D1CB94 /* DataSource */,
				682D6AE35999C53D204D9F4C /* TBMStateScreenView.h */,
				682D692EB3EAB4A0CF9E854A /* TBMStateScreenView.m */,
				682D6A734F98D40E543CE53A /* TBMStateScreenViewController.h */,
				682D67A25785E06A364413A3 /* TBMStateScreenViewController.m */,
			);
			name = "State Screen";
			sourceTree = "<group>";
		};
		682D6CA6EDCB7006C2D1CB94 /* DataSource */ = {
			isa = PBXGroup;
			children = (
				682D66626FF1E12471AE98AE /* TBMStateScreenDataSource.h */,
				682D6FF4F4153C1F25988DC2 /* TBMStateScreenDataSource.m */,
				682D6A3CE7633C28D17356B2 /* TBMFriendVideosInformation.h */,
				682D67EB7CB154D705981F06 /* TBMFriendVideosInformation.m */,
				682D653DDB24EAA3FA5B96D2 /* TBMVideoObject.h */,
				682D665A451D0E9DB5673E14 /* TBMVideoObject.m */,
			);
			name = DataSource;
			sourceTree = "<group>";
		};
		984D6697D8F62FFA194F39A2 /* Pods */ = {
			isa = PBXGroup;
			children = (
				7716E91C15B9FF656396DC61 /* Pods.debug.xcconfig */,
				074DBFEFF2D176488120A3DB /* Pods.release.xcconfig */,
			);
			name = Pods;
			sourceTree = "<group>";
		};
/* End PBXGroup section */

/* Begin PBXNativeTarget section */
		220E90241909A18B003C4F82 /* Zazo */ = {
			isa = PBXNativeTarget;
			buildConfigurationList = 220E90571909A18C003C4F82 /* Build configuration list for PBXNativeTarget "Zazo" */;
			buildPhases = (
				90DCA26FC9A448EB9C5E5879 /* Check Pods Manifest.lock */,
				220E90211909A18B003C4F82 /* Sources */,
				220E90221909A18B003C4F82 /* Frameworks */,
				220E90231909A18B003C4F82 /* Resources */,
				F150BE2BD20343D6AD66EF07 /* Copy Pods Resources */,
			);
			buildRules = (
			);
			dependencies = (
			);
			name = Zazo;
			productName = tbm;
			productReference = 220E90251909A18B003C4F82 /* Zazo.app */;
			productType = "com.apple.product-type.application";
		};
		220E90441909A18B003C4F82 /* ZazoTests */ = {
			isa = PBXNativeTarget;
			buildConfigurationList = 220E905A1909A18C003C4F82 /* Build configuration list for PBXNativeTarget "ZazoTests" */;
			buildPhases = (
				220E90411909A18B003C4F82 /* Sources */,
				220E90421909A18B003C4F82 /* Frameworks */,
				220E90431909A18B003C4F82 /* Resources */,
			);
			buildRules = (
			);
			dependencies = (
				220E904C1909A18C003C4F82 /* PBXTargetDependency */,
			);
			name = ZazoTests;
			productName = tbmTests;
			productReference = 220E90451909A18B003C4F82 /* ZazoTests.xctest */;
			productType = "com.apple.product-type.bundle.unit-test";
		};
/* End PBXNativeTarget section */

/* Begin PBXProject section */
		220E901D1909A18B003C4F82 /* Project object */ = {
			isa = PBXProject;
			attributes = {
				CLASSPREFIX = TBM;
				LastUpgradeCheck = 0510;
				ORGANIZATIONNAME = "No Plan B";
				TargetAttributes = {
					220E90241909A18B003C4F82 = {
						DevelopmentTeam = DYQN26F8U9;
						SystemCapabilities = {
							com.apple.BackgroundModes = {
								enabled = 1;
							};
							com.apple.InAppPurchase = {
								enabled = 1;
							};
							com.apple.OMC = {
								enabled = 1;
							};
						};
					};
					220E90441909A18B003C4F82 = {
						DevelopmentTeam = DYQN26F8U9;
						TestTargetID = 220E90241909A18B003C4F82;
					};
				};
			};
			buildConfigurationList = 220E90201909A18B003C4F82 /* Build configuration list for PBXProject "Zazo" */;
			compatibilityVersion = "Xcode 3.2";
			developmentRegion = English;
			hasScannedForEncodings = 0;
			knownRegions = (
				en,
			);
			mainGroup = 220E901C1909A18B003C4F82;
			productRefGroup = 220E90261909A18B003C4F82 /* Products */;
			projectDirPath = "";
			projectRoot = "";
			targets = (
				220E90241909A18B003C4F82 /* Zazo */,
				220E90441909A18B003C4F82 /* ZazoTests */,
			);
		};
/* End PBXProject section */

/* Begin PBXResourcesBuildPhase section */
		220E90231909A18B003C4F82 /* Resources */ = {
			isa = PBXResourcesBuildPhase;
			buildActionMask = 2147483647;
			files = (
				226914DF19AFCD42007497F1 /* Icon-60.png in Resources */,
				226914EB19AFCD42007497F1 /* iTunesArtwork.png in Resources */,
				226914ED19AFCD42007497F1 /* logo.png in Resources */,
				220E90351909A18B003C4F82 /* InfoPlist.strings in Resources */,
				226914DD19AFCD42007497F1 /* Icon-40.png in Resources */,
				226914D719AFCD42007497F1 /* Icon-Small.png in Resources */,
				226914EE19AFCD42007497F1 /* logo.pxm in Resources */,
				226914E319AFCD42007497F1 /* Icon-76.png in Resources */,
				226914DE19AFCD42007497F1 /* Icon-40@2x.png in Resources */,
				226914E119AFCD42007497F1 /* Icon-72.png in Resources */,
				22EA56BB19103E4B00646D3E /* single_ding_chimes2.wav in Resources */,
				226914DC19AFCD42007497F1 /* iTunesArtwork@2x.png in Resources */,
				226914DB19AFCD42007497F1 /* iTunesArtwork.png in Resources */,
				226914D619AFCD42007497F1 /* Icon-Small-50@2x.png in Resources */,
				226914E219AFCD42007497F1 /* Icon-72@2x.png in Resources */,
				226914D419AFCD42007497F1 /* Icon-72@2x.png in Resources */,
				226914E819AFCD42007497F1 /* Icon-Small@2x.png in Resources */,
				22C466EA1A8ECC4F0043BA7D /* NotificationTone.wav in Resources */,
				226914D519AFCD42007497F1 /* Icon-Small-50.png in Resources */,
				226914E019AFCD42007497F1 /* Icon-60@2x.png in Resources */,
				22EA56B619103A3F00646D3E /* single_ding_chimes.wav in Resources */,
				226914D919AFCD42007497F1 /* Icon.png in Resources */,
				226914EC19AFCD42007497F1 /* iTunesArtwork@2x.png in Resources */,
				226914E719AFCD42007497F1 /* Icon-Small.png in Resources */,
				226914EA19AFCD42007497F1 /* Icon@2x.png in Resources */,
				226914E519AFCD42007497F1 /* Icon-Small-50.png in Resources */,
				227767A71A9966AD0093EFB1 /* BeepSin30.wav in Resources */,
				220E90401909A18B003C4F82 /* Images.xcassets in Resources */,
				226914DA19AFCD42007497F1 /* Icon@2x.png in Resources */,
				2227243519182A1000DA6865 /* head.png in Resources */,
				226914D819AFCD42007497F1 /* Icon-Small@2x.png in Resources */,
				226914E619AFCD42007497F1 /* Icon-Small-50@2x.png in Resources */,
				226914D319AFCD42007497F1 /* Icon-72.png in Resources */,
				226914E419AFCD42007497F1 /* Icon-76@2x.png in Resources */,
				226914E919AFCD42007497F1 /* Icon.png in Resources */,
				220E905E1909A1A9003C4F82 /* TBM.storyboard in Resources */,
			);
			runOnlyForDeploymentPostprocessing = 0;
		};
		220E90431909A18B003C4F82 /* Resources */ = {
			isa = PBXResourcesBuildPhase;
			buildActionMask = 2147483647;
			files = (
				220E90521909A18C003C4F82 /* InfoPlist.strings in Resources */,
			);
			runOnlyForDeploymentPostprocessing = 0;
		};
/* End PBXResourcesBuildPhase section */

/* Begin PBXShellScriptBuildPhase section */
		90DCA26FC9A448EB9C5E5879 /* Check Pods Manifest.lock */ = {
			isa = PBXShellScriptBuildPhase;
			buildActionMask = 2147483647;
			files = (
			);
			inputPaths = (
			);
			name = "Check Pods Manifest.lock";
			outputPaths = (
			);
			runOnlyForDeploymentPostprocessing = 0;
			shellPath = /bin/sh;
			shellScript = "diff \"${PODS_ROOT}/../Podfile.lock\" \"${PODS_ROOT}/Manifest.lock\" > /dev/null\nif [[ $? != 0 ]] ; then\n    cat << EOM\nerror: The sandbox is not in sync with the Podfile.lock. Run 'pod install' or update your CocoaPods installation.\nEOM\n    exit 1\nfi\n";
			showEnvVarsInLog = 0;
		};
		F150BE2BD20343D6AD66EF07 /* Copy Pods Resources */ = {
			isa = PBXShellScriptBuildPhase;
			buildActionMask = 2147483647;
			files = (
			);
			inputPaths = (
			);
			name = "Copy Pods Resources";
			outputPaths = (
			);
			runOnlyForDeploymentPostprocessing = 0;
			shellPath = /bin/sh;
			shellScript = "\"${SRCROOT}/Pods/Target Support Files/Pods/Pods-resources.sh\"\n";
			showEnvVarsInLog = 0;
		};
/* End PBXShellScriptBuildPhase section */

/* Begin PBXSourcesBuildPhase section */
		220E90211909A18B003C4F82 /* Sources */ = {
			isa = PBXSourcesBuildPhase;
			buildActionMask = 2147483647;
			files = (
				2266439B190AD932006C9072 /* TBMViewUtils.m in Sources */,
				2261417719A52CFB006FB870 /* TBMVersionHandler.m in Sources */,
				22249586190B52E4008EF394 /* TBMLongPressTouchHandler.m in Sources */,
				227F6CF61A15313700E19E5C /* TBMRegisterForm.m in Sources */,
				22A76A7D19A2600C00D8C4FF /* TBMVideo.m in Sources */,
				220207CA198878650013CE3B /* TBMRemoteStorageHandler.m in Sources */,
				22ED400B1A08707E003D6536 /* TBMRegisterViewController.m in Sources */,
				221B77711A688984009FA670 /* TBMAlertControllerView.m in Sources */,
				220DC03F1A3A61CC006A3F90 /* TBMGridViewController.m in Sources */,
				221B77681A68888C009FA670 /* TPKeyboardAvoidingTableView.m in Sources */,
				227155611A40902B00B437DA /* TBMBenchViewController.m in Sources */,
				220E903B1909A18B003C4F82 /* TBMAppDelegate.m in Sources */,
				221B77661A68888C009FA670 /* TPKeyboardAvoidingCollectionView.m in Sources */,
				2259A98B1ADA17A200E7DCDE /* TBMVideoProcessor.m in Sources */,
				2287DB4B1922BB5D00B1C298 /* TBMAppDelegate+PushNotification.m in Sources */,
				221B77691A68888C009FA670 /* UIScrollView+TPKeyboardAvoidingAdditions.m in Sources */,
				221F4EB61AFFBB4800D0771B /* AVAudioSession+TBMAudioSession.m in Sources */,
				224101D2190D40B1005128F9 /* TBMDeviceHandler.m in Sources */,
				221B77701A688984009FA670 /* TBMAlertController.m in Sources */,
				22B1AE561A68576F0027C4B1 /* TBMMarginLabel.m in Sources */,
				22A76A7A19A2600C00D8C4FF /* TBMFriend.m in Sources */,
				226A26031A584AD6006FDFDA /* TBMKeyChainWrapper.m in Sources */,
				22151E881A5CB07B008EF88E /* TBMDispatch.m in Sources */,
				222724331917F2F500DA6865 /* NSArray+NSArrayExtensions.m in Sources */,
				226B49A71AE990FD00E4D2BE /* NSError+Extensions.m in Sources */,
				223A11491915AED900177481 /* TBMAppDelegate+Boot.m in Sources */,
				22A094E71A16C6B4009AB958 /* TBMSelectPhoneTableDelegate.m in Sources */,
				221B77671A68888C009FA670 /* TPKeyboardAvoidingScrollView.m in Sources */,
				220E903E1909A18B003C4F82 /* tbm.xcdatamodeld in Sources */,
				22CC5E5F1A1AD9A900AAFB75 /* TBMTableModal.m in Sources */,
				2208E8A51A14195500150C35 /* TBMContactsManager.m in Sources */,
				22093F1B192590CE0021EB0C /* TBMSoundEffect.m in Sources */,
				22F1A4C419354AC500E04229 /* TBMVideoIdUtils.m in Sources */,
				221EA2911912E86300649BC5 /* TBMUser.m in Sources */,
				221B77721A688984009FA670 /* TBMAlertControllerVisualStyle.m in Sources */,
				4106AE661AD550AB007910EC /* TBMPreviewView.m in Sources */,
				226A37C11A37E08900A2D0F5 /* TBMGridElementViewController.m in Sources */,
				223C55DF1B06AD0A00FB8B7C /* TBMVerfiicationAlertHandler.m in Sources */,
				22ED40081A0850F5003D6536 /* TBMGridElement.m in Sources */,
				22A8F5081A09608800F7AD0E /* TBMTextField.m in Sources */,
				22EA56C119106AD100646D3E /* TBMConfig.m in Sources */,
				224101D7190D5171005128F9 /* TBMVideoRecorder.m in Sources */,
				22DACC7B1A1D015700B2F750 /* TBMContentViewModal.m in Sources */,
				22A8F50B1A099C7600F7AD0E /* TBMPhoneUtils.m in Sources */,
				220E90371909A18B003C4F82 /* main.m in Sources */,
				22EA56BE191068B700646D3E /* TBMVideoPlayer.m in Sources */,
				223D927B1A1EE0F2002F1E14 /* TBMContactSearchTableDelegate.m in Sources */,
				226643A7190B13E2006C9072 /* TBMGeometryUtils.m in Sources */,
				22FE2A011A09C0460051FC9C /* TBMFriendGetter.m in Sources */,
				22500B8819993FDC008E9EA4 /* TBMAppDelegate+AppSync.m in Sources */,
				221B77761A6889B9009FA670 /* TBMBenchTableViewCell.m in Sources */,
				22EC119F1ACE074A0066414B /* TBMFileUtils.m in Sources */,
				223A11461915926800177481 /* TBMHttpManager.m in Sources */,
				225D21C01A5B5B4F0087A25B /* TBMS3CredentialsManager.m in Sources */,
				22A375C41930E09E00C355EB /* TBMStringUtils.m in Sources */,
				2292CBBB1A9FF7EF00A0477B /* NSString+NSStringExtensions.m in Sources */,
				682D6CC5BFB1F412D4790679 /* TBMSecretScreenPresenter.m in Sources */,
				682D63AEA1A6A755E0A4ACEB /* TBMHomeViewController+Invite.m in Sources */,
				682D6803E1C4044FB656583E /* TBMHomeViewController+VersionController.m in Sources */,
				682D67D927AE5F6ADCDCACD0 /* TBMHomeViewController.m in Sources */,
				682D63D91D9A3ECB906AD4CC /* TBMSecretScreenViewController.m in Sources */,
				682D6E7FC50B50BB222E05CE /* TBMSecretScreenView.m in Sources */,
				682D60FAB9D240DE4F4E3D92 /* TBMStateScreenView.m in Sources */,
				682D6B2677B928C0D1136A0F /* TBMStateScreenViewController.m in Sources */,
				682D62136F85BE33BD04EA08 /* UIButton+TBMRoundedButton.m in Sources */,
				682D63B290F5DEB1C4FBA10C /* TBMDebugData.m in Sources */,
				682D624A69ED9E44BCCE66A0 /* TBMSecretGestureRecognizer.m in Sources */,
				682D674F34DA0CE5E20DA154 /* TBMStateScreenDataSource.m in Sources */,
				682D66B1615DE575D3DE16D8 /* TBMFriendVideosInformation.m in Sources */,
				682D6F3A6F4BA7778FCCEC23 /* TBMVideoObject.m in Sources */,
				682D62DD0738377E650C5945 /* TBMStateScreenTableCell.m in Sources */,
			);
			runOnlyForDeploymentPostprocessing = 0;
		};
		220E90411909A18B003C4F82 /* Sources */ = {
			isa = PBXSourcesBuildPhase;
			buildActionMask = 2147483647;
			files = (
				2259A98D1ADAD19900E7DCDE /* TBMVideoIdUtilsTests.m in Sources */,
				227767A41A963FE90093EFB1 /* StringUtilsTest.m in Sources */,
				225D21C41A5B7A060087A25B /* S3CredentialsManagerTests.m in Sources */,
				22151E8A1A5CF4B2008EF88E /* TBMDispatchTests.m in Sources */,
				220E90541909A18C003C4F82 /* KeyChainWrapperTests.m in Sources */,
			);
			runOnlyForDeploymentPostprocessing = 0;
		};
/* End PBXSourcesBuildPhase section */

/* Begin PBXTargetDependency section */
		220E904C1909A18C003C4F82 /* PBXTargetDependency */ = {
			isa = PBXTargetDependency;
			target = 220E90241909A18B003C4F82 /* Zazo */;
			targetProxy = 220E904B1909A18C003C4F82 /* PBXContainerItemProxy */;
		};
/* End PBXTargetDependency section */

/* Begin PBXVariantGroup section */
		220E90331909A18B003C4F82 /* InfoPlist.strings */ = {
			isa = PBXVariantGroup;
			children = (
				220E90341909A18B003C4F82 /* en */,
			);
			name = InfoPlist.strings;
			sourceTree = "<group>";
		};
		220E90501909A18C003C4F82 /* InfoPlist.strings */ = {
			isa = PBXVariantGroup;
			children = (
				220E90511909A18C003C4F82 /* en */,
			);
			name = InfoPlist.strings;
			sourceTree = "<group>";
		};
/* End PBXVariantGroup section */

/* Begin XCBuildConfiguration section */
		220E90551909A18C003C4F82 /* Debug */ = {
			isa = XCBuildConfiguration;
			buildSettings = {
				ALWAYS_SEARCH_USER_PATHS = NO;
				CLANG_CXX_LANGUAGE_STANDARD = "gnu++0x";
				CLANG_CXX_LIBRARY = "libc++";
				CLANG_ENABLE_MODULES = YES;
				CLANG_ENABLE_OBJC_ARC = YES;
				CLANG_WARN_BOOL_CONVERSION = YES;
				CLANG_WARN_CONSTANT_CONVERSION = YES;
				CLANG_WARN_DIRECT_OBJC_ISA_USAGE = YES_ERROR;
				CLANG_WARN_EMPTY_BODY = YES;
				CLANG_WARN_ENUM_CONVERSION = YES;
				CLANG_WARN_INT_CONVERSION = YES;
				CLANG_WARN_OBJC_ROOT_CLASS = YES_ERROR;
				CLANG_WARN__DUPLICATE_METHOD_MATCH = YES;
				CODE_SIGN_IDENTITY = "";
				"CODE_SIGN_IDENTITY[sdk=iphoneos*]" = "";
				COPY_PHASE_STRIP = NO;
				GCC_C_LANGUAGE_STANDARD = gnu99;
				GCC_DYNAMIC_NO_PIC = NO;
				GCC_OPTIMIZATION_LEVEL = 0;
				GCC_PREPROCESSOR_DEFINITIONS = (
					"DEBUG=1",
					"$(inherited)",
				);
				GCC_SYMBOLS_PRIVATE_EXTERN = NO;
				GCC_WARN_64_TO_32_BIT_CONVERSION = YES;
				GCC_WARN_ABOUT_RETURN_TYPE = YES_ERROR;
				GCC_WARN_UNDECLARED_SELECTOR = YES;
				GCC_WARN_UNINITIALIZED_AUTOS = YES_AGGRESSIVE;
				GCC_WARN_UNUSED_FUNCTION = YES;
				GCC_WARN_UNUSED_VARIABLE = YES;
				IPHONEOS_DEPLOYMENT_TARGET = 7.0;
				MOMC_NO_INVERSE_RELATIONSHIP_WARNINGS = NO;
				ONLY_ACTIVE_ARCH = YES;
				PROVISIONING_PROFILE = "9084bdc5-091b-443b-87a2-1a553d622dd2";
				SDKROOT = iphoneos;
			};
			name = Debug;
		};
		220E90561909A18C003C4F82 /* Release */ = {
			isa = XCBuildConfiguration;
			buildSettings = {
				ALWAYS_SEARCH_USER_PATHS = NO;
				CLANG_CXX_LANGUAGE_STANDARD = "gnu++0x";
				CLANG_CXX_LIBRARY = "libc++";
				CLANG_ENABLE_MODULES = YES;
				CLANG_ENABLE_OBJC_ARC = YES;
				CLANG_WARN_BOOL_CONVERSION = YES;
				CLANG_WARN_CONSTANT_CONVERSION = YES;
				CLANG_WARN_DIRECT_OBJC_ISA_USAGE = YES_ERROR;
				CLANG_WARN_EMPTY_BODY = YES;
				CLANG_WARN_ENUM_CONVERSION = YES;
				CLANG_WARN_INT_CONVERSION = YES;
				CLANG_WARN_OBJC_ROOT_CLASS = YES_ERROR;
				CLANG_WARN__DUPLICATE_METHOD_MATCH = YES;
				CODE_SIGN_IDENTITY = "iPhone Distribution: No Plan B Productions (DYQN26F8U9)";
				"CODE_SIGN_IDENTITY[sdk=iphoneos*]" = "iPhone Distribution: No Plan B Productions (DYQN26F8U9)";
				COPY_PHASE_STRIP = YES;
				ENABLE_NS_ASSERTIONS = NO;
				GCC_C_LANGUAGE_STANDARD = gnu99;
				GCC_WARN_64_TO_32_BIT_CONVERSION = YES;
				GCC_WARN_ABOUT_RETURN_TYPE = YES_ERROR;
				GCC_WARN_UNDECLARED_SELECTOR = YES;
				GCC_WARN_UNINITIALIZED_AUTOS = YES_AGGRESSIVE;
				GCC_WARN_UNUSED_FUNCTION = YES;
				GCC_WARN_UNUSED_VARIABLE = YES;
				IPHONEOS_DEPLOYMENT_TARGET = 7.0;
				MOMC_NO_INVERSE_RELATIONSHIP_WARNINGS = NO;
				PROVISIONING_PROFILE = "9084bdc5-091b-443b-87a2-1a553d622dd2";
				SDKROOT = iphoneos;
				VALIDATE_PRODUCT = YES;
			};
			name = Release;
		};
		220E90581909A18C003C4F82 /* Debug */ = {
			isa = XCBuildConfiguration;
			baseConfigurationReference = 7716E91C15B9FF656396DC61 /* Pods.debug.xcconfig */;
			buildSettings = {
				ASSETCATALOG_COMPILER_APPICON_NAME = AppIcon;
				ASSETCATALOG_COMPILER_LAUNCHIMAGE_NAME = LaunchImageFinal;
				CODE_SIGN_ENTITLEMENTS = Zazo.entitlements;
				CODE_SIGN_IDENTITY = "iPhone Developer";
				"CODE_SIGN_IDENTITY[sdk=iphoneos*]" = "iPhone Developer";
				GCC_PRECOMPILE_PREFIX_HEADER = YES;
				GCC_PREFIX_HEADER = "tbm/Zazo-Prefix.pch";
				INFOPLIST_FILE = "tbm/Zazo-Info.plist";
				IPHONEOS_DEPLOYMENT_TARGET = 7.0;
				MOMC_NO_INVERSE_RELATIONSHIP_WARNINGS = NO;
				PRODUCT_NAME = Zazo;
				PROVISIONING_PROFILE = "";
				TARGETED_DEVICE_FAMILY = "1,2";
				USER_HEADER_SEARCH_PATHS = "\"${PROJECT_DIR}/Pods\"/**";
				VERSIONING_SYSTEM = "apple-generic";
				WRAPPER_EXTENSION = app;
			};
			name = Debug;
		};
		220E90591909A18C003C4F82 /* Release */ = {
			isa = XCBuildConfiguration;
			baseConfigurationReference = 074DBFEFF2D176488120A3DB /* Pods.release.xcconfig */;
			buildSettings = {
				ASSETCATALOG_COMPILER_APPICON_NAME = AppIcon;
				ASSETCATALOG_COMPILER_LAUNCHIMAGE_NAME = LaunchImageFinal;
				CODE_SIGN_ENTITLEMENTS = Zazo.entitlements;
				CODE_SIGN_IDENTITY = "iPhone Distribution: No Plan B Productions (DYQN26F8U9)";
				"CODE_SIGN_IDENTITY[sdk=iphoneos*]" = "iPhone Distribution: No Plan B Productions (DYQN26F8U9)";
				GCC_PRECOMPILE_PREFIX_HEADER = YES;
				GCC_PREFIX_HEADER = "tbm/Zazo-Prefix.pch";
				INFOPLIST_FILE = "tbm/Zazo-Info.plist";
				IPHONEOS_DEPLOYMENT_TARGET = 7.0;
				MOMC_NO_INVERSE_RELATIONSHIP_WARNINGS = NO;
				PRODUCT_NAME = Zazo;
				PROVISIONING_PROFILE = "43760edb-a1af-458e-89db-254b87be74d0";
				TARGETED_DEVICE_FAMILY = "1,2";
				USER_HEADER_SEARCH_PATHS = "\"${PROJECT_DIR}/Pods\"/**";
				VERSIONING_SYSTEM = "apple-generic";
				WRAPPER_EXTENSION = app;
			};
			name = Release;
		};
		220E905B1909A18C003C4F82 /* Debug */ = {
			isa = XCBuildConfiguration;
			baseConfigurationReference = 7716E91C15B9FF656396DC61 /* Pods.debug.xcconfig */;
			buildSettings = {
				BUNDLE_LOADER = "$(TEST_HOST)";
				CODE_SIGN_IDENTITY = "iPhone Developer";
				"CODE_SIGN_IDENTITY[sdk=iphoneos*]" = "iPhone Developer";
				FRAMEWORK_SEARCH_PATHS = (
					"$(SDKROOT)/Developer/Library/Frameworks",
					"$(inherited)",
					"$(DEVELOPER_FRAMEWORKS_DIR)",
				);
				GCC_PRECOMPILE_PREFIX_HEADER = YES;
				GCC_PREFIX_HEADER = "tbm/Zazo-Prefix.pch";
				GCC_PREPROCESSOR_DEFINITIONS = (
					"DEBUG=1",
					"$(inherited)",
				);
				INFOPLIST_FILE = "tbmTests/ZazoTests-Info.plist";
				PRODUCT_NAME = ZazoTests;
				PROVISIONING_PROFILE = "";
				TEST_HOST = "$(BUILT_PRODUCTS_DIR)/Zazo.app/Zazo";
				WRAPPER_EXTENSION = xctest;
			};
			name = Debug;
		};
		220E905C1909A18C003C4F82 /* Release */ = {
			isa = XCBuildConfiguration;
			baseConfigurationReference = 7716E91C15B9FF656396DC61 /* Pods.debug.xcconfig */;
			buildSettings = {
				BUNDLE_LOADER = "$(TEST_HOST)";
				CODE_SIGN_IDENTITY = "iPhone Developer";
				"CODE_SIGN_IDENTITY[sdk=iphoneos*]" = "iPhone Developer";
				FRAMEWORK_SEARCH_PATHS = (
					"$(SDKROOT)/Developer/Library/Frameworks",
					"$(inherited)",
					"$(DEVELOPER_FRAMEWORKS_DIR)",
				);
				GCC_PRECOMPILE_PREFIX_HEADER = YES;
				GCC_PREFIX_HEADER = "tbm/Zazo-Prefix.pch";
				INFOPLIST_FILE = "tbmTests/ZazoTests-Info.plist";
				PRODUCT_NAME = ZazoTests;
				PROVISIONING_PROFILE = "";
				TEST_HOST = "$(BUILT_PRODUCTS_DIR)/Zazo.app/Zazo";
				WRAPPER_EXTENSION = xctest;
			};
			name = Release;
		};
/* End XCBuildConfiguration section */

/* Begin XCConfigurationList section */
		220E90201909A18B003C4F82 /* Build configuration list for PBXProject "Zazo" */ = {
			isa = XCConfigurationList;
			buildConfigurations = (
				220E90551909A18C003C4F82 /* Debug */,
				220E90561909A18C003C4F82 /* Release */,
			);
			defaultConfigurationIsVisible = 0;
			defaultConfigurationName = Release;
		};
		220E90571909A18C003C4F82 /* Build configuration list for PBXNativeTarget "Zazo" */ = {
			isa = XCConfigurationList;
			buildConfigurations = (
				220E90581909A18C003C4F82 /* Debug */,
				220E90591909A18C003C4F82 /* Release */,
			);
			defaultConfigurationIsVisible = 0;
			defaultConfigurationName = Release;
		};
		220E905A1909A18C003C4F82 /* Build configuration list for PBXNativeTarget "ZazoTests" */ = {
			isa = XCConfigurationList;
			buildConfigurations = (
				220E905B1909A18C003C4F82 /* Debug */,
				220E905C1909A18C003C4F82 /* Release */,
			);
			defaultConfigurationIsVisible = 0;
			defaultConfigurationName = Release;
		};
/* End XCConfigurationList section */

/* Begin XCVersionGroup section */
		220E903C1909A18B003C4F82 /* tbm.xcdatamodeld */ = {
			isa = XCVersionGroup;
			children = (
				220E903D1909A18B003C4F82 /* tbm.xcdatamodel */,
			);
			currentVersion = 220E903D1909A18B003C4F82 /* tbm.xcdatamodel */;
			path = tbm.xcdatamodeld;
			sourceTree = "<group>";
			versionGroupType = wrapper.xcdatamodel;
		};
/* End XCVersionGroup section */
	};
	rootObject = 220E901D1909A18B003C4F82 /* Project object */;
}
